
Microsoft Visual Studio Solution File, Format Version 12.00
# Visual Studio Version 17
VisualStudioVersion = 17.11.35005.142
MinimumVisualStudioVersion = 10.0.40219.1
Project("{9A19103F-16F7-4668-BE54-9A1E7A4F7556}") = "EasyITCenter", "EASY-IT-CENTER-SERVER\EasyITCenter.csproj", "{F8A7B245-3301-42B0-B3E8-ECE115961DE4}"
EndProject
Project("{FAE04EC0-301F-11D3-BF4B-00C04F79EFBC}") = "EasyITSystemCenter", "EASY-IT-CENTER-SYSTEM\EasyITSystemCenter.csproj", "{7F787428-6D63-4AEC-BC79-DD3AAD96CE87}"
EndProject
Project("{2150E333-8FDC-42A3-9474-1A3956D46DE8}") = "EASYTOOLS", "EASYTOOLS", "{9DABA8AA-E608-410E-8859-02437A6E9F83}"
EndProject
Project("{FAE04EC0-301F-11D3-BF4B-00C04F79EFBC}") = "EASYTools.HighlightTextBox", "EASY-TOOLS\EASYTool.HighlightTextBox\EASYTools.HighlightTextBox.csproj", "{D69325FA-A62E-45F4-9E6C-E27C33552522}"
EndProject
Project("{9A19103F-16F7-4668-BE54-9A1E7A4F7556}") = "EASYTools.AvalonEditB", "EASY-TOOLS\EASYTools.AvalonEditB\EASYTools.AvalonEditB.csproj", "{E4E32A2C-1202-4738-B94E-A2EC51B32013}"
EndProject
Project("{FAE04EC0-301F-11D3-BF4B-00C04F79EFBC}") = "EASYTools.Calendar", "EASY-TOOLS\EASYTools.Calendar\EASYTools.Calendar.csproj", "{31C3B4A7-504B-4EFF-BACC-C8F2FFE5AF6F}"
EndProject
Project("{FAE04EC0-301F-11D3-BF4B-00C04F79EFBC}") = "EASYTools.CrashReporter", "EASY-TOOLS\EASYTools.CrashReporter\EASYTools.CrashReporter.csproj", "{7696262E-45FC-4F68-A65E-468CD988CBC2}"
EndProject
Project("{9A19103F-16F7-4668-BE54-9A1E7A4F7556}") = "EASYTools.GetIPOwnerInfoTool", "EASY-TOOLS\EASYTools.GetIPOwnerInfoTool\EASYTools.GetIPOwnerInfoTool.csproj", "{3FE30006-70A8-4FBF-91AA-C43D64AC76A7}"
EndProject
Project("{FAE04EC0-301F-11D3-BF4B-00C04F79EFBC}") = "EASYTools.HTMLEditorNoImg", "EASY-TOOLS\EASYTools.HTMLEditorNoImg\EASYTools.HTMLEditorNoImg.csproj", "{78147C43-DB7B-4571-BC7A-E7F0075B4B78}"
EndProject
Project("{FAE04EC0-301F-11D3-BF4B-00C04F79EFBC}") = "EASYTools.HTMLFullEditor", "EASY-TOOLS\EASYTools.HTMLFullEditor\EASYTools.HTMLFullEditor\EASYTools.HTMLFullEditor.csproj", "{04009E2D-9E54-423F-B6F0-62E15F1C8AE8}"
EndProject
Project("{FAE04EC0-301F-11D3-BF4B-00C04F79EFBC}") = "EASYTools.HTMLFullEditor.Locale.Default", "EASY-TOOLS\EASYTools.HTMLFullEditor\EASYTools.HTMLFullEditor.Locale.Default\EASYTools.HTMLFullEditor.Locale.Default.csproj", "{CC1FF81E-F694-4B1B-9E04-3DEB2DE00B6A}"
EndProject
Project("{FAE04EC0-301F-11D3-BF4B-00C04F79EFBC}") = "EASYTools.HTMLFullEditor.Locale.Override", "EASY-TOOLS\EASYTools.HTMLFullEditor\EASYTools.HTMLFullEditor.Locale.Override\EASYTools.HTMLFullEditor.Locale.Override.csproj", "{0E9B62BC-442C-440A-86A8-B9F2ECE40209}"
EndProject
Project("{9A19103F-16F7-4668-BE54-9A1E7A4F7556}") = "EASYTools.ImageEffectLibrary", "EASY-TOOLS\EASYTools.ImageEffectLibrary\EASYTools.ImageEffectLibrary.csproj", "{FD6A1861-9CBB-4D5E-83AC-4134292C4794}"
EndProject
Project("{FAE04EC0-301F-11D3-BF4B-00C04F79EFBC}") = "EASYTools.MarkdownToFlow", "EASY-TOOLS\EASYTools.MarkdownToFlow\EASYTools.MarkdownToFlow.csproj", "{34186C3B-C308-4CAE-B462-DB7B5F5E378C}"
EndProject
Project("{FAE04EC0-301F-11D3-BF4B-00C04F79EFBC}") = "EASYTools.MarkdownToHtml", "EASY-TOOLS\EASYTools.MarkdownToHtml\EASYTools.MarkdownToHtml.csproj", "{37619116-CCE8-465A-8B1F-081CA53364BB}"
EndProject
Project("{9A19103F-16F7-4668-BE54-9A1E7A4F7556}") = "EASYTools.ReplaceInFilesTool", "EASY-TOOLS\EASYTools.ReplaceInFiles\EASYTools.ReplaceInFilesTool.csproj", "{CA3F60B2-45DD-4B74-8328-A33D4BBABF58}"
EndProject
Project("{FAE04EC0-301F-11D3-BF4B-00C04F79EFBC}") = "EASYTools.SqlConnectionDialog", "EASY-TOOLS\EASYTools.SqlConnectionDialog\EASYTools.SqlConnectionDialog.csproj", "{EC61D2C4-7EAB-474F-9C4F-D93DE57A64F1}"
EndProject
Project("{FAE04EC0-301F-11D3-BF4B-00C04F79EFBC}") = "EASYTools.TouchKeyboard", "EASY-TOOLS\EASYTools.TouchKeyboard\EASYTools.TouchKeyboard.csproj", "{0784CDC9-0F52-4B8B-9488-6589C11E94E2}"
EndProject
Project("{FAE04EC0-301F-11D3-BF4B-00C04F79EFBC}") = "EASYTools.VNCClient", "EASY-TOOLS\EASYTools.VNCClient\EASYTools.VNCClient.csproj", "{A166674C-7FBA-43CC-BE79-70A2650647FF}"
EndProject
Project("{FAE04EC0-301F-11D3-BF4B-00C04F79EFBC}") = "EASYTools.VNCLib", "EASY-TOOLS\EASYTools.VNCLib\EASYTools.VNCLib.csproj", "{77B5CB63-E14B-4253-881D-6BE9D7C57076}"
EndProject
Project("{2150E333-8FDC-42A3-9474-1A3956D46DE8}") = "EASYADDONS", "EASYADDONS", "{019C3A90-A480-4C53-AF00-179DB0D679C4}"
EndProject
Project("{9A19103F-16F7-4668-BE54-9A1E7A4F7556}") = "MonacoProvider", "EASY-ADDONS\Module\MonacoProvider\MonacoProvider.csproj", "{B77442D0-D88D-48C9-985A-1022C1A5A03F}"
EndProject
Project("{9A19103F-16F7-4668-BE54-9A1E7A4F7556}") = "LicenseVerify", "EASY-ADDONS\Module\LicenseVerify\LicenseVerify.csproj", "{B1907FFC-EAD6-475C-B0C7-7DA339AD5AF1}"
EndProject
Project("{9A19103F-16F7-4668-BE54-9A1E7A4F7556}") = "LicenseGenerator", "EASY-ADDONS\Module\LicenseGenerator\LicenseGenerator.csproj", "{4E001669-B842-4957-83CC-1A90A48D343B}"
EndProject
Project("{9A19103F-16F7-4668-BE54-9A1E7A4F7556}") = "DBEntitySchema", "EASY-ADDONS\Module\DBEntitySchema\DBEntitySchema.csproj", "{76EBAD31-5ABD-425C-866E-E4BE8C158576}"
EndProject
Project("{9A19103F-16F7-4668-BE54-9A1E7A4F7556}") = "EasyLocalGit", "EASY-ADDONS\Server\EasyLocalGit\EasyLocalGit.csproj", "{A4CA1767-AAE0-416B-B0B9-6C1E448A1305}"
EndProject
Project("{9A19103F-16F7-4668-BE54-9A1E7A4F7556}") = "EasyProjectMan", "EASY-ADDONS\Server\EasyProjectMan\EasyProjectMan.csproj", "{4890E785-5645-4794-BC0F-71012F666CE0}"
EndProject
Global
	GlobalSection(SolutionConfigurationPlatforms) = preSolution
		Analysis|Any CPU = Analysis|Any CPU
		Analysis|x64 = Analysis|x64
		Analysis|x86 = Analysis|x86
		Debug|Any CPU = Debug|Any CPU
		Debug|x64 = Debug|x64
		Debug|x86 = Debug|x86
		Release|Any CPU = Release|Any CPU
		Release|x64 = Release|x64
		Release|x86 = Release|x86
	EndGlobalSection
	GlobalSection(ProjectConfigurationPlatforms) = postSolution
		{F8A7B245-3301-42B0-B3E8-ECE115961DE4}.Analysis|Any CPU.ActiveCfg = Debug|Any CPU
		{F8A7B245-3301-42B0-B3E8-ECE115961DE4}.Analysis|Any CPU.Build.0 = Debug|Any CPU
		{F8A7B245-3301-42B0-B3E8-ECE115961DE4}.Analysis|x64.ActiveCfg = Debug|x64
		{F8A7B245-3301-42B0-B3E8-ECE115961DE4}.Analysis|x64.Build.0 = Debug|x64
		{F8A7B245-3301-42B0-B3E8-ECE115961DE4}.Analysis|x86.ActiveCfg = Debug|x86
		{F8A7B245-3301-42B0-B3E8-ECE115961DE4}.Analysis|x86.Build.0 = Debug|x86
		{F8A7B245-3301-42B0-B3E8-ECE115961DE4}.Debug|Any CPU.ActiveCfg = Debug|Any CPU
		{F8A7B245-3301-42B0-B3E8-ECE115961DE4}.Debug|Any CPU.Build.0 = Debug|Any CPU
		{F8A7B245-3301-42B0-B3E8-ECE115961DE4}.Debug|x64.ActiveCfg = Debug|x64
		{F8A7B245-3301-42B0-B3E8-ECE115961DE4}.Debug|x64.Build.0 = Debug|x64
		{F8A7B245-3301-42B0-B3E8-ECE115961DE4}.Debug|x86.ActiveCfg = Debug|x86
		{F8A7B245-3301-42B0-B3E8-ECE115961DE4}.Debug|x86.Build.0 = Debug|x86
		{F8A7B245-3301-42B0-B3E8-ECE115961DE4}.Release|Any CPU.ActiveCfg = Release|Any CPU
		{F8A7B245-3301-42B0-B3E8-ECE115961DE4}.Release|Any CPU.Build.0 = Release|Any CPU
		{F8A7B245-3301-42B0-B3E8-ECE115961DE4}.Release|x64.ActiveCfg = Release|x64
		{F8A7B245-3301-42B0-B3E8-ECE115961DE4}.Release|x64.Build.0 = Release|x64
		{F8A7B245-3301-42B0-B3E8-ECE115961DE4}.Release|x86.ActiveCfg = Release|x86
		{F8A7B245-3301-42B0-B3E8-ECE115961DE4}.Release|x86.Build.0 = Release|x86
		{7F787428-6D63-4AEC-BC79-DD3AAD96CE87}.Analysis|Any CPU.ActiveCfg = Release|Any CPU
		{7F787428-6D63-4AEC-BC79-DD3AAD96CE87}.Analysis|Any CPU.Build.0 = Release|Any CPU
		{7F787428-6D63-4AEC-BC79-DD3AAD96CE87}.Analysis|x64.ActiveCfg = Release|Any CPU
		{7F787428-6D63-4AEC-BC79-DD3AAD96CE87}.Analysis|x64.Build.0 = Release|Any CPU
		{7F787428-6D63-4AEC-BC79-DD3AAD96CE87}.Analysis|x86.ActiveCfg = Release|Any CPU
		{7F787428-6D63-4AEC-BC79-DD3AAD96CE87}.Analysis|x86.Build.0 = Release|Any CPU
		{7F787428-6D63-4AEC-BC79-DD3AAD96CE87}.Debug|Any CPU.ActiveCfg = Debug|Any CPU
		{7F787428-6D63-4AEC-BC79-DD3AAD96CE87}.Debug|Any CPU.Build.0 = Debug|Any CPU
		{7F787428-6D63-4AEC-BC79-DD3AAD96CE87}.Debug|x64.ActiveCfg = Debug|Any CPU
		{7F787428-6D63-4AEC-BC79-DD3AAD96CE87}.Debug|x64.Build.0 = Debug|Any CPU
		{7F787428-6D63-4AEC-BC79-DD3AAD96CE87}.Debug|x86.ActiveCfg = Debug|Any CPU
		{7F787428-6D63-4AEC-BC79-DD3AAD96CE87}.Debug|x86.Build.0 = Debug|Any CPU
		{7F787428-6D63-4AEC-BC79-DD3AAD96CE87}.Release|Any CPU.ActiveCfg = Release|Any CPU
		{7F787428-6D63-4AEC-BC79-DD3AAD96CE87}.Release|Any CPU.Build.0 = Release|Any CPU
		{7F787428-6D63-4AEC-BC79-DD3AAD96CE87}.Release|x64.ActiveCfg = Release|Any CPU
		{7F787428-6D63-4AEC-BC79-DD3AAD96CE87}.Release|x64.Build.0 = Release|Any CPU
		{7F787428-6D63-4AEC-BC79-DD3AAD96CE87}.Release|x86.ActiveCfg = Release|Any CPU
		{7F787428-6D63-4AEC-BC79-DD3AAD96CE87}.Release|x86.Build.0 = Release|Any CPU
		{D69325FA-A62E-45F4-9E6C-E27C33552522}.Analysis|Any CPU.ActiveCfg = Debug|Any CPU
		{D69325FA-A62E-45F4-9E6C-E27C33552522}.Analysis|Any CPU.Build.0 = Debug|Any CPU
		{D69325FA-A62E-45F4-9E6C-E27C33552522}.Analysis|x64.ActiveCfg = Debug|Any CPU
		{D69325FA-A62E-45F4-9E6C-E27C33552522}.Analysis|x64.Build.0 = Debug|Any CPU
		{D69325FA-A62E-45F4-9E6C-E27C33552522}.Analysis|x86.ActiveCfg = Debug|Any CPU
		{D69325FA-A62E-45F4-9E6C-E27C33552522}.Analysis|x86.Build.0 = Debug|Any CPU
		{D69325FA-A62E-45F4-9E6C-E27C33552522}.Debug|Any CPU.ActiveCfg = Debug|Any CPU
		{D69325FA-A62E-45F4-9E6C-E27C33552522}.Debug|Any CPU.Build.0 = Debug|Any CPU
		{D69325FA-A62E-45F4-9E6C-E27C33552522}.Debug|x64.ActiveCfg = Debug|Any CPU
		{D69325FA-A62E-45F4-9E6C-E27C33552522}.Debug|x64.Build.0 = Debug|Any CPU
		{D69325FA-A62E-45F4-9E6C-E27C33552522}.Debug|x86.ActiveCfg = Debug|Any CPU
		{D69325FA-A62E-45F4-9E6C-E27C33552522}.Debug|x86.Build.0 = Debug|Any CPU
		{D69325FA-A62E-45F4-9E6C-E27C33552522}.Release|Any CPU.ActiveCfg = Release|Any CPU
		{D69325FA-A62E-45F4-9E6C-E27C33552522}.Release|Any CPU.Build.0 = Release|Any CPU
		{D69325FA-A62E-45F4-9E6C-E27C33552522}.Release|x64.ActiveCfg = Release|Any CPU
		{D69325FA-A62E-45F4-9E6C-E27C33552522}.Release|x64.Build.0 = Release|Any CPU
		{D69325FA-A62E-45F4-9E6C-E27C33552522}.Release|x86.ActiveCfg = Release|Any CPU
		{D69325FA-A62E-45F4-9E6C-E27C33552522}.Release|x86.Build.0 = Release|Any CPU
		{E4E32A2C-1202-4738-B94E-A2EC51B32013}.Analysis|Any CPU.ActiveCfg = Debug|Any CPU
		{E4E32A2C-1202-4738-B94E-A2EC51B32013}.Analysis|Any CPU.Build.0 = Debug|Any CPU
		{E4E32A2C-1202-4738-B94E-A2EC51B32013}.Analysis|x64.ActiveCfg = Debug|Any CPU
		{E4E32A2C-1202-4738-B94E-A2EC51B32013}.Analysis|x64.Build.0 = Debug|Any CPU
		{E4E32A2C-1202-4738-B94E-A2EC51B32013}.Analysis|x86.ActiveCfg = Debug|Any CPU
		{E4E32A2C-1202-4738-B94E-A2EC51B32013}.Analysis|x86.Build.0 = Debug|Any CPU
		{E4E32A2C-1202-4738-B94E-A2EC51B32013}.Debug|Any CPU.ActiveCfg = Debug|Any CPU
		{E4E32A2C-1202-4738-B94E-A2EC51B32013}.Debug|Any CPU.Build.0 = Debug|Any CPU
		{E4E32A2C-1202-4738-B94E-A2EC51B32013}.Debug|x64.ActiveCfg = Debug|Any CPU
		{E4E32A2C-1202-4738-B94E-A2EC51B32013}.Debug|x64.Build.0 = Debug|Any CPU
		{E4E32A2C-1202-4738-B94E-A2EC51B32013}.Debug|x86.ActiveCfg = Debug|Any CPU
		{E4E32A2C-1202-4738-B94E-A2EC51B32013}.Debug|x86.Build.0 = Debug|Any CPU
		{E4E32A2C-1202-4738-B94E-A2EC51B32013}.Release|Any CPU.ActiveCfg = Release|Any CPU
		{E4E32A2C-1202-4738-B94E-A2EC51B32013}.Release|Any CPU.Build.0 = Release|Any CPU
		{E4E32A2C-1202-4738-B94E-A2EC51B32013}.Release|x64.ActiveCfg = Release|Any CPU
		{E4E32A2C-1202-4738-B94E-A2EC51B32013}.Release|x64.Build.0 = Release|Any CPU
		{E4E32A2C-1202-4738-B94E-A2EC51B32013}.Release|x86.ActiveCfg = Release|Any CPU
		{E4E32A2C-1202-4738-B94E-A2EC51B32013}.Release|x86.Build.0 = Release|Any CPU
		{31C3B4A7-504B-4EFF-BACC-C8F2FFE5AF6F}.Analysis|Any CPU.ActiveCfg = Debug|Any CPU
		{31C3B4A7-504B-4EFF-BACC-C8F2FFE5AF6F}.Analysis|Any CPU.Build.0 = Debug|Any CPU
		{31C3B4A7-504B-4EFF-BACC-C8F2FFE5AF6F}.Analysis|x64.ActiveCfg = Debug|Any CPU
		{31C3B4A7-504B-4EFF-BACC-C8F2FFE5AF6F}.Analysis|x64.Build.0 = Debug|Any CPU
		{31C3B4A7-504B-4EFF-BACC-C8F2FFE5AF6F}.Analysis|x86.ActiveCfg = Debug|Any CPU
		{31C3B4A7-504B-4EFF-BACC-C8F2FFE5AF6F}.Analysis|x86.Build.0 = Debug|Any CPU
		{31C3B4A7-504B-4EFF-BACC-C8F2FFE5AF6F}.Debug|Any CPU.ActiveCfg = Debug|Any CPU
		{31C3B4A7-504B-4EFF-BACC-C8F2FFE5AF6F}.Debug|Any CPU.Build.0 = Debug|Any CPU
		{31C3B4A7-504B-4EFF-BACC-C8F2FFE5AF6F}.Debug|x64.ActiveCfg = Debug|Any CPU
		{31C3B4A7-504B-4EFF-BACC-C8F2FFE5AF6F}.Debug|x64.Build.0 = Debug|Any CPU
		{31C3B4A7-504B-4EFF-BACC-C8F2FFE5AF6F}.Debug|x86.ActiveCfg = Debug|Any CPU
		{31C3B4A7-504B-4EFF-BACC-C8F2FFE5AF6F}.Debug|x86.Build.0 = Debug|Any CPU
		{31C3B4A7-504B-4EFF-BACC-C8F2FFE5AF6F}.Release|Any CPU.ActiveCfg = Release|Any CPU
		{31C3B4A7-504B-4EFF-BACC-C8F2FFE5AF6F}.Release|Any CPU.Build.0 = Release|Any CPU
		{31C3B4A7-504B-4EFF-BACC-C8F2FFE5AF6F}.Release|x64.ActiveCfg = Release|Any CPU
		{31C3B4A7-504B-4EFF-BACC-C8F2FFE5AF6F}.Release|x64.Build.0 = Release|Any CPU
		{31C3B4A7-504B-4EFF-BACC-C8F2FFE5AF6F}.Release|x86.ActiveCfg = Release|Any CPU
		{31C3B4A7-504B-4EFF-BACC-C8F2FFE5AF6F}.Release|x86.Build.0 = Release|Any CPU
		{7696262E-45FC-4F68-A65E-468CD988CBC2}.Analysis|Any CPU.ActiveCfg = Debug|Any CPU
		{7696262E-45FC-4F68-A65E-468CD988CBC2}.Analysis|Any CPU.Build.0 = Debug|Any CPU
		{7696262E-45FC-4F68-A65E-468CD988CBC2}.Analysis|x64.ActiveCfg = Debug|Any CPU
		{7696262E-45FC-4F68-A65E-468CD988CBC2}.Analysis|x64.Build.0 = Debug|Any CPU
		{7696262E-45FC-4F68-A65E-468CD988CBC2}.Analysis|x86.ActiveCfg = Debug|Any CPU
		{7696262E-45FC-4F68-A65E-468CD988CBC2}.Analysis|x86.Build.0 = Debug|Any CPU
		{7696262E-45FC-4F68-A65E-468CD988CBC2}.Debug|Any CPU.ActiveCfg = Debug|Any CPU
		{7696262E-45FC-4F68-A65E-468CD988CBC2}.Debug|Any CPU.Build.0 = Debug|Any CPU
		{7696262E-45FC-4F68-A65E-468CD988CBC2}.Debug|x64.ActiveCfg = Debug|Any CPU
		{7696262E-45FC-4F68-A65E-468CD988CBC2}.Debug|x64.Build.0 = Debug|Any CPU
		{7696262E-45FC-4F68-A65E-468CD988CBC2}.Debug|x86.ActiveCfg = Debug|Any CPU
		{7696262E-45FC-4F68-A65E-468CD988CBC2}.Debug|x86.Build.0 = Debug|Any CPU
		{7696262E-45FC-4F68-A65E-468CD988CBC2}.Release|Any CPU.ActiveCfg = Release|Any CPU
		{7696262E-45FC-4F68-A65E-468CD988CBC2}.Release|Any CPU.Build.0 = Release|Any CPU
		{7696262E-45FC-4F68-A65E-468CD988CBC2}.Release|x64.ActiveCfg = Release|Any CPU
		{7696262E-45FC-4F68-A65E-468CD988CBC2}.Release|x64.Build.0 = Release|Any CPU
		{7696262E-45FC-4F68-A65E-468CD988CBC2}.Release|x86.ActiveCfg = Release|Any CPU
		{7696262E-45FC-4F68-A65E-468CD988CBC2}.Release|x86.Build.0 = Release|Any CPU
		{3FE30006-70A8-4FBF-91AA-C43D64AC76A7}.Analysis|Any CPU.ActiveCfg = Debug|Any CPU
		{3FE30006-70A8-4FBF-91AA-C43D64AC76A7}.Analysis|Any CPU.Build.0 = Debug|Any CPU
		{3FE30006-70A8-4FBF-91AA-C43D64AC76A7}.Analysis|x64.ActiveCfg = Debug|Any CPU
		{3FE30006-70A8-4FBF-91AA-C43D64AC76A7}.Analysis|x64.Build.0 = Debug|Any CPU
		{3FE30006-70A8-4FBF-91AA-C43D64AC76A7}.Analysis|x86.ActiveCfg = Debug|Any CPU
		{3FE30006-70A8-4FBF-91AA-C43D64AC76A7}.Analysis|x86.Build.0 = Debug|Any CPU
		{3FE30006-70A8-4FBF-91AA-C43D64AC76A7}.Debug|Any CPU.ActiveCfg = Debug|Any CPU
		{3FE30006-70A8-4FBF-91AA-C43D64AC76A7}.Debug|Any CPU.Build.0 = Debug|Any CPU
		{3FE30006-70A8-4FBF-91AA-C43D64AC76A7}.Debug|x64.ActiveCfg = Debug|Any CPU
		{3FE30006-70A8-4FBF-91AA-C43D64AC76A7}.Debug|x64.Build.0 = Debug|Any CPU
		{3FE30006-70A8-4FBF-91AA-C43D64AC76A7}.Debug|x86.ActiveCfg = Debug|Any CPU
		{3FE30006-70A8-4FBF-91AA-C43D64AC76A7}.Debug|x86.Build.0 = Debug|Any CPU
		{3FE30006-70A8-4FBF-91AA-C43D64AC76A7}.Release|Any CPU.ActiveCfg = Release|Any CPU
		{3FE30006-70A8-4FBF-91AA-C43D64AC76A7}.Release|Any CPU.Build.0 = Release|Any CPU
		{3FE30006-70A8-4FBF-91AA-C43D64AC76A7}.Release|x64.ActiveCfg = Release|Any CPU
		{3FE30006-70A8-4FBF-91AA-C43D64AC76A7}.Release|x64.Build.0 = Release|Any CPU
		{3FE30006-70A8-4FBF-91AA-C43D64AC76A7}.Release|x86.ActiveCfg = Release|Any CPU
		{3FE30006-70A8-4FBF-91AA-C43D64AC76A7}.Release|x86.Build.0 = Release|Any CPU
		{78147C43-DB7B-4571-BC7A-E7F0075B4B78}.Analysis|Any CPU.ActiveCfg = Debug|Any CPU
		{78147C43-DB7B-4571-BC7A-E7F0075B4B78}.Analysis|Any CPU.Build.0 = Debug|Any CPU
		{78147C43-DB7B-4571-BC7A-E7F0075B4B78}.Analysis|x64.ActiveCfg = Debug|Any CPU
		{78147C43-DB7B-4571-BC7A-E7F0075B4B78}.Analysis|x64.Build.0 = Debug|Any CPU
		{78147C43-DB7B-4571-BC7A-E7F0075B4B78}.Analysis|x86.ActiveCfg = Debug|Any CPU
		{78147C43-DB7B-4571-BC7A-E7F0075B4B78}.Analysis|x86.Build.0 = Debug|Any CPU
		{78147C43-DB7B-4571-BC7A-E7F0075B4B78}.Debug|Any CPU.ActiveCfg = Debug|Any CPU
		{78147C43-DB7B-4571-BC7A-E7F0075B4B78}.Debug|Any CPU.Build.0 = Debug|Any CPU
		{78147C43-DB7B-4571-BC7A-E7F0075B4B78}.Debug|x64.ActiveCfg = Debug|Any CPU
		{78147C43-DB7B-4571-BC7A-E7F0075B4B78}.Debug|x64.Build.0 = Debug|Any CPU
		{78147C43-DB7B-4571-BC7A-E7F0075B4B78}.Debug|x86.ActiveCfg = Debug|Any CPU
		{78147C43-DB7B-4571-BC7A-E7F0075B4B78}.Debug|x86.Build.0 = Debug|Any CPU
		{78147C43-DB7B-4571-BC7A-E7F0075B4B78}.Release|Any CPU.ActiveCfg = Release|Any CPU
		{78147C43-DB7B-4571-BC7A-E7F0075B4B78}.Release|Any CPU.Build.0 = Release|Any CPU
		{78147C43-DB7B-4571-BC7A-E7F0075B4B78}.Release|x64.ActiveCfg = Release|Any CPU
		{78147C43-DB7B-4571-BC7A-E7F0075B4B78}.Release|x64.Build.0 = Release|Any CPU
		{78147C43-DB7B-4571-BC7A-E7F0075B4B78}.Release|x86.ActiveCfg = Release|Any CPU
		{78147C43-DB7B-4571-BC7A-E7F0075B4B78}.Release|x86.Build.0 = Release|Any CPU
		{04009E2D-9E54-423F-B6F0-62E15F1C8AE8}.Analysis|Any CPU.ActiveCfg = Debug|Any CPU
		{04009E2D-9E54-423F-B6F0-62E15F1C8AE8}.Analysis|Any CPU.Build.0 = Debug|Any CPU
		{04009E2D-9E54-423F-B6F0-62E15F1C8AE8}.Analysis|x64.ActiveCfg = Debug|Any CPU
		{04009E2D-9E54-423F-B6F0-62E15F1C8AE8}.Analysis|x64.Build.0 = Debug|Any CPU
		{04009E2D-9E54-423F-B6F0-62E15F1C8AE8}.Analysis|x86.ActiveCfg = Debug|Any CPU
		{04009E2D-9E54-423F-B6F0-62E15F1C8AE8}.Analysis|x86.Build.0 = Debug|Any CPU
		{04009E2D-9E54-423F-B6F0-62E15F1C8AE8}.Debug|Any CPU.ActiveCfg = Debug|Any CPU
		{04009E2D-9E54-423F-B6F0-62E15F1C8AE8}.Debug|Any CPU.Build.0 = Debug|Any CPU
		{04009E2D-9E54-423F-B6F0-62E15F1C8AE8}.Debug|x64.ActiveCfg = Debug|Any CPU
		{04009E2D-9E54-423F-B6F0-62E15F1C8AE8}.Debug|x64.Build.0 = Debug|Any CPU
		{04009E2D-9E54-423F-B6F0-62E15F1C8AE8}.Debug|x86.ActiveCfg = Debug|Any CPU
		{04009E2D-9E54-423F-B6F0-62E15F1C8AE8}.Debug|x86.Build.0 = Debug|Any CPU
		{04009E2D-9E54-423F-B6F0-62E15F1C8AE8}.Release|Any CPU.ActiveCfg = Release|Any CPU
		{04009E2D-9E54-423F-B6F0-62E15F1C8AE8}.Release|Any CPU.Build.0 = Release|Any CPU
		{04009E2D-9E54-423F-B6F0-62E15F1C8AE8}.Release|x64.ActiveCfg = Release|Any CPU
		{04009E2D-9E54-423F-B6F0-62E15F1C8AE8}.Release|x64.Build.0 = Release|Any CPU
		{04009E2D-9E54-423F-B6F0-62E15F1C8AE8}.Release|x86.ActiveCfg = Release|Any CPU
		{04009E2D-9E54-423F-B6F0-62E15F1C8AE8}.Release|x86.Build.0 = Release|Any CPU
		{CC1FF81E-F694-4B1B-9E04-3DEB2DE00B6A}.Analysis|Any CPU.ActiveCfg = Debug|Any CPU
		{CC1FF81E-F694-4B1B-9E04-3DEB2DE00B6A}.Analysis|Any CPU.Build.0 = Debug|Any CPU
		{CC1FF81E-F694-4B1B-9E04-3DEB2DE00B6A}.Analysis|x64.ActiveCfg = Debug|Any CPU
		{CC1FF81E-F694-4B1B-9E04-3DEB2DE00B6A}.Analysis|x64.Build.0 = Debug|Any CPU
		{CC1FF81E-F694-4B1B-9E04-3DEB2DE00B6A}.Analysis|x86.ActiveCfg = Debug|Any CPU
		{CC1FF81E-F694-4B1B-9E04-3DEB2DE00B6A}.Analysis|x86.Build.0 = Debug|Any CPU
		{CC1FF81E-F694-4B1B-9E04-3DEB2DE00B6A}.Debug|Any CPU.ActiveCfg = Debug|Any CPU
		{CC1FF81E-F694-4B1B-9E04-3DEB2DE00B6A}.Debug|Any CPU.Build.0 = Debug|Any CPU
		{CC1FF81E-F694-4B1B-9E04-3DEB2DE00B6A}.Debug|x64.ActiveCfg = Debug|Any CPU
		{CC1FF81E-F694-4B1B-9E04-3DEB2DE00B6A}.Debug|x64.Build.0 = Debug|Any CPU
		{CC1FF81E-F694-4B1B-9E04-3DEB2DE00B6A}.Debug|x86.ActiveCfg = Debug|Any CPU
		{CC1FF81E-F694-4B1B-9E04-3DEB2DE00B6A}.Debug|x86.Build.0 = Debug|Any CPU
		{CC1FF81E-F694-4B1B-9E04-3DEB2DE00B6A}.Release|Any CPU.ActiveCfg = Release|Any CPU
		{CC1FF81E-F694-4B1B-9E04-3DEB2DE00B6A}.Release|Any CPU.Build.0 = Release|Any CPU
		{CC1FF81E-F694-4B1B-9E04-3DEB2DE00B6A}.Release|x64.ActiveCfg = Release|Any CPU
		{CC1FF81E-F694-4B1B-9E04-3DEB2DE00B6A}.Release|x64.Build.0 = Release|Any CPU
		{CC1FF81E-F694-4B1B-9E04-3DEB2DE00B6A}.Release|x86.ActiveCfg = Release|Any CPU
		{CC1FF81E-F694-4B1B-9E04-3DEB2DE00B6A}.Release|x86.Build.0 = Release|Any CPU
		{0E9B62BC-442C-440A-86A8-B9F2ECE40209}.Analysis|Any CPU.ActiveCfg = Debug|Any CPU
		{0E9B62BC-442C-440A-86A8-B9F2ECE40209}.Analysis|Any CPU.Build.0 = Debug|Any CPU
		{0E9B62BC-442C-440A-86A8-B9F2ECE40209}.Analysis|x64.ActiveCfg = Debug|Any CPU
		{0E9B62BC-442C-440A-86A8-B9F2ECE40209}.Analysis|x64.Build.0 = Debug|Any CPU
		{0E9B62BC-442C-440A-86A8-B9F2ECE40209}.Analysis|x86.ActiveCfg = Debug|Any CPU
		{0E9B62BC-442C-440A-86A8-B9F2ECE40209}.Analysis|x86.Build.0 = Debug|Any CPU
		{0E9B62BC-442C-440A-86A8-B9F2ECE40209}.Debug|Any CPU.ActiveCfg = Debug|Any CPU
		{0E9B62BC-442C-440A-86A8-B9F2ECE40209}.Debug|Any CPU.Build.0 = Debug|Any CPU
		{0E9B62BC-442C-440A-86A8-B9F2ECE40209}.Debug|x64.ActiveCfg = Debug|Any CPU
		{0E9B62BC-442C-440A-86A8-B9F2ECE40209}.Debug|x64.Build.0 = Debug|Any CPU
		{0E9B62BC-442C-440A-86A8-B9F2ECE40209}.Debug|x86.ActiveCfg = Debug|Any CPU
		{0E9B62BC-442C-440A-86A8-B9F2ECE40209}.Debug|x86.Build.0 = Debug|Any CPU
		{0E9B62BC-442C-440A-86A8-B9F2ECE40209}.Release|Any CPU.ActiveCfg = Release|Any CPU
		{0E9B62BC-442C-440A-86A8-B9F2ECE40209}.Release|Any CPU.Build.0 = Release|Any CPU
		{0E9B62BC-442C-440A-86A8-B9F2ECE40209}.Release|x64.ActiveCfg = Release|Any CPU
		{0E9B62BC-442C-440A-86A8-B9F2ECE40209}.Release|x64.Build.0 = Release|Any CPU
		{0E9B62BC-442C-440A-86A8-B9F2ECE40209}.Release|x86.ActiveCfg = Release|Any CPU
		{0E9B62BC-442C-440A-86A8-B9F2ECE40209}.Release|x86.Build.0 = Release|Any CPU
		{FD6A1861-9CBB-4D5E-83AC-4134292C4794}.Analysis|Any CPU.ActiveCfg = Debug|Any CPU
		{FD6A1861-9CBB-4D5E-83AC-4134292C4794}.Analysis|Any CPU.Build.0 = Debug|Any CPU
		{FD6A1861-9CBB-4D5E-83AC-4134292C4794}.Analysis|x64.ActiveCfg = Debug|Any CPU
		{FD6A1861-9CBB-4D5E-83AC-4134292C4794}.Analysis|x64.Build.0 = Debug|Any CPU
		{FD6A1861-9CBB-4D5E-83AC-4134292C4794}.Analysis|x86.ActiveCfg = Debug|Any CPU
		{FD6A1861-9CBB-4D5E-83AC-4134292C4794}.Analysis|x86.Build.0 = Debug|Any CPU
		{FD6A1861-9CBB-4D5E-83AC-4134292C4794}.Debug|Any CPU.ActiveCfg = Debug|Any CPU
		{FD6A1861-9CBB-4D5E-83AC-4134292C4794}.Debug|Any CPU.Build.0 = Debug|Any CPU
		{FD6A1861-9CBB-4D5E-83AC-4134292C4794}.Debug|x64.ActiveCfg = Debug|Any CPU
		{FD6A1861-9CBB-4D5E-83AC-4134292C4794}.Debug|x64.Build.0 = Debug|Any CPU
		{FD6A1861-9CBB-4D5E-83AC-4134292C4794}.Debug|x86.ActiveCfg = Debug|Any CPU
		{FD6A1861-9CBB-4D5E-83AC-4134292C4794}.Debug|x86.Build.0 = Debug|Any CPU
		{FD6A1861-9CBB-4D5E-83AC-4134292C4794}.Release|Any CPU.ActiveCfg = Release|Any CPU
		{FD6A1861-9CBB-4D5E-83AC-4134292C4794}.Release|Any CPU.Build.0 = Release|Any CPU
		{FD6A1861-9CBB-4D5E-83AC-4134292C4794}.Release|x64.ActiveCfg = Release|Any CPU
		{FD6A1861-9CBB-4D5E-83AC-4134292C4794}.Release|x64.Build.0 = Release|Any CPU
		{FD6A1861-9CBB-4D5E-83AC-4134292C4794}.Release|x86.ActiveCfg = Release|Any CPU
		{FD6A1861-9CBB-4D5E-83AC-4134292C4794}.Release|x86.Build.0 = Release|Any CPU
		{34186C3B-C308-4CAE-B462-DB7B5F5E378C}.Analysis|Any CPU.ActiveCfg = Analysis|Any CPU
		{34186C3B-C308-4CAE-B462-DB7B5F5E378C}.Analysis|Any CPU.Build.0 = Analysis|Any CPU
		{34186C3B-C308-4CAE-B462-DB7B5F5E378C}.Analysis|x64.ActiveCfg = Analysis|Any CPU
		{34186C3B-C308-4CAE-B462-DB7B5F5E378C}.Analysis|x64.Build.0 = Analysis|Any CPU
		{34186C3B-C308-4CAE-B462-DB7B5F5E378C}.Analysis|x86.ActiveCfg = Analysis|Any CPU
		{34186C3B-C308-4CAE-B462-DB7B5F5E378C}.Analysis|x86.Build.0 = Analysis|Any CPU
		{34186C3B-C308-4CAE-B462-DB7B5F5E378C}.Debug|Any CPU.ActiveCfg = Debug|Any CPU
		{34186C3B-C308-4CAE-B462-DB7B5F5E378C}.Debug|Any CPU.Build.0 = Debug|Any CPU
		{34186C3B-C308-4CAE-B462-DB7B5F5E378C}.Debug|x64.ActiveCfg = Debug|Any CPU
		{34186C3B-C308-4CAE-B462-DB7B5F5E378C}.Debug|x64.Build.0 = Debug|Any CPU
		{34186C3B-C308-4CAE-B462-DB7B5F5E378C}.Debug|x86.ActiveCfg = Debug|Any CPU
		{34186C3B-C308-4CAE-B462-DB7B5F5E378C}.Debug|x86.Build.0 = Debug|Any CPU
		{34186C3B-C308-4CAE-B462-DB7B5F5E378C}.Release|Any CPU.ActiveCfg = Release|Any CPU
		{34186C3B-C308-4CAE-B462-DB7B5F5E378C}.Release|Any CPU.Build.0 = Release|Any CPU
		{34186C3B-C308-4CAE-B462-DB7B5F5E378C}.Release|x64.ActiveCfg = Release|Any CPU
		{34186C3B-C308-4CAE-B462-DB7B5F5E378C}.Release|x64.Build.0 = Release|Any CPU
		{34186C3B-C308-4CAE-B462-DB7B5F5E378C}.Release|x86.ActiveCfg = Release|Any CPU
		{34186C3B-C308-4CAE-B462-DB7B5F5E378C}.Release|x86.Build.0 = Release|Any CPU
		{37619116-CCE8-465A-8B1F-081CA53364BB}.Analysis|Any CPU.ActiveCfg = Debug|Any CPU
		{37619116-CCE8-465A-8B1F-081CA53364BB}.Analysis|Any CPU.Build.0 = Debug|Any CPU
		{37619116-CCE8-465A-8B1F-081CA53364BB}.Analysis|x64.ActiveCfg = Debug|Any CPU
		{37619116-CCE8-465A-8B1F-081CA53364BB}.Analysis|x64.Build.0 = Debug|Any CPU
		{37619116-CCE8-465A-8B1F-081CA53364BB}.Analysis|x86.ActiveCfg = Debug|Any CPU
		{37619116-CCE8-465A-8B1F-081CA53364BB}.Analysis|x86.Build.0 = Debug|Any CPU
		{37619116-CCE8-465A-8B1F-081CA53364BB}.Debug|Any CPU.ActiveCfg = Debug|Any CPU
		{37619116-CCE8-465A-8B1F-081CA53364BB}.Debug|Any CPU.Build.0 = Debug|Any CPU
		{37619116-CCE8-465A-8B1F-081CA53364BB}.Debug|x64.ActiveCfg = Debug|Any CPU
		{37619116-CCE8-465A-8B1F-081CA53364BB}.Debug|x64.Build.0 = Debug|Any CPU
		{37619116-CCE8-465A-8B1F-081CA53364BB}.Debug|x86.ActiveCfg = Debug|Any CPU
		{37619116-CCE8-465A-8B1F-081CA53364BB}.Debug|x86.Build.0 = Debug|Any CPU
		{37619116-CCE8-465A-8B1F-081CA53364BB}.Release|Any CPU.ActiveCfg = Release|Any CPU
		{37619116-CCE8-465A-8B1F-081CA53364BB}.Release|Any CPU.Build.0 = Release|Any CPU
		{37619116-CCE8-465A-8B1F-081CA53364BB}.Release|x64.ActiveCfg = Release|Any CPU
		{37619116-CCE8-465A-8B1F-081CA53364BB}.Release|x64.Build.0 = Release|Any CPU
		{37619116-CCE8-465A-8B1F-081CA53364BB}.Release|x86.ActiveCfg = Release|Any CPU
		{37619116-CCE8-465A-8B1F-081CA53364BB}.Release|x86.Build.0 = Release|Any CPU
		{CA3F60B2-45DD-4B74-8328-A33D4BBABF58}.Analysis|Any CPU.ActiveCfg = Debug|Any CPU
		{CA3F60B2-45DD-4B74-8328-A33D4BBABF58}.Analysis|Any CPU.Build.0 = Debug|Any CPU
		{CA3F60B2-45DD-4B74-8328-A33D4BBABF58}.Analysis|x64.ActiveCfg = Debug|Any CPU
		{CA3F60B2-45DD-4B74-8328-A33D4BBABF58}.Analysis|x64.Build.0 = Debug|Any CPU
		{CA3F60B2-45DD-4B74-8328-A33D4BBABF58}.Analysis|x86.ActiveCfg = Debug|Any CPU
		{CA3F60B2-45DD-4B74-8328-A33D4BBABF58}.Analysis|x86.Build.0 = Debug|Any CPU
		{CA3F60B2-45DD-4B74-8328-A33D4BBABF58}.Debug|Any CPU.ActiveCfg = Debug|Any CPU
		{CA3F60B2-45DD-4B74-8328-A33D4BBABF58}.Debug|Any CPU.Build.0 = Debug|Any CPU
		{CA3F60B2-45DD-4B74-8328-A33D4BBABF58}.Debug|x64.ActiveCfg = Debug|Any CPU
		{CA3F60B2-45DD-4B74-8328-A33D4BBABF58}.Debug|x64.Build.0 = Debug|Any CPU
		{CA3F60B2-45DD-4B74-8328-A33D4BBABF58}.Debug|x86.ActiveCfg = Debug|Any CPU
		{CA3F60B2-45DD-4B74-8328-A33D4BBABF58}.Debug|x86.Build.0 = Debug|Any CPU
		{CA3F60B2-45DD-4B74-8328-A33D4BBABF58}.Release|Any CPU.ActiveCfg = Release|Any CPU
		{CA3F60B2-45DD-4B74-8328-A33D4BBABF58}.Release|Any CPU.Build.0 = Release|Any CPU
		{CA3F60B2-45DD-4B74-8328-A33D4BBABF58}.Release|x64.ActiveCfg = Release|Any CPU
		{CA3F60B2-45DD-4B74-8328-A33D4BBABF58}.Release|x64.Build.0 = Release|Any CPU
		{CA3F60B2-45DD-4B74-8328-A33D4BBABF58}.Release|x86.ActiveCfg = Release|Any CPU
		{CA3F60B2-45DD-4B74-8328-A33D4BBABF58}.Release|x86.Build.0 = Release|Any CPU
		{EC61D2C4-7EAB-474F-9C4F-D93DE57A64F1}.Analysis|Any CPU.ActiveCfg = Debug|Any CPU
		{EC61D2C4-7EAB-474F-9C4F-D93DE57A64F1}.Analysis|Any CPU.Build.0 = Debug|Any CPU
		{EC61D2C4-7EAB-474F-9C4F-D93DE57A64F1}.Analysis|x64.ActiveCfg = Debug|Any CPU
		{EC61D2C4-7EAB-474F-9C4F-D93DE57A64F1}.Analysis|x64.Build.0 = Debug|Any CPU
		{EC61D2C4-7EAB-474F-9C4F-D93DE57A64F1}.Analysis|x86.ActiveCfg = Debug|Any CPU
		{EC61D2C4-7EAB-474F-9C4F-D93DE57A64F1}.Analysis|x86.Build.0 = Debug|Any CPU
		{EC61D2C4-7EAB-474F-9C4F-D93DE57A64F1}.Debug|Any CPU.ActiveCfg = Debug|Any CPU
		{EC61D2C4-7EAB-474F-9C4F-D93DE57A64F1}.Debug|Any CPU.Build.0 = Debug|Any CPU
		{EC61D2C4-7EAB-474F-9C4F-D93DE57A64F1}.Debug|x64.ActiveCfg = Debug|Any CPU
		{EC61D2C4-7EAB-474F-9C4F-D93DE57A64F1}.Debug|x64.Build.0 = Debug|Any CPU
		{EC61D2C4-7EAB-474F-9C4F-D93DE57A64F1}.Debug|x86.ActiveCfg = Debug|Any CPU
		{EC61D2C4-7EAB-474F-9C4F-D93DE57A64F1}.Debug|x86.Build.0 = Debug|Any CPU
		{EC61D2C4-7EAB-474F-9C4F-D93DE57A64F1}.Release|Any CPU.ActiveCfg = Release|Any CPU
		{EC61D2C4-7EAB-474F-9C4F-D93DE57A64F1}.Release|Any CPU.Build.0 = Release|Any CPU
		{EC61D2C4-7EAB-474F-9C4F-D93DE57A64F1}.Release|x64.ActiveCfg = Release|Any CPU
		{EC61D2C4-7EAB-474F-9C4F-D93DE57A64F1}.Release|x64.Build.0 = Release|Any CPU
		{EC61D2C4-7EAB-474F-9C4F-D93DE57A64F1}.Release|x86.ActiveCfg = Release|Any CPU
		{EC61D2C4-7EAB-474F-9C4F-D93DE57A64F1}.Release|x86.Build.0 = Release|Any CPU
		{0784CDC9-0F52-4B8B-9488-6589C11E94E2}.Analysis|Any CPU.ActiveCfg = Debug|Any CPU
		{0784CDC9-0F52-4B8B-9488-6589C11E94E2}.Analysis|Any CPU.Build.0 = Debug|Any CPU
		{0784CDC9-0F52-4B8B-9488-6589C11E94E2}.Analysis|x64.ActiveCfg = Debug|Any CPU
		{0784CDC9-0F52-4B8B-9488-6589C11E94E2}.Analysis|x64.Build.0 = Debug|Any CPU
		{0784CDC9-0F52-4B8B-9488-6589C11E94E2}.Analysis|x86.ActiveCfg = Debug|Any CPU
		{0784CDC9-0F52-4B8B-9488-6589C11E94E2}.Analysis|x86.Build.0 = Debug|Any CPU
		{0784CDC9-0F52-4B8B-9488-6589C11E94E2}.Debug|Any CPU.ActiveCfg = Debug|Any CPU
		{0784CDC9-0F52-4B8B-9488-6589C11E94E2}.Debug|Any CPU.Build.0 = Debug|Any CPU
		{0784CDC9-0F52-4B8B-9488-6589C11E94E2}.Debug|x64.ActiveCfg = Debug|Any CPU
		{0784CDC9-0F52-4B8B-9488-6589C11E94E2}.Debug|x64.Build.0 = Debug|Any CPU
		{0784CDC9-0F52-4B8B-9488-6589C11E94E2}.Debug|x86.ActiveCfg = Debug|Any CPU
		{0784CDC9-0F52-4B8B-9488-6589C11E94E2}.Debug|x86.Build.0 = Debug|Any CPU
		{0784CDC9-0F52-4B8B-9488-6589C11E94E2}.Release|Any CPU.ActiveCfg = Release|Any CPU
		{0784CDC9-0F52-4B8B-9488-6589C11E94E2}.Release|Any CPU.Build.0 = Release|Any CPU
		{0784CDC9-0F52-4B8B-9488-6589C11E94E2}.Release|x64.ActiveCfg = Release|Any CPU
		{0784CDC9-0F52-4B8B-9488-6589C11E94E2}.Release|x64.Build.0 = Release|Any CPU
		{0784CDC9-0F52-4B8B-9488-6589C11E94E2}.Release|x86.ActiveCfg = Release|Any CPU
		{0784CDC9-0F52-4B8B-9488-6589C11E94E2}.Release|x86.Build.0 = Release|Any CPU
		{A166674C-7FBA-43CC-BE79-70A2650647FF}.Analysis|Any CPU.ActiveCfg = Debug|x86
		{A166674C-7FBA-43CC-BE79-70A2650647FF}.Analysis|Any CPU.Build.0 = Debug|x86
		{A166674C-7FBA-43CC-BE79-70A2650647FF}.Analysis|x64.ActiveCfg = Debug|x86
		{A166674C-7FBA-43CC-BE79-70A2650647FF}.Analysis|x64.Build.0 = Debug|x86
		{A166674C-7FBA-43CC-BE79-70A2650647FF}.Analysis|x86.ActiveCfg = Debug|x86
		{A166674C-7FBA-43CC-BE79-70A2650647FF}.Analysis|x86.Build.0 = Debug|x86
		{A166674C-7FBA-43CC-BE79-70A2650647FF}.Debug|Any CPU.ActiveCfg = Debug|x86
		{A166674C-7FBA-43CC-BE79-70A2650647FF}.Debug|Any CPU.Build.0 = Debug|x86
		{A166674C-7FBA-43CC-BE79-70A2650647FF}.Debug|x64.ActiveCfg = Debug|x86
		{A166674C-7FBA-43CC-BE79-70A2650647FF}.Debug|x64.Build.0 = Debug|x86
		{A166674C-7FBA-43CC-BE79-70A2650647FF}.Debug|x86.ActiveCfg = Debug|x86
		{A166674C-7FBA-43CC-BE79-70A2650647FF}.Debug|x86.Build.0 = Debug|x86
		{A166674C-7FBA-43CC-BE79-70A2650647FF}.Release|Any CPU.ActiveCfg = Release|x86
		{A166674C-7FBA-43CC-BE79-70A2650647FF}.Release|Any CPU.Build.0 = Release|x86
		{A166674C-7FBA-43CC-BE79-70A2650647FF}.Release|x64.ActiveCfg = Release|x86
		{A166674C-7FBA-43CC-BE79-70A2650647FF}.Release|x64.Build.0 = Release|x86
		{A166674C-7FBA-43CC-BE79-70A2650647FF}.Release|x86.ActiveCfg = Release|x86
		{A166674C-7FBA-43CC-BE79-70A2650647FF}.Release|x86.Build.0 = Release|x86
		{77B5CB63-E14B-4253-881D-6BE9D7C57076}.Analysis|Any CPU.ActiveCfg = Debug|x86
		{77B5CB63-E14B-4253-881D-6BE9D7C57076}.Analysis|Any CPU.Build.0 = Debug|x86
		{77B5CB63-E14B-4253-881D-6BE9D7C57076}.Analysis|x64.ActiveCfg = Debug|x86
		{77B5CB63-E14B-4253-881D-6BE9D7C57076}.Analysis|x64.Build.0 = Debug|x86
		{77B5CB63-E14B-4253-881D-6BE9D7C57076}.Analysis|x86.ActiveCfg = Debug|x86
		{77B5CB63-E14B-4253-881D-6BE9D7C57076}.Analysis|x86.Build.0 = Debug|x86
		{77B5CB63-E14B-4253-881D-6BE9D7C57076}.Debug|Any CPU.ActiveCfg = Debug|x86
		{77B5CB63-E14B-4253-881D-6BE9D7C57076}.Debug|Any CPU.Build.0 = Debug|x86
		{77B5CB63-E14B-4253-881D-6BE9D7C57076}.Debug|x64.ActiveCfg = Debug|x86
		{77B5CB63-E14B-4253-881D-6BE9D7C57076}.Debug|x64.Build.0 = Debug|x86
		{77B5CB63-E14B-4253-881D-6BE9D7C57076}.Debug|x86.ActiveCfg = Debug|x86
		{77B5CB63-E14B-4253-881D-6BE9D7C57076}.Debug|x86.Build.0 = Debug|x86
		{77B5CB63-E14B-4253-881D-6BE9D7C57076}.Release|Any CPU.ActiveCfg = Release|x86
		{77B5CB63-E14B-4253-881D-6BE9D7C57076}.Release|Any CPU.Build.0 = Release|x86
		{77B5CB63-E14B-4253-881D-6BE9D7C57076}.Release|x64.ActiveCfg = Release|x86
		{77B5CB63-E14B-4253-881D-6BE9D7C57076}.Release|x64.Build.0 = Release|x86
		{77B5CB63-E14B-4253-881D-6BE9D7C57076}.Release|x86.ActiveCfg = Release|x86
		{77B5CB63-E14B-4253-881D-6BE9D7C57076}.Release|x86.Build.0 = Release|x86
		{B77442D0-D88D-48C9-985A-1022C1A5A03F}.Analysis|Any CPU.ActiveCfg = Debug|Any CPU
		{B77442D0-D88D-48C9-985A-1022C1A5A03F}.Analysis|Any CPU.Build.0 = Debug|Any CPU
		{B77442D0-D88D-48C9-985A-1022C1A5A03F}.Analysis|x64.ActiveCfg = Debug|Any CPU
		{B77442D0-D88D-48C9-985A-1022C1A5A03F}.Analysis|x64.Build.0 = Debug|Any CPU
		{B77442D0-D88D-48C9-985A-1022C1A5A03F}.Analysis|x86.ActiveCfg = Debug|Any CPU
		{B77442D0-D88D-48C9-985A-1022C1A5A03F}.Analysis|x86.Build.0 = Debug|Any CPU
		{B77442D0-D88D-48C9-985A-1022C1A5A03F}.Debug|Any CPU.ActiveCfg = Debug|Any CPU
		{B77442D0-D88D-48C9-985A-1022C1A5A03F}.Debug|Any CPU.Build.0 = Debug|Any CPU
		{B77442D0-D88D-48C9-985A-1022C1A5A03F}.Debug|x64.ActiveCfg = Debug|Any CPU
		{B77442D0-D88D-48C9-985A-1022C1A5A03F}.Debug|x64.Build.0 = Debug|Any CPU
		{B77442D0-D88D-48C9-985A-1022C1A5A03F}.Debug|x86.ActiveCfg = Debug|Any CPU
		{B77442D0-D88D-48C9-985A-1022C1A5A03F}.Debug|x86.Build.0 = Debug|Any CPU
		{B77442D0-D88D-48C9-985A-1022C1A5A03F}.Release|Any CPU.ActiveCfg = Release|Any CPU
		{B77442D0-D88D-48C9-985A-1022C1A5A03F}.Release|Any CPU.Build.0 = Release|Any CPU
		{B77442D0-D88D-48C9-985A-1022C1A5A03F}.Release|x64.ActiveCfg = Release|Any CPU
		{B77442D0-D88D-48C9-985A-1022C1A5A03F}.Release|x64.Build.0 = Release|Any CPU
		{B77442D0-D88D-48C9-985A-1022C1A5A03F}.Release|x86.ActiveCfg = Release|Any CPU
		{B77442D0-D88D-48C9-985A-1022C1A5A03F}.Release|x86.Build.0 = Release|Any CPU
		{B1907FFC-EAD6-475C-B0C7-7DA339AD5AF1}.Analysis|Any CPU.ActiveCfg = Debug|Any CPU
		{B1907FFC-EAD6-475C-B0C7-7DA339AD5AF1}.Analysis|Any CPU.Build.0 = Debug|Any CPU
		{B1907FFC-EAD6-475C-B0C7-7DA339AD5AF1}.Analysis|x64.ActiveCfg = Debug|Any CPU
		{B1907FFC-EAD6-475C-B0C7-7DA339AD5AF1}.Analysis|x64.Build.0 = Debug|Any CPU
		{B1907FFC-EAD6-475C-B0C7-7DA339AD5AF1}.Analysis|x86.ActiveCfg = Debug|Any CPU
		{B1907FFC-EAD6-475C-B0C7-7DA339AD5AF1}.Analysis|x86.Build.0 = Debug|Any CPU
		{B1907FFC-EAD6-475C-B0C7-7DA339AD5AF1}.Debug|Any CPU.ActiveCfg = Debug|Any CPU
		{B1907FFC-EAD6-475C-B0C7-7DA339AD5AF1}.Debug|Any CPU.Build.0 = Debug|Any CPU
		{B1907FFC-EAD6-475C-B0C7-7DA339AD5AF1}.Debug|x64.ActiveCfg = Debug|Any CPU
		{B1907FFC-EAD6-475C-B0C7-7DA339AD5AF1}.Debug|x64.Build.0 = Debug|Any CPU
		{B1907FFC-EAD6-475C-B0C7-7DA339AD5AF1}.Debug|x86.ActiveCfg = Debug|Any CPU
		{B1907FFC-EAD6-475C-B0C7-7DA339AD5AF1}.Debug|x86.Build.0 = Debug|Any CPU
		{B1907FFC-EAD6-475C-B0C7-7DA339AD5AF1}.Release|Any CPU.ActiveCfg = Release|Any CPU
		{B1907FFC-EAD6-475C-B0C7-7DA339AD5AF1}.Release|Any CPU.Build.0 = Release|Any CPU
		{B1907FFC-EAD6-475C-B0C7-7DA339AD5AF1}.Release|x64.ActiveCfg = Release|Any CPU
		{B1907FFC-EAD6-475C-B0C7-7DA339AD5AF1}.Release|x64.Build.0 = Release|Any CPU
		{B1907FFC-EAD6-475C-B0C7-7DA339AD5AF1}.Release|x86.ActiveCfg = Release|Any CPU
		{B1907FFC-EAD6-475C-B0C7-7DA339AD5AF1}.Release|x86.Build.0 = Release|Any CPU
		{4E001669-B842-4957-83CC-1A90A48D343B}.Analysis|Any CPU.ActiveCfg = Debug|Any CPU
		{4E001669-B842-4957-83CC-1A90A48D343B}.Analysis|Any CPU.Build.0 = Debug|Any CPU
		{4E001669-B842-4957-83CC-1A90A48D343B}.Analysis|x64.ActiveCfg = Debug|Any CPU
		{4E001669-B842-4957-83CC-1A90A48D343B}.Analysis|x64.Build.0 = Debug|Any CPU
		{4E001669-B842-4957-83CC-1A90A48D343B}.Analysis|x86.ActiveCfg = Debug|Any CPU
		{4E001669-B842-4957-83CC-1A90A48D343B}.Analysis|x86.Build.0 = Debug|Any CPU
		{4E001669-B842-4957-83CC-1A90A48D343B}.Debug|Any CPU.ActiveCfg = Debug|Any CPU
		{4E001669-B842-4957-83CC-1A90A48D343B}.Debug|Any CPU.Build.0 = Debug|Any CPU
		{4E001669-B842-4957-83CC-1A90A48D343B}.Debug|x64.ActiveCfg = Debug|Any CPU
		{4E001669-B842-4957-83CC-1A90A48D343B}.Debug|x64.Build.0 = Debug|Any CPU
		{4E001669-B842-4957-83CC-1A90A48D343B}.Debug|x86.ActiveCfg = Debug|Any CPU
		{4E001669-B842-4957-83CC-1A90A48D343B}.Debug|x86.Build.0 = Debug|Any CPU
		{4E001669-B842-4957-83CC-1A90A48D343B}.Release|Any CPU.ActiveCfg = Release|Any CPU
		{4E001669-B842-4957-83CC-1A90A48D343B}.Release|Any CPU.Build.0 = Release|Any CPU
		{4E001669-B842-4957-83CC-1A90A48D343B}.Release|x64.ActiveCfg = Release|Any CPU
		{4E001669-B842-4957-83CC-1A90A48D343B}.Release|x64.Build.0 = Release|Any CPU
		{4E001669-B842-4957-83CC-1A90A48D343B}.Release|x86.ActiveCfg = Release|Any CPU
		{4E001669-B842-4957-83CC-1A90A48D343B}.Release|x86.Build.0 = Release|Any CPU
		{76EBAD31-5ABD-425C-866E-E4BE8C158576}.Analysis|Any CPU.ActiveCfg = Debug|Any CPU
		{76EBAD31-5ABD-425C-866E-E4BE8C158576}.Analysis|Any CPU.Build.0 = Debug|Any CPU
		{76EBAD31-5ABD-425C-866E-E4BE8C158576}.Analysis|x64.ActiveCfg = Debug|Any CPU
		{76EBAD31-5ABD-425C-866E-E4BE8C158576}.Analysis|x64.Build.0 = Debug|Any CPU
		{76EBAD31-5ABD-425C-866E-E4BE8C158576}.Analysis|x86.ActiveCfg = Debug|Any CPU
		{76EBAD31-5ABD-425C-866E-E4BE8C158576}.Analysis|x86.Build.0 = Debug|Any CPU
		{76EBAD31-5ABD-425C-866E-E4BE8C158576}.Debug|Any CPU.ActiveCfg = Debug|Any CPU
		{76EBAD31-5ABD-425C-866E-E4BE8C158576}.Debug|Any CPU.Build.0 = Debug|Any CPU
		{76EBAD31-5ABD-425C-866E-E4BE8C158576}.Debug|x64.ActiveCfg = Debug|Any CPU
		{76EBAD31-5ABD-425C-866E-E4BE8C158576}.Debug|x64.Build.0 = Debug|Any CPU
		{76EBAD31-5ABD-425C-866E-E4BE8C158576}.Debug|x86.ActiveCfg = Debug|Any CPU
		{76EBAD31-5ABD-425C-866E-E4BE8C158576}.Debug|x86.Build.0 = Debug|Any CPU
		{76EBAD31-5ABD-425C-866E-E4BE8C158576}.Release|Any CPU.ActiveCfg = Release|Any CPU
		{76EBAD31-5ABD-425C-866E-E4BE8C158576}.Release|Any CPU.Build.0 = Release|Any CPU
		{76EBAD31-5ABD-425C-866E-E4BE8C158576}.Release|x64.ActiveCfg = Release|Any CPU
		{76EBAD31-5ABD-425C-866E-E4BE8C158576}.Release|x64.Build.0 = Release|Any CPU
		{76EBAD31-5ABD-425C-866E-E4BE8C158576}.Release|x86.ActiveCfg = Release|Any CPU
		{76EBAD31-5ABD-425C-866E-E4BE8C158576}.Release|x86.Build.0 = Release|Any CPU
		{A4CA1767-AAE0-416B-B0B9-6C1E448A1305}.Analysis|Any CPU.ActiveCfg = Debug|Any CPU
		{A4CA1767-AAE0-416B-B0B9-6C1E448A1305}.Analysis|Any CPU.Build.0 = Debug|Any CPU
		{A4CA1767-AAE0-416B-B0B9-6C1E448A1305}.Analysis|x64.ActiveCfg = Debug|Any CPU
		{A4CA1767-AAE0-416B-B0B9-6C1E448A1305}.Analysis|x64.Build.0 = Debug|Any CPU
		{A4CA1767-AAE0-416B-B0B9-6C1E448A1305}.Analysis|x86.ActiveCfg = Debug|Any CPU
		{A4CA1767-AAE0-416B-B0B9-6C1E448A1305}.Analysis|x86.Build.0 = Debug|Any CPU
		{A4CA1767-AAE0-416B-B0B9-6C1E448A1305}.Debug|Any CPU.ActiveCfg = Debug|Any CPU
		{A4CA1767-AAE0-416B-B0B9-6C1E448A1305}.Debug|Any CPU.Build.0 = Debug|Any CPU
		{A4CA1767-AAE0-416B-B0B9-6C1E448A1305}.Debug|x64.ActiveCfg = Debug|Any CPU
		{A4CA1767-AAE0-416B-B0B9-6C1E448A1305}.Debug|x64.Build.0 = Debug|Any CPU
		{A4CA1767-AAE0-416B-B0B9-6C1E448A1305}.Debug|x86.ActiveCfg = Debug|Any CPU
		{A4CA1767-AAE0-416B-B0B9-6C1E448A1305}.Debug|x86.Build.0 = Debug|Any CPU
		{A4CA1767-AAE0-416B-B0B9-6C1E448A1305}.Release|Any CPU.ActiveCfg = Release|Any CPU
		{A4CA1767-AAE0-416B-B0B9-6C1E448A1305}.Release|Any CPU.Build.0 = Release|Any CPU
		{A4CA1767-AAE0-416B-B0B9-6C1E448A1305}.Release|x64.ActiveCfg = Release|Any CPU
		{A4CA1767-AAE0-416B-B0B9-6C1E448A1305}.Release|x64.Build.0 = Release|Any CPU
		{A4CA1767-AAE0-416B-B0B9-6C1E448A1305}.Release|x86.ActiveCfg = Release|Any CPU
		{A4CA1767-AAE0-416B-B0B9-6C1E448A1305}.Release|x86.Build.0 = Release|Any CPU
		{4890E785-5645-4794-BC0F-71012F666CE0}.Analysis|Any CPU.ActiveCfg = Debug|Any CPU
		{4890E785-5645-4794-BC0F-71012F666CE0}.Analysis|Any CPU.Build.0 = Debug|Any CPU
		{4890E785-5645-4794-BC0F-71012F666CE0}.Analysis|x64.ActiveCfg = Debug|Any CPU
		{4890E785-5645-4794-BC0F-71012F666CE0}.Analysis|x64.Build.0 = Debug|Any CPU
		{4890E785-5645-4794-BC0F-71012F666CE0}.Analysis|x86.ActiveCfg = Debug|Any CPU
		{4890E785-5645-4794-BC0F-71012F666CE0}.Analysis|x86.Build.0 = Debug|Any CPU
		{4890E785-5645-4794-BC0F-71012F666CE0}.Debug|Any CPU.ActiveCfg = Debug|Any CPU
		{4890E785-5645-4794-BC0F-71012F666CE0}.Debug|Any CPU.Build.0 = Debug|Any CPU
		{4890E785-5645-4794-BC0F-71012F666CE0}.Debug|x64.ActiveCfg = Debug|Any CPU
		{4890E785-5645-4794-BC0F-71012F666CE0}.Debug|x64.Build.0 = Debug|Any CPU
		{4890E785-5645-4794-BC0F-71012F666CE0}.Debug|x86.ActiveCfg = Debug|Any CPU
		{4890E785-5645-4794-BC0F-71012F666CE0}.Debug|x86.Build.0 = Debug|Any CPU
		{4890E785-5645-4794-BC0F-71012F666CE0}.Release|Any CPU.ActiveCfg = Release|Any CPU
		{4890E785-5645-4794-BC0F-71012F666CE0}.Release|Any CPU.Build.0 = Release|Any CPU
		{4890E785-5645-4794-BC0F-71012F666CE0}.Release|x64.ActiveCfg = Release|Any CPU
		{4890E785-5645-4794-BC0F-71012F666CE0}.Release|x64.Build.0 = Release|Any CPU
		{4890E785-5645-4794-BC0F-71012F666CE0}.Release|x86.ActiveCfg = Release|Any CPU
		{4890E785-5645-4794-BC0F-71012F666CE0}.Release|x86.Build.0 = Release|Any CPU
	EndGlobalSection
	GlobalSection(SolutionProperties) = preSolution
		HideSolutionNode = FALSE
	EndGlobalSection
	GlobalSection(NestedProjects) = preSolution
		{D69325FA-A62E-45F4-9E6C-E27C33552522} = {9DABA8AA-E608-410E-8859-02437A6E9F83}
		{E4E32A2C-1202-4738-B94E-A2EC51B32013} = {9DABA8AA-E608-410E-8859-02437A6E9F83}
		{31C3B4A7-504B-4EFF-BACC-C8F2FFE5AF6F} = {9DABA8AA-E608-410E-8859-02437A6E9F83}
		{7696262E-45FC-4F68-A65E-468CD988CBC2} = {9DABA8AA-E608-410E-8859-02437A6E9F83}
		{3FE30006-70A8-4FBF-91AA-C43D64AC76A7} = {9DABA8AA-E608-410E-8859-02437A6E9F83}
		{78147C43-DB7B-4571-BC7A-E7F0075B4B78} = {9DABA8AA-E608-410E-8859-02437A6E9F83}
		{04009E2D-9E54-423F-B6F0-62E15F1C8AE8} = {9DABA8AA-E608-410E-8859-02437A6E9F83}
		{CC1FF81E-F694-4B1B-9E04-3DEB2DE00B6A} = {9DABA8AA-E608-410E-8859-02437A6E9F83}
		{0E9B62BC-442C-440A-86A8-B9F2ECE40209} = {9DABA8AA-E608-410E-8859-02437A6E9F83}
		{FD6A1861-9CBB-4D5E-83AC-4134292C4794} = {9DABA8AA-E608-410E-8859-02437A6E9F83}
		{34186C3B-C308-4CAE-B462-DB7B5F5E378C} = {9DABA8AA-E608-410E-8859-02437A6E9F83}
		{37619116-CCE8-465A-8B1F-081CA53364BB} = {9DABA8AA-E608-410E-8859-02437A6E9F83}
		{CA3F60B2-45DD-4B74-8328-A33D4BBABF58} = {9DABA8AA-E608-410E-8859-02437A6E9F83}
		{EC61D2C4-7EAB-474F-9C4F-D93DE57A64F1} = {9DABA8AA-E608-410E-8859-02437A6E9F83}
		{0784CDC9-0F52-4B8B-9488-6589C11E94E2} = {9DABA8AA-E608-410E-8859-02437A6E9F83}
		{A166674C-7FBA-43CC-BE79-70A2650647FF} = {9DABA8AA-E608-410E-8859-02437A6E9F83}
		{77B5CB63-E14B-4253-881D-6BE9D7C57076} = {9DABA8AA-E608-410E-8859-02437A6E9F83}
		{B77442D0-D88D-48C9-985A-1022C1A5A03F} = {019C3A90-A480-4C53-AF00-179DB0D679C4}
		{B1907FFC-EAD6-475C-B0C7-7DA339AD5AF1} = {019C3A90-A480-4C53-AF00-179DB0D679C4}
		{4E001669-B842-4957-83CC-1A90A48D343B} = {019C3A90-A480-4C53-AF00-179DB0D679C4}
		{76EBAD31-5ABD-425C-866E-E4BE8C158576} = {019C3A90-A480-4C53-AF00-179DB0D679C4}
		{A4CA1767-AAE0-416B-B0B9-6C1E448A1305} = {019C3A90-A480-4C53-AF00-179DB0D679C4}
		{4890E785-5645-4794-BC0F-71012F666CE0} = {019C3A90-A480-4C53-AF00-179DB0D679C4}
	EndGlobalSection
	GlobalSection(ExtensibilityGlobals) = postSolution
		SolutionGuid = {85F4A38D-436B-4955-9424-0E466F56AE72}
	EndGlobalSection
EndGlobal
