
Microsoft Visual Studio Solution File, Format Version 12.00
# Visual Studio Version 17
VisualStudioVersion = 17.7.33711.374
MinimumVisualStudioVersion = 10.0.40219.1
Project("{2150E333-8FDC-42A3-9474-1A3956D46DE8}") = "EASY-TOOLS", "EASY-TOOLS", "{F8C8BC27-EC4B-4793-B5BA-5B5B8245EC19}"
EndProject
Project("{2150E333-8FDC-42A3-9474-1A3956D46DE8}") = "HTMLFullEditor", "HTMLFullEditor", "{90600F6F-A7B4-4B1D-A846-5DCF252670FE}"
EndProject
Project("{2150E333-8FDC-42A3-9474-1A3956D46DE8}") = "Server", "Server", "{79172E02-82FD-4DD6-94A3-79B1A0D95D87}"
EndProject
Project("{2150E333-8FDC-42A3-9474-1A3956D46DE8}") = "Modules", "Modules", "{94D3C7D3-08C6-40A9-8983-AB98DDBE2C83}"
EndProject
Project("{9A19103F-16F7-4668-BE54-9A1E7A4F7556}") = "EasyITCenter", "EASY-IT-CENTER-SERVER\EasyITCenter.csproj", "{DA3CE4E1-BABE-48B4-A4D4-2D6C37A1B425}"
EndProject
Project("{FAE04EC0-301F-11D3-BF4B-00C04F79EFBC}") = "EasyITSystemCenter", "EASY-IT-CENTER-SYSTEM\EasyITSystemCenter.csproj", "{7F787428-6D63-4AEC-BC79-DD3AAD96CE87}"
EndProject
Project("{FAE04EC0-301F-11D3-BF4B-00C04F79EFBC}") = "EASYTools.HTMLFullEditor", "EASY-TOOLS\EASYTools.HTMLFullEditor\EASYTools.HTMLFullEditor\EASYTools.HTMLFullEditor.csproj", "{04009E2D-9E54-423F-B6F0-62E15F1C8AE8}"
EndProject
Project("{FAE04EC0-301F-11D3-BF4B-00C04F79EFBC}") = "EASYTools.HTMLFullEditor.Locale.Default", "EASY-TOOLS\EASYTools.HTMLFullEditor\EASYTools.HTMLFullEditor.Locale.Default\EASYTools.HTMLFullEditor.Locale.Default.csproj", "{CC1FF81E-F694-4B1B-9E04-3DEB2DE00B6A}"
EndProject
Project("{FAE04EC0-301F-11D3-BF4B-00C04F79EFBC}") = "EASYTools.HTMLFullEditor.Locale.Override", "EASY-TOOLS\EASYTools.HTMLFullEditor\EASYTools.HTMLFullEditor.Locale.Override\EASYTools.HTMLFullEditor.Locale.Override.csproj", "{0E9B62BC-442C-440A-86A8-B9F2ECE40209}"
EndProject
Project("{FAE04EC0-301F-11D3-BF4B-00C04F79EFBC}") = "EASYTools.Calendar", "EASY-TOOLS\EASYTools.Calendar\EASYTools.Calendar.csproj", "{31C3B4A7-504B-4EFF-BACC-C8F2FFE5AF6F}"
EndProject
Project("{FAE04EC0-301F-11D3-BF4B-00C04F79EFBC}") = "EASYTools.CrashReporter", "EASY-TOOLS\EASYTools.CrashReporter\EASYTools.CrashReporter.csproj", "{7696262E-45FC-4F68-A65E-468CD988CBC2}"
EndProject
Project("{FAE04EC0-301F-11D3-BF4B-00C04F79EFBC}") = "EASYTools.HTMLEditorNoImg", "EASY-TOOLS\EASYTools.HTMLEditorNoImg\EASYTools.HTMLEditorNoImg.csproj", "{78147C43-DB7B-4571-BC7A-E7F0075B4B78}"
EndProject
Project("{2150E333-8FDC-42A3-9474-1A3956D46DE8}") = "HtmlEditorWithoutImage", "HtmlEditorWithoutImage", "{66A9F226-2487-49A7-8EC6-4ECC0D6DC0AD}"
EndProject
Project("{9A19103F-16F7-4668-BE54-9A1E7A4F7556}") = "EASYTools.ImageEffectLibrary", "EASY-TOOLS\EASYTools.ImageEffectLibrary\EASYTools.ImageEffectLibrary.csproj", "{A0FF3866-1835-4BE9-A22A-925B31A5F54D}"
EndProject
Project("{FAE04EC0-301F-11D3-BF4B-00C04F79EFBC}") = "EASYTools.MarkdownToFlow", "EASY-TOOLS\EASYTools.MarkdownToFlow\EASYTools.MarkdownToFlow.csproj", "{34186C3B-C308-4CAE-B462-DB7B5F5E378C}"
EndProject
Project("{FAE04EC0-301F-11D3-BF4B-00C04F79EFBC}") = "EASYTools.MarkdownToHtml", "EASY-TOOLS\EASYTools.MarkdownToHtml\EASYTools.MarkdownToHtml.csproj", "{37619116-CCE8-465A-8B1F-081CA53364BB}"
EndProject
Project("{FAE04EC0-301F-11D3-BF4B-00C04F79EFBC}") = "EASYTools.SqlConnectionDialog", "EASY-TOOLS\EASYTools.SqlConnectionDialog\EASYTools.SqlConnectionDialog.csproj", "{EC61D2C4-7EAB-474F-9C4F-D93DE57A64F1}"
EndProject
Project("{FAE04EC0-301F-11D3-BF4B-00C04F79EFBC}") = "EASYTools.TouchKeyboard", "EASY-TOOLS\EASYTools.TouchKeyboard\EASYTools.TouchKeyboard.csproj", "{0784CDC9-0F52-4B8B-9488-6589C11E94E2}"
EndProject
Project("{2150E333-8FDC-42A3-9474-1A3956D46DE8}") = "EASY-ADDONS", "EASY-ADDONS", "{F1FBD8C8-A63A-475C-8B70-163B992F1BD8}"
EndProject
Project("{9A19103F-16F7-4668-BE54-9A1E7A4F7556}") = "DBEntitySchema", "EASY-ADDONS\Module\DBEntitySchema\DBEntitySchema.csproj", "{5A6C387F-54C6-43D8-8578-D10D0064DFC0}"
EndProject
Project("{9A19103F-16F7-4668-BE54-9A1E7A4F7556}") = "LicenseGenerator", "EASY-ADDONS\Module\LicenseGenerator\LicenseGenerator.csproj", "{E8C1ED12-E4A6-46A3-9D85-3EEE91FECA57}"
EndProject
Project("{9A19103F-16F7-4668-BE54-9A1E7A4F7556}") = "LicenseVerify", "EASY-ADDONS\Module\LicenseVerify\LicenseVerify.csproj", "{7A2CB571-8596-4169-8E72-7D2FF3B4660B}"
EndProject
Project("{9A19103F-16F7-4668-BE54-9A1E7A4F7556}") = "EasyLocalGit", "EASY-ADDONS\Server\EasyLocalGit\EasyLocalGit.csproj", "{02EA99F0-EA5E-47C7-9B42-1B23AF33D8E5}"
EndProject
Project("{9A19103F-16F7-4668-BE54-9A1E7A4F7556}") = "EasyProjectMan", "EASY-ADDONS\Server\EasyProjectMan\EasyProjectMan.csproj", "{34D52021-91AF-4EA1-87A3-A41558215CE6}"
EndProject
Project("{9A19103F-16F7-4668-BE54-9A1E7A4F7556}") = "EasyWorkFlow", "EASY-ADDONS\Server\EasyWorkFlow\EasyWorkFlow.csproj", "{DB4162BE-0475-4713-8CAB-ED3618B7CB3B}"
EndProject
Project("{2150E333-8FDC-42A3-9474-1A3956D46DE8}") = "Tools", "Tools", "{FA83B4E2-9E69-4D02-B9A6-D5E35BFE62CA}"
EndProject
Project("{9A19103F-16F7-4668-BE54-9A1E7A4F7556}") = "Vsxmd", "EASY-ADDONS\Tools\Vsxmd\Vsxmd.csproj", "{CC9613B8-3B54-460E-93A4-6C54C9EA6FB2}"
EndProject
Project("{2150E333-8FDC-42A3-9474-1A3956D46DE8}") = "WebTools", "WebTools", "{4C2749F3-0730-44D4-97C0-FBFBD5404177}"
EndProject
Project("{2150E333-8FDC-42A3-9474-1A3956D46DE8}") = "WebPages", "WebPages", "{823FA809-31F1-41AC-9997-C5F0963B758B}"
EndProject
Project("{FAE04EC0-301F-11D3-BF4B-00C04F79EFBC}") = "EASYTools.HighlightTextBox", "EASY-TOOLS\EASYTool.HighlightTextBox\EASYTools.HighlightTextBox.csproj", "{D69325FA-A62E-45F4-9E6C-E27C33552522}"
EndProject
Project("{FAE04EC0-301F-11D3-BF4B-00C04F79EFBC}") = "EASYTools.VNCClient", "EASY-TOOLS\EASYTools.VNCClient\EASYTools.VNCClient.csproj", "{A166674C-7FBA-43CC-BE79-70A2650647FF}"
EndProject
Project("{FAE04EC0-301F-11D3-BF4B-00C04F79EFBC}") = "EASYTools.VNCLib", "EASY-TOOLS\EASYTools.VNCLib\EASYTools.VNCLib.csproj", "{77B5CB63-E14B-4253-881D-6BE9D7C57076}"
EndProject
Project("{9A19103F-16F7-4668-BE54-9A1E7A4F7556}") = "SourceIndexServer", "EASY-ADDONS\Tools\SourceBrowser\src\SourceIndexServer\SourceIndexServer.csproj", "{73178BA5-36F2-48F8-9A8D-B7FA0F17FE8E}"
EndProject
Project("{2150E333-8FDC-42A3-9474-1A3956D46DE8}") = "ProjectFileBrowser", "ProjectFileBrowser", "{557DB367-0DDC-4F08-B5C5-974BF1AACA75}"
EndProject
Project("{9A19103F-16F7-4668-BE54-9A1E7A4F7556}") = "Common", "EASY-ADDONS\Tools\SourceBrowser\src\Common\Common.csproj", "{486657DF-F4EC-464B-99ED-3C9A2CFEE2F9}"
EndProject
Project("{9A19103F-16F7-4668-BE54-9A1E7A4F7556}") = "GitGlyph", "EASY-ADDONS\Tools\SourceBrowser\src\GitGlyph\GitGlyph.csproj", "{07BB7B22-E08A-4D86-8728-8ECE06401730}"
EndProject
Project("{9A19103F-16F7-4668-BE54-9A1E7A4F7556}") = "HtmlGenerator", "EASY-ADDONS\Tools\SourceBrowser\src\HtmlGenerator\HtmlGenerator.csproj", "{B442334F-F379-4BF0-8395-8CC4610F10AD}"
EndProject
Project("{9A19103F-16F7-4668-BE54-9A1E7A4F7556}") = "MEF", "EASY-ADDONS\Tools\SourceBrowser\src\MEF\MEF.csproj", "{422945BF-EBA1-4970-9967-950995E5E936}"
EndProject
Project("{9092AA53-FB77-4645-B42D-1CCCA6BD08BD}") = "LiveEasyCode", "EASY-ADDONS\WebTools\WebPages\LiveEasyCode\LiveEasyCode.njsproj", "{8A21705A-4505-4EAD-816E-867F47A3CCF4}"
EndProject
Project("{9092AA53-FB77-4645-B42D-1CCCA6BD08BD}") = "MonacoEditor", "EASY-ADDONS\WebTools\WebPages\MonacoEditor\MonacoEditor.njsproj", "{2330B1B7-943C-4B5F-B88D-60C24A37B298}"
EndProject
Project("{2150E333-8FDC-42A3-9474-1A3956D46DE8}") = "WinApps", "WinApps", "{284FE1BD-97A7-45FF-9D2A-FB438E8EBF7D}"
EndProject
Project("{9092AA53-FB77-4645-B42D-1CCCA6BD08BD}") = "EasyCode", "EASY-ADDONS\WinApps\EasyCode\EasyCode.njsproj", "{1B90C2EE-8BF4-4614-B35C-3C78B015CDEC}"
EndProject
Project("{2150E333-8FDC-42A3-9474-1A3956D46DE8}") = "MICRO-SERVERS", "MICRO-SERVERS", "{C0E654BF-21F5-4958-8FF8-4D00F587E117}"
EndProject
Project("{2150E333-8FDC-42A3-9474-1A3956D46DE8}") = "XmlToWeb", "XmlToWeb", "{540EE852-CF04-4D7C-86F1-0C5CB2007EDD}"
EndProject
Project("{FAE04EC0-301F-11D3-BF4B-00C04F79EFBC}") = "XMLDocumentToHtmlCUI", "EASY-ADDONS\MicroServers\XmlToWeb\XMLDocumentToHtmlCUI\XMLDocumentToHtmlCUI.csproj", "{28EE4A2F-2666-46F4-80C5-72253AD46CBD}"
EndProject
Project("{FAE04EC0-301F-11D3-BF4B-00C04F79EFBC}") = "XmlDocumentToHtml", "EASY-ADDONS\MicroServers\XmlToWeb\XmlDocumentToHtml\XmlDocumentToHtml.csproj", "{19CDD1F5-F997-46FB-BF3F-901BD1E77C5E}"
EndProject
Project("{FAE04EC0-301F-11D3-BF4B-00C04F79EFBC}") = "XmlDocumentParser", "EASY-ADDONS\MicroServers\XmlToWeb\XmlDocumentParser\XmlDocumentParser.csproj", "{72316BB7-B134-480E-9D67-FA1C82A46A1C}"
EndProject
Project("{FAE04EC0-301F-11D3-BF4B-00C04F79EFBC}") = "XmlDocumentExtensions", "EASY-ADDONS\MicroServers\XmlToWeb\XmlDocumentExtensions\XmlDocumentExtensions.csproj", "{4D788502-0340-48FD-9FEC-C1D0122873EB}"
EndProject
Project("{2150E333-8FDC-42A3-9474-1A3956D46DE8}") = "Library", "Library", "{EB6CCAFF-306F-446D-B856-997E44789B11}"
EndProject
Global
	GlobalSection(SolutionConfigurationPlatforms) = preSolution
		Debug|Any CPU = Debug|Any CPU
		Debug|x64 = Debug|x64
		Debug|x86 = Debug|x86
		Release|Any CPU = Release|Any CPU
		Release|x64 = Release|x64
		Release|x86 = Release|x86
	EndGlobalSection
	GlobalSection(ProjectConfigurationPlatforms) = postSolution
		{DA3CE4E1-BABE-48B4-A4D4-2D6C37A1B425}.Debug|Any CPU.ActiveCfg = Debug|Any CPU
		{DA3CE4E1-BABE-48B4-A4D4-2D6C37A1B425}.Debug|Any CPU.Build.0 = Debug|Any CPU
		{DA3CE4E1-BABE-48B4-A4D4-2D6C37A1B425}.Debug|x64.ActiveCfg = Debug|x64
		{DA3CE4E1-BABE-48B4-A4D4-2D6C37A1B425}.Debug|x64.Build.0 = Debug|x64
		{DA3CE4E1-BABE-48B4-A4D4-2D6C37A1B425}.Debug|x86.ActiveCfg = Debug|x86
		{DA3CE4E1-BABE-48B4-A4D4-2D6C37A1B425}.Debug|x86.Build.0 = Debug|x86
		{DA3CE4E1-BABE-48B4-A4D4-2D6C37A1B425}.Release|Any CPU.ActiveCfg = Release|Any CPU
		{DA3CE4E1-BABE-48B4-A4D4-2D6C37A1B425}.Release|Any CPU.Build.0 = Release|Any CPU
		{DA3CE4E1-BABE-48B4-A4D4-2D6C37A1B425}.Release|x64.ActiveCfg = Release|x64
		{DA3CE4E1-BABE-48B4-A4D4-2D6C37A1B425}.Release|x64.Build.0 = Release|x64
		{DA3CE4E1-BABE-48B4-A4D4-2D6C37A1B425}.Release|x86.ActiveCfg = Release|x86
		{DA3CE4E1-BABE-48B4-A4D4-2D6C37A1B425}.Release|x86.Build.0 = Release|x86
		{7F787428-6D63-4AEC-BC79-DD3AAD96CE87}.Debug|Any CPU.ActiveCfg = Debug|Any CPU
		{7F787428-6D63-4AEC-BC79-DD3AAD96CE87}.Debug|Any CPU.Build.0 = Debug|Any CPU
		{7F787428-6D63-4AEC-BC79-DD3AAD96CE87}.Debug|x64.ActiveCfg = Debug|Any CPU
		{7F787428-6D63-4AEC-BC79-DD3AAD96CE87}.Debug|x64.Build.0 = Debug|Any CPU
		{7F787428-6D63-4AEC-BC79-DD3AAD96CE87}.Debug|x86.ActiveCfg = Debug|Any CPU
		{7F787428-6D63-4AEC-BC79-DD3AAD96CE87}.Debug|x86.Build.0 = Debug|Any CPU
		{7F787428-6D63-4AEC-BC79-DD3AAD96CE87}.Release|Any CPU.ActiveCfg = Release|Any CPU
		{7F787428-6D63-4AEC-BC79-DD3AAD96CE87}.Release|Any CPU.Build.0 = Release|Any CPU
		{7F787428-6D63-4AEC-BC79-DD3AAD96CE87}.Release|x64.ActiveCfg = Release|Any CPU
		{7F787428-6D63-4AEC-BC79-DD3AAD96CE87}.Release|x64.Build.0 = Release|Any CPU
		{7F787428-6D63-4AEC-BC79-DD3AAD96CE87}.Release|x86.ActiveCfg = Release|Any CPU
		{7F787428-6D63-4AEC-BC79-DD3AAD96CE87}.Release|x86.Build.0 = Release|Any CPU
		{04009E2D-9E54-423F-B6F0-62E15F1C8AE8}.Debug|Any CPU.ActiveCfg = Debug|Any CPU
		{04009E2D-9E54-423F-B6F0-62E15F1C8AE8}.Debug|Any CPU.Build.0 = Debug|Any CPU
		{04009E2D-9E54-423F-B6F0-62E15F1C8AE8}.Debug|x64.ActiveCfg = Debug|Any CPU
		{04009E2D-9E54-423F-B6F0-62E15F1C8AE8}.Debug|x64.Build.0 = Debug|Any CPU
		{04009E2D-9E54-423F-B6F0-62E15F1C8AE8}.Debug|x86.ActiveCfg = Debug|Any CPU
		{04009E2D-9E54-423F-B6F0-62E15F1C8AE8}.Debug|x86.Build.0 = Debug|Any CPU
		{04009E2D-9E54-423F-B6F0-62E15F1C8AE8}.Release|Any CPU.ActiveCfg = Release|Any CPU
		{04009E2D-9E54-423F-B6F0-62E15F1C8AE8}.Release|Any CPU.Build.0 = Release|Any CPU
		{04009E2D-9E54-423F-B6F0-62E15F1C8AE8}.Release|x64.ActiveCfg = Release|Any CPU
		{04009E2D-9E54-423F-B6F0-62E15F1C8AE8}.Release|x64.Build.0 = Release|Any CPU
		{04009E2D-9E54-423F-B6F0-62E15F1C8AE8}.Release|x86.ActiveCfg = Release|Any CPU
		{04009E2D-9E54-423F-B6F0-62E15F1C8AE8}.Release|x86.Build.0 = Release|Any CPU
		{CC1FF81E-F694-4B1B-9E04-3DEB2DE00B6A}.Debug|Any CPU.ActiveCfg = Debug|Any CPU
		{CC1FF81E-F694-4B1B-9E04-3DEB2DE00B6A}.Debug|Any CPU.Build.0 = Debug|Any CPU
		{CC1FF81E-F694-4B1B-9E04-3DEB2DE00B6A}.Debug|x64.ActiveCfg = Debug|Any CPU
		{CC1FF81E-F694-4B1B-9E04-3DEB2DE00B6A}.Debug|x64.Build.0 = Debug|Any CPU
		{CC1FF81E-F694-4B1B-9E04-3DEB2DE00B6A}.Debug|x86.ActiveCfg = Debug|Any CPU
		{CC1FF81E-F694-4B1B-9E04-3DEB2DE00B6A}.Debug|x86.Build.0 = Debug|Any CPU
		{CC1FF81E-F694-4B1B-9E04-3DEB2DE00B6A}.Release|Any CPU.ActiveCfg = Release|Any CPU
		{CC1FF81E-F694-4B1B-9E04-3DEB2DE00B6A}.Release|Any CPU.Build.0 = Release|Any CPU
		{CC1FF81E-F694-4B1B-9E04-3DEB2DE00B6A}.Release|x64.ActiveCfg = Release|Any CPU
		{CC1FF81E-F694-4B1B-9E04-3DEB2DE00B6A}.Release|x64.Build.0 = Release|Any CPU
		{CC1FF81E-F694-4B1B-9E04-3DEB2DE00B6A}.Release|x86.ActiveCfg = Release|Any CPU
		{CC1FF81E-F694-4B1B-9E04-3DEB2DE00B6A}.Release|x86.Build.0 = Release|Any CPU
		{0E9B62BC-442C-440A-86A8-B9F2ECE40209}.Debug|Any CPU.ActiveCfg = Debug|Any CPU
		{0E9B62BC-442C-440A-86A8-B9F2ECE40209}.Debug|Any CPU.Build.0 = Debug|Any CPU
		{0E9B62BC-442C-440A-86A8-B9F2ECE40209}.Debug|x64.ActiveCfg = Debug|Any CPU
		{0E9B62BC-442C-440A-86A8-B9F2ECE40209}.Debug|x64.Build.0 = Debug|Any CPU
		{0E9B62BC-442C-440A-86A8-B9F2ECE40209}.Debug|x86.ActiveCfg = Debug|Any CPU
		{0E9B62BC-442C-440A-86A8-B9F2ECE40209}.Debug|x86.Build.0 = Debug|Any CPU
		{0E9B62BC-442C-440A-86A8-B9F2ECE40209}.Release|Any CPU.ActiveCfg = Release|Any CPU
		{0E9B62BC-442C-440A-86A8-B9F2ECE40209}.Release|Any CPU.Build.0 = Release|Any CPU
		{0E9B62BC-442C-440A-86A8-B9F2ECE40209}.Release|x64.ActiveCfg = Release|Any CPU
		{0E9B62BC-442C-440A-86A8-B9F2ECE40209}.Release|x64.Build.0 = Release|Any CPU
		{0E9B62BC-442C-440A-86A8-B9F2ECE40209}.Release|x86.ActiveCfg = Release|Any CPU
		{0E9B62BC-442C-440A-86A8-B9F2ECE40209}.Release|x86.Build.0 = Release|Any CPU
		{31C3B4A7-504B-4EFF-BACC-C8F2FFE5AF6F}.Debug|Any CPU.ActiveCfg = Debug|Any CPU
		{31C3B4A7-504B-4EFF-BACC-C8F2FFE5AF6F}.Debug|Any CPU.Build.0 = Debug|Any CPU
		{31C3B4A7-504B-4EFF-BACC-C8F2FFE5AF6F}.Debug|x64.ActiveCfg = Debug|Any CPU
		{31C3B4A7-504B-4EFF-BACC-C8F2FFE5AF6F}.Debug|x64.Build.0 = Debug|Any CPU
		{31C3B4A7-504B-4EFF-BACC-C8F2FFE5AF6F}.Debug|x86.ActiveCfg = Debug|Any CPU
		{31C3B4A7-504B-4EFF-BACC-C8F2FFE5AF6F}.Debug|x86.Build.0 = Debug|Any CPU
		{31C3B4A7-504B-4EFF-BACC-C8F2FFE5AF6F}.Release|Any CPU.ActiveCfg = Release|Any CPU
		{31C3B4A7-504B-4EFF-BACC-C8F2FFE5AF6F}.Release|Any CPU.Build.0 = Release|Any CPU
		{31C3B4A7-504B-4EFF-BACC-C8F2FFE5AF6F}.Release|x64.ActiveCfg = Release|Any CPU
		{31C3B4A7-504B-4EFF-BACC-C8F2FFE5AF6F}.Release|x64.Build.0 = Release|Any CPU
		{31C3B4A7-504B-4EFF-BACC-C8F2FFE5AF6F}.Release|x86.ActiveCfg = Release|Any CPU
		{31C3B4A7-504B-4EFF-BACC-C8F2FFE5AF6F}.Release|x86.Build.0 = Release|Any CPU
		{7696262E-45FC-4F68-A65E-468CD988CBC2}.Debug|Any CPU.ActiveCfg = Debug|Any CPU
		{7696262E-45FC-4F68-A65E-468CD988CBC2}.Debug|Any CPU.Build.0 = Debug|Any CPU
		{7696262E-45FC-4F68-A65E-468CD988CBC2}.Debug|x64.ActiveCfg = Debug|Any CPU
		{7696262E-45FC-4F68-A65E-468CD988CBC2}.Debug|x64.Build.0 = Debug|Any CPU
		{7696262E-45FC-4F68-A65E-468CD988CBC2}.Debug|x86.ActiveCfg = Debug|Any CPU
		{7696262E-45FC-4F68-A65E-468CD988CBC2}.Debug|x86.Build.0 = Debug|Any CPU
		{7696262E-45FC-4F68-A65E-468CD988CBC2}.Release|Any CPU.ActiveCfg = Release|Any CPU
		{7696262E-45FC-4F68-A65E-468CD988CBC2}.Release|Any CPU.Build.0 = Release|Any CPU
		{7696262E-45FC-4F68-A65E-468CD988CBC2}.Release|x64.ActiveCfg = Release|Any CPU
		{7696262E-45FC-4F68-A65E-468CD988CBC2}.Release|x64.Build.0 = Release|Any CPU
		{7696262E-45FC-4F68-A65E-468CD988CBC2}.Release|x86.ActiveCfg = Release|Any CPU
		{7696262E-45FC-4F68-A65E-468CD988CBC2}.Release|x86.Build.0 = Release|Any CPU
		{78147C43-DB7B-4571-BC7A-E7F0075B4B78}.Debug|Any CPU.ActiveCfg = Debug|Any CPU
		{78147C43-DB7B-4571-BC7A-E7F0075B4B78}.Debug|Any CPU.Build.0 = Debug|Any CPU
		{78147C43-DB7B-4571-BC7A-E7F0075B4B78}.Debug|x64.ActiveCfg = Debug|Any CPU
		{78147C43-DB7B-4571-BC7A-E7F0075B4B78}.Debug|x64.Build.0 = Debug|Any CPU
		{78147C43-DB7B-4571-BC7A-E7F0075B4B78}.Debug|x86.ActiveCfg = Debug|Any CPU
		{78147C43-DB7B-4571-BC7A-E7F0075B4B78}.Debug|x86.Build.0 = Debug|Any CPU
		{78147C43-DB7B-4571-BC7A-E7F0075B4B78}.Release|Any CPU.ActiveCfg = Release|Any CPU
		{78147C43-DB7B-4571-BC7A-E7F0075B4B78}.Release|Any CPU.Build.0 = Release|Any CPU
		{78147C43-DB7B-4571-BC7A-E7F0075B4B78}.Release|x64.ActiveCfg = Release|Any CPU
		{78147C43-DB7B-4571-BC7A-E7F0075B4B78}.Release|x64.Build.0 = Release|Any CPU
		{78147C43-DB7B-4571-BC7A-E7F0075B4B78}.Release|x86.ActiveCfg = Release|Any CPU
		{78147C43-DB7B-4571-BC7A-E7F0075B4B78}.Release|x86.Build.0 = Release|Any CPU
		{A0FF3866-1835-4BE9-A22A-925B31A5F54D}.Debug|Any CPU.ActiveCfg = Debug|Any CPU
		{A0FF3866-1835-4BE9-A22A-925B31A5F54D}.Debug|Any CPU.Build.0 = Debug|Any CPU
		{A0FF3866-1835-4BE9-A22A-925B31A5F54D}.Debug|x64.ActiveCfg = Debug|Any CPU
		{A0FF3866-1835-4BE9-A22A-925B31A5F54D}.Debug|x64.Build.0 = Debug|Any CPU
		{A0FF3866-1835-4BE9-A22A-925B31A5F54D}.Debug|x86.ActiveCfg = Debug|Any CPU
		{A0FF3866-1835-4BE9-A22A-925B31A5F54D}.Debug|x86.Build.0 = Debug|Any CPU
		{A0FF3866-1835-4BE9-A22A-925B31A5F54D}.Release|Any CPU.ActiveCfg = Release|Any CPU
		{A0FF3866-1835-4BE9-A22A-925B31A5F54D}.Release|Any CPU.Build.0 = Release|Any CPU
		{A0FF3866-1835-4BE9-A22A-925B31A5F54D}.Release|x64.ActiveCfg = Release|Any CPU
		{A0FF3866-1835-4BE9-A22A-925B31A5F54D}.Release|x64.Build.0 = Release|Any CPU
		{A0FF3866-1835-4BE9-A22A-925B31A5F54D}.Release|x86.ActiveCfg = Release|Any CPU
		{A0FF3866-1835-4BE9-A22A-925B31A5F54D}.Release|x86.Build.0 = Release|Any CPU
		{34186C3B-C308-4CAE-B462-DB7B5F5E378C}.Debug|Any CPU.ActiveCfg = Debug|Any CPU
		{34186C3B-C308-4CAE-B462-DB7B5F5E378C}.Debug|Any CPU.Build.0 = Debug|Any CPU
		{34186C3B-C308-4CAE-B462-DB7B5F5E378C}.Debug|x64.ActiveCfg = Debug|Any CPU
		{34186C3B-C308-4CAE-B462-DB7B5F5E378C}.Debug|x64.Build.0 = Debug|Any CPU
		{34186C3B-C308-4CAE-B462-DB7B5F5E378C}.Debug|x86.ActiveCfg = Debug|Any CPU
		{34186C3B-C308-4CAE-B462-DB7B5F5E378C}.Debug|x86.Build.0 = Debug|Any CPU
		{34186C3B-C308-4CAE-B462-DB7B5F5E378C}.Release|Any CPU.ActiveCfg = Release|Any CPU
		{34186C3B-C308-4CAE-B462-DB7B5F5E378C}.Release|Any CPU.Build.0 = Release|Any CPU
		{34186C3B-C308-4CAE-B462-DB7B5F5E378C}.Release|x64.ActiveCfg = Release|Any CPU
		{34186C3B-C308-4CAE-B462-DB7B5F5E378C}.Release|x64.Build.0 = Release|Any CPU
		{34186C3B-C308-4CAE-B462-DB7B5F5E378C}.Release|x86.ActiveCfg = Release|Any CPU
		{34186C3B-C308-4CAE-B462-DB7B5F5E378C}.Release|x86.Build.0 = Release|Any CPU
		{37619116-CCE8-465A-8B1F-081CA53364BB}.Debug|Any CPU.ActiveCfg = Debug|Any CPU
		{37619116-CCE8-465A-8B1F-081CA53364BB}.Debug|Any CPU.Build.0 = Debug|Any CPU
		{37619116-CCE8-465A-8B1F-081CA53364BB}.Debug|x64.ActiveCfg = Debug|Any CPU
		{37619116-CCE8-465A-8B1F-081CA53364BB}.Debug|x64.Build.0 = Debug|Any CPU
		{37619116-CCE8-465A-8B1F-081CA53364BB}.Debug|x86.ActiveCfg = Debug|Any CPU
		{37619116-CCE8-465A-8B1F-081CA53364BB}.Debug|x86.Build.0 = Debug|Any CPU
		{37619116-CCE8-465A-8B1F-081CA53364BB}.Release|Any CPU.ActiveCfg = Release|Any CPU
		{37619116-CCE8-465A-8B1F-081CA53364BB}.Release|Any CPU.Build.0 = Release|Any CPU
		{37619116-CCE8-465A-8B1F-081CA53364BB}.Release|x64.ActiveCfg = Release|Any CPU
		{37619116-CCE8-465A-8B1F-081CA53364BB}.Release|x64.Build.0 = Release|Any CPU
		{37619116-CCE8-465A-8B1F-081CA53364BB}.Release|x86.ActiveCfg = Release|Any CPU
		{37619116-CCE8-465A-8B1F-081CA53364BB}.Release|x86.Build.0 = Release|Any CPU
		{EC61D2C4-7EAB-474F-9C4F-D93DE57A64F1}.Debug|Any CPU.ActiveCfg = Debug|Any CPU
		{EC61D2C4-7EAB-474F-9C4F-D93DE57A64F1}.Debug|Any CPU.Build.0 = Debug|Any CPU
		{EC61D2C4-7EAB-474F-9C4F-D93DE57A64F1}.Debug|x64.ActiveCfg = Debug|Any CPU
		{EC61D2C4-7EAB-474F-9C4F-D93DE57A64F1}.Debug|x64.Build.0 = Debug|Any CPU
		{EC61D2C4-7EAB-474F-9C4F-D93DE57A64F1}.Debug|x86.ActiveCfg = Debug|Any CPU
		{EC61D2C4-7EAB-474F-9C4F-D93DE57A64F1}.Debug|x86.Build.0 = Debug|Any CPU
		{EC61D2C4-7EAB-474F-9C4F-D93DE57A64F1}.Release|Any CPU.ActiveCfg = Release|Any CPU
		{EC61D2C4-7EAB-474F-9C4F-D93DE57A64F1}.Release|Any CPU.Build.0 = Release|Any CPU
		{EC61D2C4-7EAB-474F-9C4F-D93DE57A64F1}.Release|x64.ActiveCfg = Release|Any CPU
		{EC61D2C4-7EAB-474F-9C4F-D93DE57A64F1}.Release|x64.Build.0 = Release|Any CPU
		{EC61D2C4-7EAB-474F-9C4F-D93DE57A64F1}.Release|x86.ActiveCfg = Release|Any CPU
		{EC61D2C4-7EAB-474F-9C4F-D93DE57A64F1}.Release|x86.Build.0 = Release|Any CPU
		{0784CDC9-0F52-4B8B-9488-6589C11E94E2}.Debug|Any CPU.ActiveCfg = Debug|Any CPU
		{0784CDC9-0F52-4B8B-9488-6589C11E94E2}.Debug|Any CPU.Build.0 = Debug|Any CPU
		{0784CDC9-0F52-4B8B-9488-6589C11E94E2}.Debug|x64.ActiveCfg = Debug|Any CPU
		{0784CDC9-0F52-4B8B-9488-6589C11E94E2}.Debug|x64.Build.0 = Debug|Any CPU
		{0784CDC9-0F52-4B8B-9488-6589C11E94E2}.Debug|x86.ActiveCfg = Debug|Any CPU
		{0784CDC9-0F52-4B8B-9488-6589C11E94E2}.Debug|x86.Build.0 = Debug|Any CPU
		{0784CDC9-0F52-4B8B-9488-6589C11E94E2}.Release|Any CPU.ActiveCfg = Release|Any CPU
		{0784CDC9-0F52-4B8B-9488-6589C11E94E2}.Release|Any CPU.Build.0 = Release|Any CPU
		{0784CDC9-0F52-4B8B-9488-6589C11E94E2}.Release|x64.ActiveCfg = Release|Any CPU
		{0784CDC9-0F52-4B8B-9488-6589C11E94E2}.Release|x64.Build.0 = Release|Any CPU
		{0784CDC9-0F52-4B8B-9488-6589C11E94E2}.Release|x86.ActiveCfg = Release|Any CPU
		{0784CDC9-0F52-4B8B-9488-6589C11E94E2}.Release|x86.Build.0 = Release|Any CPU
		{5A6C387F-54C6-43D8-8578-D10D0064DFC0}.Debug|Any CPU.ActiveCfg = Debug|Any CPU
		{5A6C387F-54C6-43D8-8578-D10D0064DFC0}.Debug|Any CPU.Build.0 = Debug|Any CPU
		{5A6C387F-54C6-43D8-8578-D10D0064DFC0}.Debug|x64.ActiveCfg = Debug|Any CPU
		{5A6C387F-54C6-43D8-8578-D10D0064DFC0}.Debug|x64.Build.0 = Debug|Any CPU
		{5A6C387F-54C6-43D8-8578-D10D0064DFC0}.Debug|x86.ActiveCfg = Debug|Any CPU
		{5A6C387F-54C6-43D8-8578-D10D0064DFC0}.Debug|x86.Build.0 = Debug|Any CPU
		{5A6C387F-54C6-43D8-8578-D10D0064DFC0}.Release|Any CPU.ActiveCfg = Release|Any CPU
		{5A6C387F-54C6-43D8-8578-D10D0064DFC0}.Release|Any CPU.Build.0 = Release|Any CPU
		{5A6C387F-54C6-43D8-8578-D10D0064DFC0}.Release|x64.ActiveCfg = Release|Any CPU
		{5A6C387F-54C6-43D8-8578-D10D0064DFC0}.Release|x64.Build.0 = Release|Any CPU
		{5A6C387F-54C6-43D8-8578-D10D0064DFC0}.Release|x86.ActiveCfg = Release|Any CPU
		{5A6C387F-54C6-43D8-8578-D10D0064DFC0}.Release|x86.Build.0 = Release|Any CPU
		{E8C1ED12-E4A6-46A3-9D85-3EEE91FECA57}.Debug|Any CPU.ActiveCfg = Debug|Any CPU
		{E8C1ED12-E4A6-46A3-9D85-3EEE91FECA57}.Debug|Any CPU.Build.0 = Debug|Any CPU
		{E8C1ED12-E4A6-46A3-9D85-3EEE91FECA57}.Debug|x64.ActiveCfg = Debug|Any CPU
		{E8C1ED12-E4A6-46A3-9D85-3EEE91FECA57}.Debug|x64.Build.0 = Debug|Any CPU
		{E8C1ED12-E4A6-46A3-9D85-3EEE91FECA57}.Debug|x86.ActiveCfg = Debug|Any CPU
		{E8C1ED12-E4A6-46A3-9D85-3EEE91FECA57}.Debug|x86.Build.0 = Debug|Any CPU
		{E8C1ED12-E4A6-46A3-9D85-3EEE91FECA57}.Release|Any CPU.ActiveCfg = Release|Any CPU
		{E8C1ED12-E4A6-46A3-9D85-3EEE91FECA57}.Release|Any CPU.Build.0 = Release|Any CPU
		{E8C1ED12-E4A6-46A3-9D85-3EEE91FECA57}.Release|x64.ActiveCfg = Release|Any CPU
		{E8C1ED12-E4A6-46A3-9D85-3EEE91FECA57}.Release|x64.Build.0 = Release|Any CPU
		{E8C1ED12-E4A6-46A3-9D85-3EEE91FECA57}.Release|x86.ActiveCfg = Release|Any CPU
		{E8C1ED12-E4A6-46A3-9D85-3EEE91FECA57}.Release|x86.Build.0 = Release|Any CPU
		{7A2CB571-8596-4169-8E72-7D2FF3B4660B}.Debug|Any CPU.ActiveCfg = Debug|Any CPU
		{7A2CB571-8596-4169-8E72-7D2FF3B4660B}.Debug|Any CPU.Build.0 = Debug|Any CPU
		{7A2CB571-8596-4169-8E72-7D2FF3B4660B}.Debug|x64.ActiveCfg = Debug|Any CPU
		{7A2CB571-8596-4169-8E72-7D2FF3B4660B}.Debug|x64.Build.0 = Debug|Any CPU
		{7A2CB571-8596-4169-8E72-7D2FF3B4660B}.Debug|x86.ActiveCfg = Debug|Any CPU
		{7A2CB571-8596-4169-8E72-7D2FF3B4660B}.Debug|x86.Build.0 = Debug|Any CPU
		{7A2CB571-8596-4169-8E72-7D2FF3B4660B}.Release|Any CPU.ActiveCfg = Release|Any CPU
		{7A2CB571-8596-4169-8E72-7D2FF3B4660B}.Release|Any CPU.Build.0 = Release|Any CPU
		{7A2CB571-8596-4169-8E72-7D2FF3B4660B}.Release|x64.ActiveCfg = Release|Any CPU
		{7A2CB571-8596-4169-8E72-7D2FF3B4660B}.Release|x64.Build.0 = Release|Any CPU
		{7A2CB571-8596-4169-8E72-7D2FF3B4660B}.Release|x86.ActiveCfg = Release|Any CPU
		{7A2CB571-8596-4169-8E72-7D2FF3B4660B}.Release|x86.Build.0 = Release|Any CPU
		{02EA99F0-EA5E-47C7-9B42-1B23AF33D8E5}.Debug|Any CPU.ActiveCfg = Debug|Any CPU
		{02EA99F0-EA5E-47C7-9B42-1B23AF33D8E5}.Debug|Any CPU.Build.0 = Debug|Any CPU
		{02EA99F0-EA5E-47C7-9B42-1B23AF33D8E5}.Debug|x64.ActiveCfg = Debug|Any CPU
		{02EA99F0-EA5E-47C7-9B42-1B23AF33D8E5}.Debug|x64.Build.0 = Debug|Any CPU
		{02EA99F0-EA5E-47C7-9B42-1B23AF33D8E5}.Debug|x86.ActiveCfg = Debug|Any CPU
		{02EA99F0-EA5E-47C7-9B42-1B23AF33D8E5}.Debug|x86.Build.0 = Debug|Any CPU
		{02EA99F0-EA5E-47C7-9B42-1B23AF33D8E5}.Release|Any CPU.ActiveCfg = Release|Any CPU
		{02EA99F0-EA5E-47C7-9B42-1B23AF33D8E5}.Release|Any CPU.Build.0 = Release|Any CPU
		{02EA99F0-EA5E-47C7-9B42-1B23AF33D8E5}.Release|x64.ActiveCfg = Release|Any CPU
		{02EA99F0-EA5E-47C7-9B42-1B23AF33D8E5}.Release|x64.Build.0 = Release|Any CPU
		{02EA99F0-EA5E-47C7-9B42-1B23AF33D8E5}.Release|x86.ActiveCfg = Release|Any CPU
		{02EA99F0-EA5E-47C7-9B42-1B23AF33D8E5}.Release|x86.Build.0 = Release|Any CPU
		{34D52021-91AF-4EA1-87A3-A41558215CE6}.Debug|Any CPU.ActiveCfg = Debug|Any CPU
		{34D52021-91AF-4EA1-87A3-A41558215CE6}.Debug|Any CPU.Build.0 = Debug|Any CPU
		{34D52021-91AF-4EA1-87A3-A41558215CE6}.Debug|x64.ActiveCfg = Debug|Any CPU
		{34D52021-91AF-4EA1-87A3-A41558215CE6}.Debug|x64.Build.0 = Debug|Any CPU
		{34D52021-91AF-4EA1-87A3-A41558215CE6}.Debug|x86.ActiveCfg = Debug|Any CPU
		{34D52021-91AF-4EA1-87A3-A41558215CE6}.Debug|x86.Build.0 = Debug|Any CPU
		{34D52021-91AF-4EA1-87A3-A41558215CE6}.Release|Any CPU.ActiveCfg = Release|Any CPU
		{34D52021-91AF-4EA1-87A3-A41558215CE6}.Release|Any CPU.Build.0 = Release|Any CPU
		{34D52021-91AF-4EA1-87A3-A41558215CE6}.Release|x64.ActiveCfg = Release|Any CPU
		{34D52021-91AF-4EA1-87A3-A41558215CE6}.Release|x64.Build.0 = Release|Any CPU
		{34D52021-91AF-4EA1-87A3-A41558215CE6}.Release|x86.ActiveCfg = Release|Any CPU
		{34D52021-91AF-4EA1-87A3-A41558215CE6}.Release|x86.Build.0 = Release|Any CPU
		{DB4162BE-0475-4713-8CAB-ED3618B7CB3B}.Debug|Any CPU.ActiveCfg = Debug|Any CPU
		{DB4162BE-0475-4713-8CAB-ED3618B7CB3B}.Debug|Any CPU.Build.0 = Debug|Any CPU
		{DB4162BE-0475-4713-8CAB-ED3618B7CB3B}.Debug|x64.ActiveCfg = Debug|Any CPU
		{DB4162BE-0475-4713-8CAB-ED3618B7CB3B}.Debug|x64.Build.0 = Debug|Any CPU
		{DB4162BE-0475-4713-8CAB-ED3618B7CB3B}.Debug|x86.ActiveCfg = Debug|Any CPU
		{DB4162BE-0475-4713-8CAB-ED3618B7CB3B}.Debug|x86.Build.0 = Debug|Any CPU
		{DB4162BE-0475-4713-8CAB-ED3618B7CB3B}.Release|Any CPU.ActiveCfg = Release|Any CPU
		{DB4162BE-0475-4713-8CAB-ED3618B7CB3B}.Release|Any CPU.Build.0 = Release|Any CPU
		{DB4162BE-0475-4713-8CAB-ED3618B7CB3B}.Release|x64.ActiveCfg = Release|Any CPU
		{DB4162BE-0475-4713-8CAB-ED3618B7CB3B}.Release|x64.Build.0 = Release|Any CPU
		{DB4162BE-0475-4713-8CAB-ED3618B7CB3B}.Release|x86.ActiveCfg = Release|Any CPU
		{DB4162BE-0475-4713-8CAB-ED3618B7CB3B}.Release|x86.Build.0 = Release|Any CPU
		{CC9613B8-3B54-460E-93A4-6C54C9EA6FB2}.Debug|Any CPU.ActiveCfg = Debug|Any CPU
		{CC9613B8-3B54-460E-93A4-6C54C9EA6FB2}.Debug|Any CPU.Build.0 = Debug|Any CPU
		{CC9613B8-3B54-460E-93A4-6C54C9EA6FB2}.Debug|x64.ActiveCfg = Debug|Any CPU
		{CC9613B8-3B54-460E-93A4-6C54C9EA6FB2}.Debug|x64.Build.0 = Debug|Any CPU
		{CC9613B8-3B54-460E-93A4-6C54C9EA6FB2}.Debug|x86.ActiveCfg = Debug|Any CPU
		{CC9613B8-3B54-460E-93A4-6C54C9EA6FB2}.Debug|x86.Build.0 = Debug|Any CPU
		{CC9613B8-3B54-460E-93A4-6C54C9EA6FB2}.Release|Any CPU.ActiveCfg = Release|Any CPU
		{CC9613B8-3B54-460E-93A4-6C54C9EA6FB2}.Release|Any CPU.Build.0 = Release|Any CPU
		{CC9613B8-3B54-460E-93A4-6C54C9EA6FB2}.Release|x64.ActiveCfg = Release|Any CPU
		{CC9613B8-3B54-460E-93A4-6C54C9EA6FB2}.Release|x64.Build.0 = Release|Any CPU
		{CC9613B8-3B54-460E-93A4-6C54C9EA6FB2}.Release|x86.ActiveCfg = Release|Any CPU
		{CC9613B8-3B54-460E-93A4-6C54C9EA6FB2}.Release|x86.Build.0 = Release|Any CPU
		{D69325FA-A62E-45F4-9E6C-E27C33552522}.Debug|Any CPU.ActiveCfg = Debug|Any CPU
		{D69325FA-A62E-45F4-9E6C-E27C33552522}.Debug|Any CPU.Build.0 = Debug|Any CPU
		{D69325FA-A62E-45F4-9E6C-E27C33552522}.Debug|x64.ActiveCfg = Debug|Any CPU
		{D69325FA-A62E-45F4-9E6C-E27C33552522}.Debug|x64.Build.0 = Debug|Any CPU
		{D69325FA-A62E-45F4-9E6C-E27C33552522}.Debug|x86.ActiveCfg = Debug|Any CPU
		{D69325FA-A62E-45F4-9E6C-E27C33552522}.Debug|x86.Build.0 = Debug|Any CPU
		{D69325FA-A62E-45F4-9E6C-E27C33552522}.Release|Any CPU.ActiveCfg = Release|Any CPU
		{D69325FA-A62E-45F4-9E6C-E27C33552522}.Release|Any CPU.Build.0 = Release|Any CPU
		{D69325FA-A62E-45F4-9E6C-E27C33552522}.Release|x64.ActiveCfg = Release|Any CPU
		{D69325FA-A62E-45F4-9E6C-E27C33552522}.Release|x64.Build.0 = Release|Any CPU
		{D69325FA-A62E-45F4-9E6C-E27C33552522}.Release|x86.ActiveCfg = Release|Any CPU
		{D69325FA-A62E-45F4-9E6C-E27C33552522}.Release|x86.Build.0 = Release|Any CPU
		{A166674C-7FBA-43CC-BE79-70A2650647FF}.Debug|Any CPU.ActiveCfg = Debug|x86
		{A166674C-7FBA-43CC-BE79-70A2650647FF}.Debug|Any CPU.Build.0 = Debug|x86
		{A166674C-7FBA-43CC-BE79-70A2650647FF}.Debug|x64.ActiveCfg = Debug|x86
		{A166674C-7FBA-43CC-BE79-70A2650647FF}.Debug|x64.Build.0 = Debug|x86
		{A166674C-7FBA-43CC-BE79-70A2650647FF}.Debug|x86.ActiveCfg = Debug|x86
		{A166674C-7FBA-43CC-BE79-70A2650647FF}.Debug|x86.Build.0 = Debug|x86
		{A166674C-7FBA-43CC-BE79-70A2650647FF}.Release|Any CPU.ActiveCfg = Release|x86
		{A166674C-7FBA-43CC-BE79-70A2650647FF}.Release|Any CPU.Build.0 = Release|x86
		{A166674C-7FBA-43CC-BE79-70A2650647FF}.Release|x64.ActiveCfg = Release|x86
		{A166674C-7FBA-43CC-BE79-70A2650647FF}.Release|x64.Build.0 = Release|x86
		{A166674C-7FBA-43CC-BE79-70A2650647FF}.Release|x86.ActiveCfg = Release|x86
		{A166674C-7FBA-43CC-BE79-70A2650647FF}.Release|x86.Build.0 = Release|x86
		{77B5CB63-E14B-4253-881D-6BE9D7C57076}.Debug|Any CPU.ActiveCfg = Debug|x86
		{77B5CB63-E14B-4253-881D-6BE9D7C57076}.Debug|Any CPU.Build.0 = Debug|x86
		{77B5CB63-E14B-4253-881D-6BE9D7C57076}.Debug|x64.ActiveCfg = Debug|x86
		{77B5CB63-E14B-4253-881D-6BE9D7C57076}.Debug|x64.Build.0 = Debug|x86
		{77B5CB63-E14B-4253-881D-6BE9D7C57076}.Debug|x86.ActiveCfg = Debug|x86
		{77B5CB63-E14B-4253-881D-6BE9D7C57076}.Debug|x86.Build.0 = Debug|x86
		{77B5CB63-E14B-4253-881D-6BE9D7C57076}.Release|Any CPU.ActiveCfg = Release|x86
		{77B5CB63-E14B-4253-881D-6BE9D7C57076}.Release|Any CPU.Build.0 = Release|x86
		{77B5CB63-E14B-4253-881D-6BE9D7C57076}.Release|x64.ActiveCfg = Release|x86
		{77B5CB63-E14B-4253-881D-6BE9D7C57076}.Release|x64.Build.0 = Release|x86
		{77B5CB63-E14B-4253-881D-6BE9D7C57076}.Release|x86.ActiveCfg = Release|x86
		{77B5CB63-E14B-4253-881D-6BE9D7C57076}.Release|x86.Build.0 = Release|x86
		{73178BA5-36F2-48F8-9A8D-B7FA0F17FE8E}.Debug|Any CPU.ActiveCfg = Debug|Any CPU
		{73178BA5-36F2-48F8-9A8D-B7FA0F17FE8E}.Debug|Any CPU.Build.0 = Debug|Any CPU
		{73178BA5-36F2-48F8-9A8D-B7FA0F17FE8E}.Debug|x64.ActiveCfg = Debug|Any CPU
		{73178BA5-36F2-48F8-9A8D-B7FA0F17FE8E}.Debug|x64.Build.0 = Debug|Any CPU
		{73178BA5-36F2-48F8-9A8D-B7FA0F17FE8E}.Debug|x86.ActiveCfg = Debug|Any CPU
		{73178BA5-36F2-48F8-9A8D-B7FA0F17FE8E}.Debug|x86.Build.0 = Debug|Any CPU
		{73178BA5-36F2-48F8-9A8D-B7FA0F17FE8E}.Release|Any CPU.ActiveCfg = Release|Any CPU
		{73178BA5-36F2-48F8-9A8D-B7FA0F17FE8E}.Release|Any CPU.Build.0 = Release|Any CPU
		{73178BA5-36F2-48F8-9A8D-B7FA0F17FE8E}.Release|x64.ActiveCfg = Release|Any CPU
		{73178BA5-36F2-48F8-9A8D-B7FA0F17FE8E}.Release|x64.Build.0 = Release|Any CPU
		{73178BA5-36F2-48F8-9A8D-B7FA0F17FE8E}.Release|x86.ActiveCfg = Release|Any CPU
		{73178BA5-36F2-48F8-9A8D-B7FA0F17FE8E}.Release|x86.Build.0 = Release|Any CPU
		{486657DF-F4EC-464B-99ED-3C9A2CFEE2F9}.Debug|Any CPU.ActiveCfg = Debug|Any CPU
		{486657DF-F4EC-464B-99ED-3C9A2CFEE2F9}.Debug|Any CPU.Build.0 = Debug|Any CPU
		{486657DF-F4EC-464B-99ED-3C9A2CFEE2F9}.Debug|x64.ActiveCfg = Debug|Any CPU
		{486657DF-F4EC-464B-99ED-3C9A2CFEE2F9}.Debug|x64.Build.0 = Debug|Any CPU
		{486657DF-F4EC-464B-99ED-3C9A2CFEE2F9}.Debug|x86.ActiveCfg = Debug|Any CPU
		{486657DF-F4EC-464B-99ED-3C9A2CFEE2F9}.Debug|x86.Build.0 = Debug|Any CPU
		{486657DF-F4EC-464B-99ED-3C9A2CFEE2F9}.Release|Any CPU.ActiveCfg = Release|Any CPU
		{486657DF-F4EC-464B-99ED-3C9A2CFEE2F9}.Release|Any CPU.Build.0 = Release|Any CPU
		{486657DF-F4EC-464B-99ED-3C9A2CFEE2F9}.Release|x64.ActiveCfg = Release|Any CPU
		{486657DF-F4EC-464B-99ED-3C9A2CFEE2F9}.Release|x64.Build.0 = Release|Any CPU
		{486657DF-F4EC-464B-99ED-3C9A2CFEE2F9}.Release|x86.ActiveCfg = Release|Any CPU
		{486657DF-F4EC-464B-99ED-3C9A2CFEE2F9}.Release|x86.Build.0 = Release|Any CPU
		{07BB7B22-E08A-4D86-8728-8ECE06401730}.Debug|Any CPU.ActiveCfg = Debug|Any CPU
		{07BB7B22-E08A-4D86-8728-8ECE06401730}.Debug|Any CPU.Build.0 = Debug|Any CPU
		{07BB7B22-E08A-4D86-8728-8ECE06401730}.Debug|x64.ActiveCfg = Debug|Any CPU
		{07BB7B22-E08A-4D86-8728-8ECE06401730}.Debug|x64.Build.0 = Debug|Any CPU
		{07BB7B22-E08A-4D86-8728-8ECE06401730}.Debug|x86.ActiveCfg = Debug|Any CPU
		{07BB7B22-E08A-4D86-8728-8ECE06401730}.Debug|x86.Build.0 = Debug|Any CPU
		{07BB7B22-E08A-4D86-8728-8ECE06401730}.Release|Any CPU.ActiveCfg = Release|Any CPU
		{07BB7B22-E08A-4D86-8728-8ECE06401730}.Release|Any CPU.Build.0 = Release|Any CPU
		{07BB7B22-E08A-4D86-8728-8ECE06401730}.Release|x64.ActiveCfg = Release|Any CPU
		{07BB7B22-E08A-4D86-8728-8ECE06401730}.Release|x64.Build.0 = Release|Any CPU
		{07BB7B22-E08A-4D86-8728-8ECE06401730}.Release|x86.ActiveCfg = Release|Any CPU
		{07BB7B22-E08A-4D86-8728-8ECE06401730}.Release|x86.Build.0 = Release|Any CPU
		{B442334F-F379-4BF0-8395-8CC4610F10AD}.Debug|Any CPU.ActiveCfg = Debug|Any CPU
		{B442334F-F379-4BF0-8395-8CC4610F10AD}.Debug|Any CPU.Build.0 = Debug|Any CPU
		{B442334F-F379-4BF0-8395-8CC4610F10AD}.Debug|x64.ActiveCfg = Debug|Any CPU
		{B442334F-F379-4BF0-8395-8CC4610F10AD}.Debug|x64.Build.0 = Debug|Any CPU
		{B442334F-F379-4BF0-8395-8CC4610F10AD}.Debug|x86.ActiveCfg = Debug|Any CPU
		{B442334F-F379-4BF0-8395-8CC4610F10AD}.Debug|x86.Build.0 = Debug|Any CPU
		{B442334F-F379-4BF0-8395-8CC4610F10AD}.Release|Any CPU.ActiveCfg = Release|Any CPU
		{B442334F-F379-4BF0-8395-8CC4610F10AD}.Release|Any CPU.Build.0 = Release|Any CPU
		{B442334F-F379-4BF0-8395-8CC4610F10AD}.Release|x64.ActiveCfg = Release|Any CPU
		{B442334F-F379-4BF0-8395-8CC4610F10AD}.Release|x64.Build.0 = Release|Any CPU
		{B442334F-F379-4BF0-8395-8CC4610F10AD}.Release|x86.ActiveCfg = Release|Any CPU
		{B442334F-F379-4BF0-8395-8CC4610F10AD}.Release|x86.Build.0 = Release|Any CPU
		{422945BF-EBA1-4970-9967-950995E5E936}.Debug|Any CPU.ActiveCfg = Debug|Any CPU
		{422945BF-EBA1-4970-9967-950995E5E936}.Debug|Any CPU.Build.0 = Debug|Any CPU
		{422945BF-EBA1-4970-9967-950995E5E936}.Debug|x64.ActiveCfg = Debug|Any CPU
		{422945BF-EBA1-4970-9967-950995E5E936}.Debug|x64.Build.0 = Debug|Any CPU
		{422945BF-EBA1-4970-9967-950995E5E936}.Debug|x86.ActiveCfg = Debug|Any CPU
		{422945BF-EBA1-4970-9967-950995E5E936}.Debug|x86.Build.0 = Debug|Any CPU
		{422945BF-EBA1-4970-9967-950995E5E936}.Release|Any CPU.ActiveCfg = Release|Any CPU
		{422945BF-EBA1-4970-9967-950995E5E936}.Release|Any CPU.Build.0 = Release|Any CPU
		{422945BF-EBA1-4970-9967-950995E5E936}.Release|x64.ActiveCfg = Release|Any CPU
		{422945BF-EBA1-4970-9967-950995E5E936}.Release|x64.Build.0 = Release|Any CPU
		{422945BF-EBA1-4970-9967-950995E5E936}.Release|x86.ActiveCfg = Release|Any CPU
		{422945BF-EBA1-4970-9967-950995E5E936}.Release|x86.Build.0 = Release|Any CPU
		{8A21705A-4505-4EAD-816E-867F47A3CCF4}.Debug|Any CPU.ActiveCfg = Debug|Any CPU
		{8A21705A-4505-4EAD-816E-867F47A3CCF4}.Debug|Any CPU.Build.0 = Debug|Any CPU
		{8A21705A-4505-4EAD-816E-867F47A3CCF4}.Debug|x64.ActiveCfg = Debug|Any CPU
		{8A21705A-4505-4EAD-816E-867F47A3CCF4}.Debug|x64.Build.0 = Debug|Any CPU
		{8A21705A-4505-4EAD-816E-867F47A3CCF4}.Debug|x86.ActiveCfg = Debug|Any CPU
		{8A21705A-4505-4EAD-816E-867F47A3CCF4}.Debug|x86.Build.0 = Debug|Any CPU
		{8A21705A-4505-4EAD-816E-867F47A3CCF4}.Release|Any CPU.ActiveCfg = Release|Any CPU
		{8A21705A-4505-4EAD-816E-867F47A3CCF4}.Release|Any CPU.Build.0 = Release|Any CPU
		{8A21705A-4505-4EAD-816E-867F47A3CCF4}.Release|x64.ActiveCfg = Release|Any CPU
		{8A21705A-4505-4EAD-816E-867F47A3CCF4}.Release|x64.Build.0 = Release|Any CPU
		{8A21705A-4505-4EAD-816E-867F47A3CCF4}.Release|x86.ActiveCfg = Release|Any CPU
		{8A21705A-4505-4EAD-816E-867F47A3CCF4}.Release|x86.Build.0 = Release|Any CPU
		{2330B1B7-943C-4B5F-B88D-60C24A37B298}.Debug|Any CPU.ActiveCfg = Debug|Any CPU
		{2330B1B7-943C-4B5F-B88D-60C24A37B298}.Debug|Any CPU.Build.0 = Debug|Any CPU
		{2330B1B7-943C-4B5F-B88D-60C24A37B298}.Debug|x64.ActiveCfg = Debug|Any CPU
		{2330B1B7-943C-4B5F-B88D-60C24A37B298}.Debug|x64.Build.0 = Debug|Any CPU
		{2330B1B7-943C-4B5F-B88D-60C24A37B298}.Debug|x86.ActiveCfg = Debug|Any CPU
		{2330B1B7-943C-4B5F-B88D-60C24A37B298}.Debug|x86.Build.0 = Debug|Any CPU
		{2330B1B7-943C-4B5F-B88D-60C24A37B298}.Release|Any CPU.ActiveCfg = Release|Any CPU
		{2330B1B7-943C-4B5F-B88D-60C24A37B298}.Release|Any CPU.Build.0 = Release|Any CPU
		{2330B1B7-943C-4B5F-B88D-60C24A37B298}.Release|x64.ActiveCfg = Release|Any CPU
		{2330B1B7-943C-4B5F-B88D-60C24A37B298}.Release|x64.Build.0 = Release|Any CPU
		{2330B1B7-943C-4B5F-B88D-60C24A37B298}.Release|x86.ActiveCfg = Release|Any CPU
		{2330B1B7-943C-4B5F-B88D-60C24A37B298}.Release|x86.Build.0 = Release|Any CPU
		{1B90C2EE-8BF4-4614-B35C-3C78B015CDEC}.Debug|Any CPU.ActiveCfg = Debug|Any CPU
		{1B90C2EE-8BF4-4614-B35C-3C78B015CDEC}.Debug|Any CPU.Build.0 = Debug|Any CPU
		{1B90C2EE-8BF4-4614-B35C-3C78B015CDEC}.Debug|x64.ActiveCfg = Debug|Any CPU
		{1B90C2EE-8BF4-4614-B35C-3C78B015CDEC}.Debug|x64.Build.0 = Debug|Any CPU
		{1B90C2EE-8BF4-4614-B35C-3C78B015CDEC}.Debug|x86.ActiveCfg = Debug|Any CPU
		{1B90C2EE-8BF4-4614-B35C-3C78B015CDEC}.Debug|x86.Build.0 = Debug|Any CPU
		{1B90C2EE-8BF4-4614-B35C-3C78B015CDEC}.Release|Any CPU.ActiveCfg = Release|Any CPU
		{1B90C2EE-8BF4-4614-B35C-3C78B015CDEC}.Release|Any CPU.Build.0 = Release|Any CPU
		{1B90C2EE-8BF4-4614-B35C-3C78B015CDEC}.Release|x64.ActiveCfg = Release|Any CPU
		{1B90C2EE-8BF4-4614-B35C-3C78B015CDEC}.Release|x64.Build.0 = Release|Any CPU
		{1B90C2EE-8BF4-4614-B35C-3C78B015CDEC}.Release|x86.ActiveCfg = Release|Any CPU
		{1B90C2EE-8BF4-4614-B35C-3C78B015CDEC}.Release|x86.Build.0 = Release|Any CPU
		{28EE4A2F-2666-46F4-80C5-72253AD46CBD}.Debug|Any CPU.ActiveCfg = Debug|Any CPU
		{28EE4A2F-2666-46F4-80C5-72253AD46CBD}.Debug|Any CPU.Build.0 = Debug|Any CPU
		{28EE4A2F-2666-46F4-80C5-72253AD46CBD}.Debug|x64.ActiveCfg = Debug|Any CPU
		{28EE4A2F-2666-46F4-80C5-72253AD46CBD}.Debug|x64.Build.0 = Debug|Any CPU
		{28EE4A2F-2666-46F4-80C5-72253AD46CBD}.Debug|x86.ActiveCfg = Debug|Any CPU
		{28EE4A2F-2666-46F4-80C5-72253AD46CBD}.Debug|x86.Build.0 = Debug|Any CPU
		{28EE4A2F-2666-46F4-80C5-72253AD46CBD}.Release|Any CPU.ActiveCfg = Release|Any CPU
		{28EE4A2F-2666-46F4-80C5-72253AD46CBD}.Release|Any CPU.Build.0 = Release|Any CPU
		{28EE4A2F-2666-46F4-80C5-72253AD46CBD}.Release|x64.ActiveCfg = Release|Any CPU
		{28EE4A2F-2666-46F4-80C5-72253AD46CBD}.Release|x64.Build.0 = Release|Any CPU
		{28EE4A2F-2666-46F4-80C5-72253AD46CBD}.Release|x86.ActiveCfg = Release|Any CPU
		{28EE4A2F-2666-46F4-80C5-72253AD46CBD}.Release|x86.Build.0 = Release|Any CPU
		{19CDD1F5-F997-46FB-BF3F-901BD1E77C5E}.Debug|Any CPU.ActiveCfg = Debug|Any CPU
		{19CDD1F5-F997-46FB-BF3F-901BD1E77C5E}.Debug|Any CPU.Build.0 = Debug|Any CPU
		{19CDD1F5-F997-46FB-BF3F-901BD1E77C5E}.Debug|x64.ActiveCfg = Debug|Any CPU
		{19CDD1F5-F997-46FB-BF3F-901BD1E77C5E}.Debug|x64.Build.0 = Debug|Any CPU
		{19CDD1F5-F997-46FB-BF3F-901BD1E77C5E}.Debug|x86.ActiveCfg = Debug|Any CPU
		{19CDD1F5-F997-46FB-BF3F-901BD1E77C5E}.Debug|x86.Build.0 = Debug|Any CPU
		{19CDD1F5-F997-46FB-BF3F-901BD1E77C5E}.Release|Any CPU.ActiveCfg = Release|Any CPU
		{19CDD1F5-F997-46FB-BF3F-901BD1E77C5E}.Release|Any CPU.Build.0 = Release|Any CPU
		{19CDD1F5-F997-46FB-BF3F-901BD1E77C5E}.Release|x64.ActiveCfg = Release|Any CPU
		{19CDD1F5-F997-46FB-BF3F-901BD1E77C5E}.Release|x64.Build.0 = Release|Any CPU
		{19CDD1F5-F997-46FB-BF3F-901BD1E77C5E}.Release|x86.ActiveCfg = Release|Any CPU
		{19CDD1F5-F997-46FB-BF3F-901BD1E77C5E}.Release|x86.Build.0 = Release|Any CPU
		{72316BB7-B134-480E-9D67-FA1C82A46A1C}.Debug|Any CPU.ActiveCfg = Debug|Any CPU
		{72316BB7-B134-480E-9D67-FA1C82A46A1C}.Debug|Any CPU.Build.0 = Debug|Any CPU
		{72316BB7-B134-480E-9D67-FA1C82A46A1C}.Debug|x64.ActiveCfg = Debug|Any CPU
		{72316BB7-B134-480E-9D67-FA1C82A46A1C}.Debug|x64.Build.0 = Debug|Any CPU
		{72316BB7-B134-480E-9D67-FA1C82A46A1C}.Debug|x86.ActiveCfg = Debug|Any CPU
		{72316BB7-B134-480E-9D67-FA1C82A46A1C}.Debug|x86.Build.0 = Debug|Any CPU
		{72316BB7-B134-480E-9D67-FA1C82A46A1C}.Release|Any CPU.ActiveCfg = Release|Any CPU
		{72316BB7-B134-480E-9D67-FA1C82A46A1C}.Release|Any CPU.Build.0 = Release|Any CPU
		{72316BB7-B134-480E-9D67-FA1C82A46A1C}.Release|x64.ActiveCfg = Release|Any CPU
		{72316BB7-B134-480E-9D67-FA1C82A46A1C}.Release|x64.Build.0 = Release|Any CPU
		{72316BB7-B134-480E-9D67-FA1C82A46A1C}.Release|x86.ActiveCfg = Release|Any CPU
		{72316BB7-B134-480E-9D67-FA1C82A46A1C}.Release|x86.Build.0 = Release|Any CPU
		{4D788502-0340-48FD-9FEC-C1D0122873EB}.Debug|Any CPU.ActiveCfg = Debug|Any CPU
		{4D788502-0340-48FD-9FEC-C1D0122873EB}.Debug|Any CPU.Build.0 = Debug|Any CPU
		{4D788502-0340-48FD-9FEC-C1D0122873EB}.Debug|x64.ActiveCfg = Debug|Any CPU
		{4D788502-0340-48FD-9FEC-C1D0122873EB}.Debug|x64.Build.0 = Debug|Any CPU
		{4D788502-0340-48FD-9FEC-C1D0122873EB}.Debug|x86.ActiveCfg = Debug|Any CPU
		{4D788502-0340-48FD-9FEC-C1D0122873EB}.Debug|x86.Build.0 = Debug|Any CPU
		{4D788502-0340-48FD-9FEC-C1D0122873EB}.Release|Any CPU.ActiveCfg = Release|Any CPU
		{4D788502-0340-48FD-9FEC-C1D0122873EB}.Release|Any CPU.Build.0 = Release|Any CPU
		{4D788502-0340-48FD-9FEC-C1D0122873EB}.Release|x64.ActiveCfg = Release|Any CPU
		{4D788502-0340-48FD-9FEC-C1D0122873EB}.Release|x64.Build.0 = Release|Any CPU
		{4D788502-0340-48FD-9FEC-C1D0122873EB}.Release|x86.ActiveCfg = Release|Any CPU
		{4D788502-0340-48FD-9FEC-C1D0122873EB}.Release|x86.Build.0 = Release|Any CPU
	EndGlobalSection
	GlobalSection(SolutionProperties) = preSolution
		HideSolutionNode = FALSE
	EndGlobalSection
	GlobalSection(NestedProjects) = preSolution
		{90600F6F-A7B4-4B1D-A846-5DCF252670FE} = {F8C8BC27-EC4B-4793-B5BA-5B5B8245EC19}
		{79172E02-82FD-4DD6-94A3-79B1A0D95D87} = {F1FBD8C8-A63A-475C-8B70-163B992F1BD8}
		{94D3C7D3-08C6-40A9-8983-AB98DDBE2C83} = {F1FBD8C8-A63A-475C-8B70-163B992F1BD8}
		{04009E2D-9E54-423F-B6F0-62E15F1C8AE8} = {90600F6F-A7B4-4B1D-A846-5DCF252670FE}
		{CC1FF81E-F694-4B1B-9E04-3DEB2DE00B6A} = {90600F6F-A7B4-4B1D-A846-5DCF252670FE}
		{0E9B62BC-442C-440A-86A8-B9F2ECE40209} = {90600F6F-A7B4-4B1D-A846-5DCF252670FE}
		{31C3B4A7-504B-4EFF-BACC-C8F2FFE5AF6F} = {F8C8BC27-EC4B-4793-B5BA-5B5B8245EC19}
		{7696262E-45FC-4F68-A65E-468CD988CBC2} = {F8C8BC27-EC4B-4793-B5BA-5B5B8245EC19}
		{78147C43-DB7B-4571-BC7A-E7F0075B4B78} = {66A9F226-2487-49A7-8EC6-4ECC0D6DC0AD}
		{66A9F226-2487-49A7-8EC6-4ECC0D6DC0AD} = {F8C8BC27-EC4B-4793-B5BA-5B5B8245EC19}
		{A0FF3866-1835-4BE9-A22A-925B31A5F54D} = {F8C8BC27-EC4B-4793-B5BA-5B5B8245EC19}
		{34186C3B-C308-4CAE-B462-DB7B5F5E378C} = {F8C8BC27-EC4B-4793-B5BA-5B5B8245EC19}
		{37619116-CCE8-465A-8B1F-081CA53364BB} = {F8C8BC27-EC4B-4793-B5BA-5B5B8245EC19}
		{EC61D2C4-7EAB-474F-9C4F-D93DE57A64F1} = {F8C8BC27-EC4B-4793-B5BA-5B5B8245EC19}
		{0784CDC9-0F52-4B8B-9488-6589C11E94E2} = {F8C8BC27-EC4B-4793-B5BA-5B5B8245EC19}
		{5A6C387F-54C6-43D8-8578-D10D0064DFC0} = {94D3C7D3-08C6-40A9-8983-AB98DDBE2C83}
		{E8C1ED12-E4A6-46A3-9D85-3EEE91FECA57} = {94D3C7D3-08C6-40A9-8983-AB98DDBE2C83}
		{7A2CB571-8596-4169-8E72-7D2FF3B4660B} = {94D3C7D3-08C6-40A9-8983-AB98DDBE2C83}
		{02EA99F0-EA5E-47C7-9B42-1B23AF33D8E5} = {79172E02-82FD-4DD6-94A3-79B1A0D95D87}
		{34D52021-91AF-4EA1-87A3-A41558215CE6} = {79172E02-82FD-4DD6-94A3-79B1A0D95D87}
		{DB4162BE-0475-4713-8CAB-ED3618B7CB3B} = {79172E02-82FD-4DD6-94A3-79B1A0D95D87}
		{FA83B4E2-9E69-4D02-B9A6-D5E35BFE62CA} = {F1FBD8C8-A63A-475C-8B70-163B992F1BD8}
		{CC9613B8-3B54-460E-93A4-6C54C9EA6FB2} = {FA83B4E2-9E69-4D02-B9A6-D5E35BFE62CA}
		{4C2749F3-0730-44D4-97C0-FBFBD5404177} = {F1FBD8C8-A63A-475C-8B70-163B992F1BD8}
		{823FA809-31F1-41AC-9997-C5F0963B758B} = {4C2749F3-0730-44D4-97C0-FBFBD5404177}
		{D69325FA-A62E-45F4-9E6C-E27C33552522} = {F8C8BC27-EC4B-4793-B5BA-5B5B8245EC19}
		{A166674C-7FBA-43CC-BE79-70A2650647FF} = {F8C8BC27-EC4B-4793-B5BA-5B5B8245EC19}
		{77B5CB63-E14B-4253-881D-6BE9D7C57076} = {F8C8BC27-EC4B-4793-B5BA-5B5B8245EC19}
		{73178BA5-36F2-48F8-9A8D-B7FA0F17FE8E} = {557DB367-0DDC-4F08-B5C5-974BF1AACA75}
		{557DB367-0DDC-4F08-B5C5-974BF1AACA75} = {FA83B4E2-9E69-4D02-B9A6-D5E35BFE62CA}
		{486657DF-F4EC-464B-99ED-3C9A2CFEE2F9} = {557DB367-0DDC-4F08-B5C5-974BF1AACA75}
		{07BB7B22-E08A-4D86-8728-8ECE06401730} = {557DB367-0DDC-4F08-B5C5-974BF1AACA75}
		{B442334F-F379-4BF0-8395-8CC4610F10AD} = {557DB367-0DDC-4F08-B5C5-974BF1AACA75}
		{422945BF-EBA1-4970-9967-950995E5E936} = {557DB367-0DDC-4F08-B5C5-974BF1AACA75}
		{8A21705A-4505-4EAD-816E-867F47A3CCF4} = {823FA809-31F1-41AC-9997-C5F0963B758B}
		{2330B1B7-943C-4B5F-B88D-60C24A37B298} = {823FA809-31F1-41AC-9997-C5F0963B758B}
		{284FE1BD-97A7-45FF-9D2A-FB438E8EBF7D} = {F1FBD8C8-A63A-475C-8B70-163B992F1BD8}
		{1B90C2EE-8BF4-4614-B35C-3C78B015CDEC} = {284FE1BD-97A7-45FF-9D2A-FB438E8EBF7D}
		{540EE852-CF04-4D7C-86F1-0C5CB2007EDD} = {C0E654BF-21F5-4958-8FF8-4D00F587E117}
		{28EE4A2F-2666-46F4-80C5-72253AD46CBD} = {540EE852-CF04-4D7C-86F1-0C5CB2007EDD}
		{19CDD1F5-F997-46FB-BF3F-901BD1E77C5E} = {540EE852-CF04-4D7C-86F1-0C5CB2007EDD}
		{72316BB7-B134-480E-9D67-FA1C82A46A1C} = {540EE852-CF04-4D7C-86F1-0C5CB2007EDD}
		{4D788502-0340-48FD-9FEC-C1D0122873EB} = {540EE852-CF04-4D7C-86F1-0C5CB2007EDD}
		{EB6CCAFF-306F-446D-B856-997E44789B11} = {F1FBD8C8-A63A-475C-8B70-163B992F1BD8}
	EndGlobalSection
	GlobalSection(ExtensibilityGlobals) = postSolution
		SolutionGuid = {BDF441C0-CD96-494C-ABD6-2B9C5B0D2FC6}
	EndGlobalSection
EndGlobal
