
Microsoft Visual Studio Solution File, Format Version 12.00
# Visual Studio Version 17
VisualStudioVersion = 17.7.33711.374
MinimumVisualStudioVersion = 10.0.40219.1
Project("{2150E333-8FDC-42A3-9474-1A3956D46DE8}") = "EASYTOOLS", "EASYTOOLS", "{F8C8BC27-EC4B-4793-B5BA-5B5B8245EC19}"
EndProject
Project("{2150E333-8FDC-42A3-9474-1A3956D46DE8}") = "HTMLFullEditor", "HTMLFullEditor", "{90600F6F-A7B4-4B1D-A846-5DCF252670FE}"
EndProject
Project("{2150E333-8FDC-42A3-9474-1A3956D46DE8}") = "SmallServers", "SmallServers", "{79172E02-82FD-4DD6-94A3-79B1A0D95D87}"
EndProject
Project("{2150E333-8FDC-42A3-9474-1A3956D46DE8}") = "SERVERModules", "SERVERModules", "{94D3C7D3-08C6-40A9-8983-AB98DDBE2C83}"
EndProject
Project("{9A19103F-16F7-4668-BE54-9A1E7A4F7556}") = "EasyITCenter", "EASY-IT-CENTER-SERVER\EasyITCenter.csproj", "{DA3CE4E1-BABE-48B4-A4D4-2D6C37A1B425}"
EndProject
Project("{FAE04EC0-301F-11D3-BF4B-00C04F79EFBC}") = "EasyITSystemCenter", "EASY-IT-CENTER-SYSTEM\EasyITSystemCenter.csproj", "{7F787428-6D63-4AEC-BC79-DD3AAD96CE87}"
EndProject
Project("{9A19103F-16F7-4668-BE54-9A1E7A4F7556}") = "GitServer", "Modules\GitServer\GitServer\GitServer.csproj", "{BEB0537B-3D26-4BC1-81EC-7E93A846DFEA}"
EndProject
Project("{9A19103F-16F7-4668-BE54-9A1E7A4F7556}") = "LicenseVerify", "Modules\LicenseVerify\LicenseVerify.csproj", "{E63CE81A-3CF7-4EAC-9A8A-B68F46069B35}"
EndProject
Project("{9A19103F-16F7-4668-BE54-9A1E7A4F7556}") = "LicenseGenerator", "Modules\LicenseGenerator\LicenseGenerator.csproj", "{C8907F98-D8F3-4D90-A293-E6D248D3970A}"
EndProject
Project("{9A19103F-16F7-4668-BE54-9A1E7A4F7556}") = "DBEntitySchema", "Modules\DBEntitySchema\DBEntitySchema.csproj", "{410DD67C-DEE8-4FAF-BD48-6842A57A7267}"
EndProject
Project("{9092AA53-FB77-4645-B42D-1CCCA6BD08BD}") = "MonacoEditor", "Modules\MonacoEditor\MonacoEditor.njsproj", "{2330B1B7-943C-4B5F-B88D-60C24A37B298}"
EndProject
Project("{9A19103F-16F7-4668-BE54-9A1E7A4F7556}") = "ProjectManagement", "Modules\ProjectManagement\ProjectManagement.csproj", "{6494B97F-B93E-4A57-BA9E-29CDF1AC7F4E}"
EndProject
Project("{FAE04EC0-301F-11D3-BF4B-00C04F79EFBC}") = "EASYTools.HTMLFullEditor", "EASYTOOLS\EASYTools.HTMLFullEditor\EASYTools.HTMLFullEditor\EASYTools.HTMLFullEditor.csproj", "{04009E2D-9E54-423F-B6F0-62E15F1C8AE8}"
EndProject
Project("{FAE04EC0-301F-11D3-BF4B-00C04F79EFBC}") = "EASYTools.HTMLFullEditor.Locale.Default", "EASYTOOLS\EASYTools.HTMLFullEditor\EASYTools.HTMLFullEditor.Locale.Default\EASYTools.HTMLFullEditor.Locale.Default.csproj", "{CC1FF81E-F694-4B1B-9E04-3DEB2DE00B6A}"
EndProject
Project("{FAE04EC0-301F-11D3-BF4B-00C04F79EFBC}") = "EASYTools.HTMLFullEditor.Locale.Override", "EASYTOOLS\EASYTools.HTMLFullEditor\EASYTools.HTMLFullEditor.Locale.Override\EASYTools.HTMLFullEditor.Locale.Override.csproj", "{0E9B62BC-442C-440A-86A8-B9F2ECE40209}"
EndProject
Project("{FAE04EC0-301F-11D3-BF4B-00C04F79EFBC}") = "EASYTools.HighlightTextBox", "EASYTOOLS\EASYTool.HighlightTextBox\EASYTools.HighlightTextBox.csproj", "{D69325FA-A62E-45F4-9E6C-E27C33552522}"
EndProject
Project("{FAE04EC0-301F-11D3-BF4B-00C04F79EFBC}") = "EASYTools.Calendar", "EASYTOOLS\EASYTools.Calendar\EASYTools.Calendar.csproj", "{31C3B4A7-504B-4EFF-BACC-C8F2FFE5AF6F}"
EndProject
Project("{FAE04EC0-301F-11D3-BF4B-00C04F79EFBC}") = "EASYTools.CrashReporter", "EASYTOOLS\EASYTools.CrashReporter\EASYTools.CrashReporter.csproj", "{7696262E-45FC-4F68-A65E-468CD988CBC2}"
EndProject
Project("{9A19103F-16F7-4668-BE54-9A1E7A4F7556}") = "EASYTools.GetIPOwnerInfoTool", "EASYTOOLS\EASYTools.GetIPOwnerInfoTool\EASYTools.GetIPOwnerInfoTool.csproj", "{49E5D7F0-76FD-4CF9-BFED-F67F510DE445}"
EndProject
Project("{FAE04EC0-301F-11D3-BF4B-00C04F79EFBC}") = "EASYTools.HTMLEditorNoImg", "EASYTOOLS\EASYTools.HTMLEditorNoImg\EASYTools.HTMLEditorNoImg.csproj", "{78147C43-DB7B-4571-BC7A-E7F0075B4B78}"
EndProject
Project("{2150E333-8FDC-42A3-9474-1A3956D46DE8}") = "OldForPublicNuget", "OldForPublicNuget", "{66A9F226-2487-49A7-8EC6-4ECC0D6DC0AD}"
EndProject
Project("{9A19103F-16F7-4668-BE54-9A1E7A4F7556}") = "EASYTools.ImageEffectLibrary", "EASYTOOLS\EASYTools.ImageEffectLibrary\EASYTools.ImageEffectLibrary.csproj", "{A0FF3866-1835-4BE9-A22A-925B31A5F54D}"
EndProject
Project("{FAE04EC0-301F-11D3-BF4B-00C04F79EFBC}") = "EASYTools.MarkdownToFlow", "EASYTOOLS\EASYTools.MarkdownToFlow\EASYTools.MarkdownToFlow.csproj", "{34186C3B-C308-4CAE-B462-DB7B5F5E378C}"
EndProject
Project("{FAE04EC0-301F-11D3-BF4B-00C04F79EFBC}") = "EASYTools.MarkdownToHtml", "EASYTOOLS\EASYTools.MarkdownToHtml\EASYTools.MarkdownToHtml.csproj", "{37619116-CCE8-465A-8B1F-081CA53364BB}"
EndProject
Project("{9A19103F-16F7-4668-BE54-9A1E7A4F7556}") = "EASYTools.ReplaceInFilesTool", "EASYTOOLS\EASYTools.ReplaceInFiles\EASYTools.ReplaceInFilesTool.csproj", "{9079FF0B-C29D-4EF6-8ED7-9DF7E1BD1FF8}"
EndProject
Project("{FAE04EC0-301F-11D3-BF4B-00C04F79EFBC}") = "EASYTools.SqlConnectionDialog", "EASYTOOLS\EASYTools.SqlConnectionDialog\EASYTools.SqlConnectionDialog.csproj", "{EC61D2C4-7EAB-474F-9C4F-D93DE57A64F1}"
EndProject
Project("{FAE04EC0-301F-11D3-BF4B-00C04F79EFBC}") = "EASYTools.TouchKeyboard", "EASYTOOLS\EASYTools.TouchKeyboard\EASYTools.TouchKeyboard.csproj", "{0784CDC9-0F52-4B8B-9488-6589C11E94E2}"
EndProject
Project("{FAE04EC0-301F-11D3-BF4B-00C04F79EFBC}") = "EASYTools.VNCClient", "EASYTOOLS\EASYTools.VNCClient\EASYTools.VNCClient.csproj", "{A166674C-7FBA-43CC-BE79-70A2650647FF}"
EndProject
Project("{FAE04EC0-301F-11D3-BF4B-00C04F79EFBC}") = "EASYTools.VNCLib", "EASYTOOLS\EASYTools.VNCLib\EASYTools.VNCLib.csproj", "{77B5CB63-E14B-4253-881D-6BE9D7C57076}"
EndProject
Project("{2150E333-8FDC-42A3-9474-1A3956D46DE8}") = "ADDONS", "ADDONS", "{F1FBD8C8-A63A-475C-8B70-163B992F1BD8}"
EndProject
Project("{9A19103F-16F7-4668-BE54-9A1E7A4F7556}") = "Vsxmd", "ADDONS\Vsxmd\Vsxmd.csproj", "{ADBF1B2B-9598-4658-A5BD-C3864A7FD414}"
EndProject
Project("{9A19103F-16F7-4668-BE54-9A1E7A4F7556}") = "EasyCMS", "Modules\EasyCMS\EasyCMS.csproj", "{5336FC79-934A-4C24-B85C-6418F6EF24BF}"
EndProject
Global
	GlobalSection(SolutionConfigurationPlatforms) = preSolution
		Debug|Any CPU = Debug|Any CPU
		Debug|x64 = Debug|x64
		Debug|x86 = Debug|x86
		Release|Any CPU = Release|Any CPU
		Release|x64 = Release|x64
		Release|x86 = Release|x86
	EndGlobalSection
	GlobalSection(ProjectConfigurationPlatforms) = postSolution
		{DA3CE4E1-BABE-48B4-A4D4-2D6C37A1B425}.Debug|Any CPU.ActiveCfg = Debug|Any CPU
		{DA3CE4E1-BABE-48B4-A4D4-2D6C37A1B425}.Debug|Any CPU.Build.0 = Debug|Any CPU
		{DA3CE4E1-BABE-48B4-A4D4-2D6C37A1B425}.Debug|x64.ActiveCfg = Debug|x64
		{DA3CE4E1-BABE-48B4-A4D4-2D6C37A1B425}.Debug|x64.Build.0 = Debug|x64
		{DA3CE4E1-BABE-48B4-A4D4-2D6C37A1B425}.Debug|x86.ActiveCfg = Debug|x86
		{DA3CE4E1-BABE-48B4-A4D4-2D6C37A1B425}.Debug|x86.Build.0 = Debug|x86
		{DA3CE4E1-BABE-48B4-A4D4-2D6C37A1B425}.Release|Any CPU.ActiveCfg = Release|Any CPU
		{DA3CE4E1-BABE-48B4-A4D4-2D6C37A1B425}.Release|Any CPU.Build.0 = Release|Any CPU
		{DA3CE4E1-BABE-48B4-A4D4-2D6C37A1B425}.Release|x64.ActiveCfg = Release|x64
		{DA3CE4E1-BABE-48B4-A4D4-2D6C37A1B425}.Release|x64.Build.0 = Release|x64
		{DA3CE4E1-BABE-48B4-A4D4-2D6C37A1B425}.Release|x86.ActiveCfg = Release|x86
		{DA3CE4E1-BABE-48B4-A4D4-2D6C37A1B425}.Release|x86.Build.0 = Release|x86
		{7F787428-6D63-4AEC-BC79-DD3AAD96CE87}.Debug|Any CPU.ActiveCfg = Debug|Any CPU
		{7F787428-6D63-4AEC-BC79-DD3AAD96CE87}.Debug|Any CPU.Build.0 = Debug|Any CPU
		{7F787428-6D63-4AEC-BC79-DD3AAD96CE87}.Debug|x64.ActiveCfg = Debug|Any CPU
		{7F787428-6D63-4AEC-BC79-DD3AAD96CE87}.Debug|x64.Build.0 = Debug|Any CPU
		{7F787428-6D63-4AEC-BC79-DD3AAD96CE87}.Debug|x86.ActiveCfg = Debug|Any CPU
		{7F787428-6D63-4AEC-BC79-DD3AAD96CE87}.Debug|x86.Build.0 = Debug|Any CPU
		{7F787428-6D63-4AEC-BC79-DD3AAD96CE87}.Release|Any CPU.ActiveCfg = Release|Any CPU
		{7F787428-6D63-4AEC-BC79-DD3AAD96CE87}.Release|Any CPU.Build.0 = Release|Any CPU
		{7F787428-6D63-4AEC-BC79-DD3AAD96CE87}.Release|x64.ActiveCfg = Release|Any CPU
		{7F787428-6D63-4AEC-BC79-DD3AAD96CE87}.Release|x64.Build.0 = Release|Any CPU
		{7F787428-6D63-4AEC-BC79-DD3AAD96CE87}.Release|x86.ActiveCfg = Release|Any CPU
		{7F787428-6D63-4AEC-BC79-DD3AAD96CE87}.Release|x86.Build.0 = Release|Any CPU
		{BEB0537B-3D26-4BC1-81EC-7E93A846DFEA}.Debug|Any CPU.ActiveCfg = Debug|Any CPU
		{BEB0537B-3D26-4BC1-81EC-7E93A846DFEA}.Debug|Any CPU.Build.0 = Debug|Any CPU
		{BEB0537B-3D26-4BC1-81EC-7E93A846DFEA}.Debug|x64.ActiveCfg = Debug|Any CPU
		{BEB0537B-3D26-4BC1-81EC-7E93A846DFEA}.Debug|x64.Build.0 = Debug|Any CPU
		{BEB0537B-3D26-4BC1-81EC-7E93A846DFEA}.Debug|x86.ActiveCfg = Debug|Any CPU
		{BEB0537B-3D26-4BC1-81EC-7E93A846DFEA}.Debug|x86.Build.0 = Debug|Any CPU
		{BEB0537B-3D26-4BC1-81EC-7E93A846DFEA}.Release|Any CPU.ActiveCfg = Release|Any CPU
		{BEB0537B-3D26-4BC1-81EC-7E93A846DFEA}.Release|Any CPU.Build.0 = Release|Any CPU
		{BEB0537B-3D26-4BC1-81EC-7E93A846DFEA}.Release|x64.ActiveCfg = Release|Any CPU
		{BEB0537B-3D26-4BC1-81EC-7E93A846DFEA}.Release|x64.Build.0 = Release|Any CPU
		{BEB0537B-3D26-4BC1-81EC-7E93A846DFEA}.Release|x86.ActiveCfg = Release|Any CPU
		{BEB0537B-3D26-4BC1-81EC-7E93A846DFEA}.Release|x86.Build.0 = Release|Any CPU
		{E63CE81A-3CF7-4EAC-9A8A-B68F46069B35}.Debug|Any CPU.ActiveCfg = Debug|Any CPU
		{E63CE81A-3CF7-4EAC-9A8A-B68F46069B35}.Debug|Any CPU.Build.0 = Debug|Any CPU
		{E63CE81A-3CF7-4EAC-9A8A-B68F46069B35}.Debug|x64.ActiveCfg = Debug|Any CPU
		{E63CE81A-3CF7-4EAC-9A8A-B68F46069B35}.Debug|x64.Build.0 = Debug|Any CPU
		{E63CE81A-3CF7-4EAC-9A8A-B68F46069B35}.Debug|x86.ActiveCfg = Debug|Any CPU
		{E63CE81A-3CF7-4EAC-9A8A-B68F46069B35}.Debug|x86.Build.0 = Debug|Any CPU
		{E63CE81A-3CF7-4EAC-9A8A-B68F46069B35}.Release|Any CPU.ActiveCfg = Release|Any CPU
		{E63CE81A-3CF7-4EAC-9A8A-B68F46069B35}.Release|Any CPU.Build.0 = Release|Any CPU
		{E63CE81A-3CF7-4EAC-9A8A-B68F46069B35}.Release|x64.ActiveCfg = Release|Any CPU
		{E63CE81A-3CF7-4EAC-9A8A-B68F46069B35}.Release|x64.Build.0 = Release|Any CPU
		{E63CE81A-3CF7-4EAC-9A8A-B68F46069B35}.Release|x86.ActiveCfg = Release|Any CPU
		{E63CE81A-3CF7-4EAC-9A8A-B68F46069B35}.Release|x86.Build.0 = Release|Any CPU
		{C8907F98-D8F3-4D90-A293-E6D248D3970A}.Debug|Any CPU.ActiveCfg = Debug|Any CPU
		{C8907F98-D8F3-4D90-A293-E6D248D3970A}.Debug|Any CPU.Build.0 = Debug|Any CPU
		{C8907F98-D8F3-4D90-A293-E6D248D3970A}.Debug|x64.ActiveCfg = Debug|Any CPU
		{C8907F98-D8F3-4D90-A293-E6D248D3970A}.Debug|x64.Build.0 = Debug|Any CPU
		{C8907F98-D8F3-4D90-A293-E6D248D3970A}.Debug|x86.ActiveCfg = Debug|Any CPU
		{C8907F98-D8F3-4D90-A293-E6D248D3970A}.Debug|x86.Build.0 = Debug|Any CPU
		{C8907F98-D8F3-4D90-A293-E6D248D3970A}.Release|Any CPU.ActiveCfg = Release|Any CPU
		{C8907F98-D8F3-4D90-A293-E6D248D3970A}.Release|Any CPU.Build.0 = Release|Any CPU
		{C8907F98-D8F3-4D90-A293-E6D248D3970A}.Release|x64.ActiveCfg = Release|Any CPU
		{C8907F98-D8F3-4D90-A293-E6D248D3970A}.Release|x64.Build.0 = Release|Any CPU
		{C8907F98-D8F3-4D90-A293-E6D248D3970A}.Release|x86.ActiveCfg = Release|Any CPU
		{C8907F98-D8F3-4D90-A293-E6D248D3970A}.Release|x86.Build.0 = Release|Any CPU
		{410DD67C-DEE8-4FAF-BD48-6842A57A7267}.Debug|Any CPU.ActiveCfg = Debug|Any CPU
		{410DD67C-DEE8-4FAF-BD48-6842A57A7267}.Debug|Any CPU.Build.0 = Debug|Any CPU
		{410DD67C-DEE8-4FAF-BD48-6842A57A7267}.Debug|x64.ActiveCfg = Debug|Any CPU
		{410DD67C-DEE8-4FAF-BD48-6842A57A7267}.Debug|x64.Build.0 = Debug|Any CPU
		{410DD67C-DEE8-4FAF-BD48-6842A57A7267}.Debug|x86.ActiveCfg = Debug|Any CPU
		{410DD67C-DEE8-4FAF-BD48-6842A57A7267}.Debug|x86.Build.0 = Debug|Any CPU
		{410DD67C-DEE8-4FAF-BD48-6842A57A7267}.Release|Any CPU.ActiveCfg = Release|Any CPU
		{410DD67C-DEE8-4FAF-BD48-6842A57A7267}.Release|Any CPU.Build.0 = Release|Any CPU
		{410DD67C-DEE8-4FAF-BD48-6842A57A7267}.Release|x64.ActiveCfg = Release|Any CPU
		{410DD67C-DEE8-4FAF-BD48-6842A57A7267}.Release|x64.Build.0 = Release|Any CPU
		{410DD67C-DEE8-4FAF-BD48-6842A57A7267}.Release|x86.ActiveCfg = Release|Any CPU
		{410DD67C-DEE8-4FAF-BD48-6842A57A7267}.Release|x86.Build.0 = Release|Any CPU
		{2330B1B7-943C-4B5F-B88D-60C24A37B298}.Debug|Any CPU.ActiveCfg = Debug|Any CPU
		{2330B1B7-943C-4B5F-B88D-60C24A37B298}.Debug|Any CPU.Build.0 = Debug|Any CPU
		{2330B1B7-943C-4B5F-B88D-60C24A37B298}.Debug|x64.ActiveCfg = Debug|Any CPU
		{2330B1B7-943C-4B5F-B88D-60C24A37B298}.Debug|x64.Build.0 = Debug|Any CPU
		{2330B1B7-943C-4B5F-B88D-60C24A37B298}.Debug|x86.ActiveCfg = Debug|Any CPU
		{2330B1B7-943C-4B5F-B88D-60C24A37B298}.Debug|x86.Build.0 = Debug|Any CPU
		{2330B1B7-943C-4B5F-B88D-60C24A37B298}.Release|Any CPU.ActiveCfg = Release|Any CPU
		{2330B1B7-943C-4B5F-B88D-60C24A37B298}.Release|Any CPU.Build.0 = Release|Any CPU
		{2330B1B7-943C-4B5F-B88D-60C24A37B298}.Release|x64.ActiveCfg = Release|Any CPU
		{2330B1B7-943C-4B5F-B88D-60C24A37B298}.Release|x64.Build.0 = Release|Any CPU
		{2330B1B7-943C-4B5F-B88D-60C24A37B298}.Release|x86.ActiveCfg = Release|Any CPU
		{2330B1B7-943C-4B5F-B88D-60C24A37B298}.Release|x86.Build.0 = Release|Any CPU
		{6494B97F-B93E-4A57-BA9E-29CDF1AC7F4E}.Debug|Any CPU.ActiveCfg = Debug|Any CPU
		{6494B97F-B93E-4A57-BA9E-29CDF1AC7F4E}.Debug|Any CPU.Build.0 = Debug|Any CPU
		{6494B97F-B93E-4A57-BA9E-29CDF1AC7F4E}.Debug|x64.ActiveCfg = Debug|Any CPU
		{6494B97F-B93E-4A57-BA9E-29CDF1AC7F4E}.Debug|x64.Build.0 = Debug|Any CPU
		{6494B97F-B93E-4A57-BA9E-29CDF1AC7F4E}.Debug|x86.ActiveCfg = Debug|Any CPU
		{6494B97F-B93E-4A57-BA9E-29CDF1AC7F4E}.Debug|x86.Build.0 = Debug|Any CPU
		{6494B97F-B93E-4A57-BA9E-29CDF1AC7F4E}.Release|Any CPU.ActiveCfg = Release|Any CPU
		{6494B97F-B93E-4A57-BA9E-29CDF1AC7F4E}.Release|Any CPU.Build.0 = Release|Any CPU
		{6494B97F-B93E-4A57-BA9E-29CDF1AC7F4E}.Release|x64.ActiveCfg = Release|Any CPU
		{6494B97F-B93E-4A57-BA9E-29CDF1AC7F4E}.Release|x64.Build.0 = Release|Any CPU
		{6494B97F-B93E-4A57-BA9E-29CDF1AC7F4E}.Release|x86.ActiveCfg = Release|Any CPU
		{6494B97F-B93E-4A57-BA9E-29CDF1AC7F4E}.Release|x86.Build.0 = Release|Any CPU
		{04009E2D-9E54-423F-B6F0-62E15F1C8AE8}.Debug|Any CPU.ActiveCfg = Debug|Any CPU
		{04009E2D-9E54-423F-B6F0-62E15F1C8AE8}.Debug|Any CPU.Build.0 = Debug|Any CPU
		{04009E2D-9E54-423F-B6F0-62E15F1C8AE8}.Debug|x64.ActiveCfg = Debug|Any CPU
		{04009E2D-9E54-423F-B6F0-62E15F1C8AE8}.Debug|x64.Build.0 = Debug|Any CPU
		{04009E2D-9E54-423F-B6F0-62E15F1C8AE8}.Debug|x86.ActiveCfg = Debug|Any CPU
		{04009E2D-9E54-423F-B6F0-62E15F1C8AE8}.Debug|x86.Build.0 = Debug|Any CPU
		{04009E2D-9E54-423F-B6F0-62E15F1C8AE8}.Release|Any CPU.ActiveCfg = Release|Any CPU
		{04009E2D-9E54-423F-B6F0-62E15F1C8AE8}.Release|Any CPU.Build.0 = Release|Any CPU
		{04009E2D-9E54-423F-B6F0-62E15F1C8AE8}.Release|x64.ActiveCfg = Release|Any CPU
		{04009E2D-9E54-423F-B6F0-62E15F1C8AE8}.Release|x64.Build.0 = Release|Any CPU
		{04009E2D-9E54-423F-B6F0-62E15F1C8AE8}.Release|x86.ActiveCfg = Release|Any CPU
		{04009E2D-9E54-423F-B6F0-62E15F1C8AE8}.Release|x86.Build.0 = Release|Any CPU
		{CC1FF81E-F694-4B1B-9E04-3DEB2DE00B6A}.Debug|Any CPU.ActiveCfg = Debug|Any CPU
		{CC1FF81E-F694-4B1B-9E04-3DEB2DE00B6A}.Debug|Any CPU.Build.0 = Debug|Any CPU
		{CC1FF81E-F694-4B1B-9E04-3DEB2DE00B6A}.Debug|x64.ActiveCfg = Debug|Any CPU
		{CC1FF81E-F694-4B1B-9E04-3DEB2DE00B6A}.Debug|x64.Build.0 = Debug|Any CPU
		{CC1FF81E-F694-4B1B-9E04-3DEB2DE00B6A}.Debug|x86.ActiveCfg = Debug|Any CPU
		{CC1FF81E-F694-4B1B-9E04-3DEB2DE00B6A}.Debug|x86.Build.0 = Debug|Any CPU
		{CC1FF81E-F694-4B1B-9E04-3DEB2DE00B6A}.Release|Any CPU.ActiveCfg = Release|Any CPU
		{CC1FF81E-F694-4B1B-9E04-3DEB2DE00B6A}.Release|Any CPU.Build.0 = Release|Any CPU
		{CC1FF81E-F694-4B1B-9E04-3DEB2DE00B6A}.Release|x64.ActiveCfg = Release|Any CPU
		{CC1FF81E-F694-4B1B-9E04-3DEB2DE00B6A}.Release|x64.Build.0 = Release|Any CPU
		{CC1FF81E-F694-4B1B-9E04-3DEB2DE00B6A}.Release|x86.ActiveCfg = Release|Any CPU
		{CC1FF81E-F694-4B1B-9E04-3DEB2DE00B6A}.Release|x86.Build.0 = Release|Any CPU
		{0E9B62BC-442C-440A-86A8-B9F2ECE40209}.Debug|Any CPU.ActiveCfg = Debug|Any CPU
		{0E9B62BC-442C-440A-86A8-B9F2ECE40209}.Debug|Any CPU.Build.0 = Debug|Any CPU
		{0E9B62BC-442C-440A-86A8-B9F2ECE40209}.Debug|x64.ActiveCfg = Debug|Any CPU
		{0E9B62BC-442C-440A-86A8-B9F2ECE40209}.Debug|x64.Build.0 = Debug|Any CPU
		{0E9B62BC-442C-440A-86A8-B9F2ECE40209}.Debug|x86.ActiveCfg = Debug|Any CPU
		{0E9B62BC-442C-440A-86A8-B9F2ECE40209}.Debug|x86.Build.0 = Debug|Any CPU
		{0E9B62BC-442C-440A-86A8-B9F2ECE40209}.Release|Any CPU.ActiveCfg = Release|Any CPU
		{0E9B62BC-442C-440A-86A8-B9F2ECE40209}.Release|Any CPU.Build.0 = Release|Any CPU
		{0E9B62BC-442C-440A-86A8-B9F2ECE40209}.Release|x64.ActiveCfg = Release|Any CPU
		{0E9B62BC-442C-440A-86A8-B9F2ECE40209}.Release|x64.Build.0 = Release|Any CPU
		{0E9B62BC-442C-440A-86A8-B9F2ECE40209}.Release|x86.ActiveCfg = Release|Any CPU
		{0E9B62BC-442C-440A-86A8-B9F2ECE40209}.Release|x86.Build.0 = Release|Any CPU
		{D69325FA-A62E-45F4-9E6C-E27C33552522}.Debug|Any CPU.ActiveCfg = Debug|Any CPU
		{D69325FA-A62E-45F4-9E6C-E27C33552522}.Debug|Any CPU.Build.0 = Debug|Any CPU
		{D69325FA-A62E-45F4-9E6C-E27C33552522}.Debug|x64.ActiveCfg = Debug|Any CPU
		{D69325FA-A62E-45F4-9E6C-E27C33552522}.Debug|x64.Build.0 = Debug|Any CPU
		{D69325FA-A62E-45F4-9E6C-E27C33552522}.Debug|x86.ActiveCfg = Debug|Any CPU
		{D69325FA-A62E-45F4-9E6C-E27C33552522}.Debug|x86.Build.0 = Debug|Any CPU
		{D69325FA-A62E-45F4-9E6C-E27C33552522}.Release|Any CPU.ActiveCfg = Release|Any CPU
		{D69325FA-A62E-45F4-9E6C-E27C33552522}.Release|Any CPU.Build.0 = Release|Any CPU
		{D69325FA-A62E-45F4-9E6C-E27C33552522}.Release|x64.ActiveCfg = Release|Any CPU
		{D69325FA-A62E-45F4-9E6C-E27C33552522}.Release|x64.Build.0 = Release|Any CPU
		{D69325FA-A62E-45F4-9E6C-E27C33552522}.Release|x86.ActiveCfg = Release|Any CPU
		{D69325FA-A62E-45F4-9E6C-E27C33552522}.Release|x86.Build.0 = Release|Any CPU
		{31C3B4A7-504B-4EFF-BACC-C8F2FFE5AF6F}.Debug|Any CPU.ActiveCfg = Debug|Any CPU
		{31C3B4A7-504B-4EFF-BACC-C8F2FFE5AF6F}.Debug|Any CPU.Build.0 = Debug|Any CPU
		{31C3B4A7-504B-4EFF-BACC-C8F2FFE5AF6F}.Debug|x64.ActiveCfg = Debug|Any CPU
		{31C3B4A7-504B-4EFF-BACC-C8F2FFE5AF6F}.Debug|x64.Build.0 = Debug|Any CPU
		{31C3B4A7-504B-4EFF-BACC-C8F2FFE5AF6F}.Debug|x86.ActiveCfg = Debug|Any CPU
		{31C3B4A7-504B-4EFF-BACC-C8F2FFE5AF6F}.Debug|x86.Build.0 = Debug|Any CPU
		{31C3B4A7-504B-4EFF-BACC-C8F2FFE5AF6F}.Release|Any CPU.ActiveCfg = Release|Any CPU
		{31C3B4A7-504B-4EFF-BACC-C8F2FFE5AF6F}.Release|Any CPU.Build.0 = Release|Any CPU
		{31C3B4A7-504B-4EFF-BACC-C8F2FFE5AF6F}.Release|x64.ActiveCfg = Release|Any CPU
		{31C3B4A7-504B-4EFF-BACC-C8F2FFE5AF6F}.Release|x64.Build.0 = Release|Any CPU
		{31C3B4A7-504B-4EFF-BACC-C8F2FFE5AF6F}.Release|x86.ActiveCfg = Release|Any CPU
		{31C3B4A7-504B-4EFF-BACC-C8F2FFE5AF6F}.Release|x86.Build.0 = Release|Any CPU
		{7696262E-45FC-4F68-A65E-468CD988CBC2}.Debug|Any CPU.ActiveCfg = Debug|Any CPU
		{7696262E-45FC-4F68-A65E-468CD988CBC2}.Debug|Any CPU.Build.0 = Debug|Any CPU
		{7696262E-45FC-4F68-A65E-468CD988CBC2}.Debug|x64.ActiveCfg = Debug|Any CPU
		{7696262E-45FC-4F68-A65E-468CD988CBC2}.Debug|x64.Build.0 = Debug|Any CPU
		{7696262E-45FC-4F68-A65E-468CD988CBC2}.Debug|x86.ActiveCfg = Debug|Any CPU
		{7696262E-45FC-4F68-A65E-468CD988CBC2}.Debug|x86.Build.0 = Debug|Any CPU
		{7696262E-45FC-4F68-A65E-468CD988CBC2}.Release|Any CPU.ActiveCfg = Release|Any CPU
		{7696262E-45FC-4F68-A65E-468CD988CBC2}.Release|Any CPU.Build.0 = Release|Any CPU
		{7696262E-45FC-4F68-A65E-468CD988CBC2}.Release|x64.ActiveCfg = Release|Any CPU
		{7696262E-45FC-4F68-A65E-468CD988CBC2}.Release|x64.Build.0 = Release|Any CPU
		{7696262E-45FC-4F68-A65E-468CD988CBC2}.Release|x86.ActiveCfg = Release|Any CPU
		{7696262E-45FC-4F68-A65E-468CD988CBC2}.Release|x86.Build.0 = Release|Any CPU
		{49E5D7F0-76FD-4CF9-BFED-F67F510DE445}.Debug|Any CPU.ActiveCfg = Debug|Any CPU
		{49E5D7F0-76FD-4CF9-BFED-F67F510DE445}.Debug|Any CPU.Build.0 = Debug|Any CPU
		{49E5D7F0-76FD-4CF9-BFED-F67F510DE445}.Debug|x64.ActiveCfg = Debug|Any CPU
		{49E5D7F0-76FD-4CF9-BFED-F67F510DE445}.Debug|x64.Build.0 = Debug|Any CPU
		{49E5D7F0-76FD-4CF9-BFED-F67F510DE445}.Debug|x86.ActiveCfg = Debug|Any CPU
		{49E5D7F0-76FD-4CF9-BFED-F67F510DE445}.Debug|x86.Build.0 = Debug|Any CPU
		{49E5D7F0-76FD-4CF9-BFED-F67F510DE445}.Release|Any CPU.ActiveCfg = Release|Any CPU
		{49E5D7F0-76FD-4CF9-BFED-F67F510DE445}.Release|Any CPU.Build.0 = Release|Any CPU
		{49E5D7F0-76FD-4CF9-BFED-F67F510DE445}.Release|x64.ActiveCfg = Release|Any CPU
		{49E5D7F0-76FD-4CF9-BFED-F67F510DE445}.Release|x64.Build.0 = Release|Any CPU
		{49E5D7F0-76FD-4CF9-BFED-F67F510DE445}.Release|x86.ActiveCfg = Release|Any CPU
		{49E5D7F0-76FD-4CF9-BFED-F67F510DE445}.Release|x86.Build.0 = Release|Any CPU
		{78147C43-DB7B-4571-BC7A-E7F0075B4B78}.Debug|Any CPU.ActiveCfg = Debug|Any CPU
		{78147C43-DB7B-4571-BC7A-E7F0075B4B78}.Debug|Any CPU.Build.0 = Debug|Any CPU
		{78147C43-DB7B-4571-BC7A-E7F0075B4B78}.Debug|x64.ActiveCfg = Debug|Any CPU
		{78147C43-DB7B-4571-BC7A-E7F0075B4B78}.Debug|x64.Build.0 = Debug|Any CPU
		{78147C43-DB7B-4571-BC7A-E7F0075B4B78}.Debug|x86.ActiveCfg = Debug|Any CPU
		{78147C43-DB7B-4571-BC7A-E7F0075B4B78}.Debug|x86.Build.0 = Debug|Any CPU
		{78147C43-DB7B-4571-BC7A-E7F0075B4B78}.Release|Any CPU.ActiveCfg = Release|Any CPU
		{78147C43-DB7B-4571-BC7A-E7F0075B4B78}.Release|Any CPU.Build.0 = Release|Any CPU
		{78147C43-DB7B-4571-BC7A-E7F0075B4B78}.Release|x64.ActiveCfg = Release|Any CPU
		{78147C43-DB7B-4571-BC7A-E7F0075B4B78}.Release|x64.Build.0 = Release|Any CPU
		{78147C43-DB7B-4571-BC7A-E7F0075B4B78}.Release|x86.ActiveCfg = Release|Any CPU
		{78147C43-DB7B-4571-BC7A-E7F0075B4B78}.Release|x86.Build.0 = Release|Any CPU
		{A0FF3866-1835-4BE9-A22A-925B31A5F54D}.Debug|Any CPU.ActiveCfg = Debug|Any CPU
		{A0FF3866-1835-4BE9-A22A-925B31A5F54D}.Debug|Any CPU.Build.0 = Debug|Any CPU
		{A0FF3866-1835-4BE9-A22A-925B31A5F54D}.Debug|x64.ActiveCfg = Debug|Any CPU
		{A0FF3866-1835-4BE9-A22A-925B31A5F54D}.Debug|x64.Build.0 = Debug|Any CPU
		{A0FF3866-1835-4BE9-A22A-925B31A5F54D}.Debug|x86.ActiveCfg = Debug|Any CPU
		{A0FF3866-1835-4BE9-A22A-925B31A5F54D}.Debug|x86.Build.0 = Debug|Any CPU
		{A0FF3866-1835-4BE9-A22A-925B31A5F54D}.Release|Any CPU.ActiveCfg = Release|Any CPU
		{A0FF3866-1835-4BE9-A22A-925B31A5F54D}.Release|Any CPU.Build.0 = Release|Any CPU
		{A0FF3866-1835-4BE9-A22A-925B31A5F54D}.Release|x64.ActiveCfg = Release|Any CPU
		{A0FF3866-1835-4BE9-A22A-925B31A5F54D}.Release|x64.Build.0 = Release|Any CPU
		{A0FF3866-1835-4BE9-A22A-925B31A5F54D}.Release|x86.ActiveCfg = Release|Any CPU
		{A0FF3866-1835-4BE9-A22A-925B31A5F54D}.Release|x86.Build.0 = Release|Any CPU
		{34186C3B-C308-4CAE-B462-DB7B5F5E378C}.Debug|Any CPU.ActiveCfg = Debug|Any CPU
		{34186C3B-C308-4CAE-B462-DB7B5F5E378C}.Debug|Any CPU.Build.0 = Debug|Any CPU
		{34186C3B-C308-4CAE-B462-DB7B5F5E378C}.Debug|x64.ActiveCfg = Debug|Any CPU
		{34186C3B-C308-4CAE-B462-DB7B5F5E378C}.Debug|x64.Build.0 = Debug|Any CPU
		{34186C3B-C308-4CAE-B462-DB7B5F5E378C}.Debug|x86.ActiveCfg = Debug|Any CPU
		{34186C3B-C308-4CAE-B462-DB7B5F5E378C}.Debug|x86.Build.0 = Debug|Any CPU
		{34186C3B-C308-4CAE-B462-DB7B5F5E378C}.Release|Any CPU.ActiveCfg = Release|Any CPU
		{34186C3B-C308-4CAE-B462-DB7B5F5E378C}.Release|Any CPU.Build.0 = Release|Any CPU
		{34186C3B-C308-4CAE-B462-DB7B5F5E378C}.Release|x64.ActiveCfg = Release|Any CPU
		{34186C3B-C308-4CAE-B462-DB7B5F5E378C}.Release|x64.Build.0 = Release|Any CPU
		{34186C3B-C308-4CAE-B462-DB7B5F5E378C}.Release|x86.ActiveCfg = Release|Any CPU
		{34186C3B-C308-4CAE-B462-DB7B5F5E378C}.Release|x86.Build.0 = Release|Any CPU
		{37619116-CCE8-465A-8B1F-081CA53364BB}.Debug|Any CPU.ActiveCfg = Debug|Any CPU
		{37619116-CCE8-465A-8B1F-081CA53364BB}.Debug|Any CPU.Build.0 = Debug|Any CPU
		{37619116-CCE8-465A-8B1F-081CA53364BB}.Debug|x64.ActiveCfg = Debug|Any CPU
		{37619116-CCE8-465A-8B1F-081CA53364BB}.Debug|x64.Build.0 = Debug|Any CPU
		{37619116-CCE8-465A-8B1F-081CA53364BB}.Debug|x86.ActiveCfg = Debug|Any CPU
		{37619116-CCE8-465A-8B1F-081CA53364BB}.Debug|x86.Build.0 = Debug|Any CPU
		{37619116-CCE8-465A-8B1F-081CA53364BB}.Release|Any CPU.ActiveCfg = Release|Any CPU
		{37619116-CCE8-465A-8B1F-081CA53364BB}.Release|Any CPU.Build.0 = Release|Any CPU
		{37619116-CCE8-465A-8B1F-081CA53364BB}.Release|x64.ActiveCfg = Release|Any CPU
		{37619116-CCE8-465A-8B1F-081CA53364BB}.Release|x64.Build.0 = Release|Any CPU
		{37619116-CCE8-465A-8B1F-081CA53364BB}.Release|x86.ActiveCfg = Release|Any CPU
		{37619116-CCE8-465A-8B1F-081CA53364BB}.Release|x86.Build.0 = Release|Any CPU
		{9079FF0B-C29D-4EF6-8ED7-9DF7E1BD1FF8}.Debug|Any CPU.ActiveCfg = Debug|Any CPU
		{9079FF0B-C29D-4EF6-8ED7-9DF7E1BD1FF8}.Debug|Any CPU.Build.0 = Debug|Any CPU
		{9079FF0B-C29D-4EF6-8ED7-9DF7E1BD1FF8}.Debug|x64.ActiveCfg = Debug|Any CPU
		{9079FF0B-C29D-4EF6-8ED7-9DF7E1BD1FF8}.Debug|x64.Build.0 = Debug|Any CPU
		{9079FF0B-C29D-4EF6-8ED7-9DF7E1BD1FF8}.Debug|x86.ActiveCfg = Debug|Any CPU
		{9079FF0B-C29D-4EF6-8ED7-9DF7E1BD1FF8}.Debug|x86.Build.0 = Debug|Any CPU
		{9079FF0B-C29D-4EF6-8ED7-9DF7E1BD1FF8}.Release|Any CPU.ActiveCfg = Release|Any CPU
		{9079FF0B-C29D-4EF6-8ED7-9DF7E1BD1FF8}.Release|Any CPU.Build.0 = Release|Any CPU
		{9079FF0B-C29D-4EF6-8ED7-9DF7E1BD1FF8}.Release|x64.ActiveCfg = Release|Any CPU
		{9079FF0B-C29D-4EF6-8ED7-9DF7E1BD1FF8}.Release|x64.Build.0 = Release|Any CPU
		{9079FF0B-C29D-4EF6-8ED7-9DF7E1BD1FF8}.Release|x86.ActiveCfg = Release|Any CPU
		{9079FF0B-C29D-4EF6-8ED7-9DF7E1BD1FF8}.Release|x86.Build.0 = Release|Any CPU
		{EC61D2C4-7EAB-474F-9C4F-D93DE57A64F1}.Debug|Any CPU.ActiveCfg = Debug|Any CPU
		{EC61D2C4-7EAB-474F-9C4F-D93DE57A64F1}.Debug|Any CPU.Build.0 = Debug|Any CPU
		{EC61D2C4-7EAB-474F-9C4F-D93DE57A64F1}.Debug|x64.ActiveCfg = Debug|Any CPU
		{EC61D2C4-7EAB-474F-9C4F-D93DE57A64F1}.Debug|x64.Build.0 = Debug|Any CPU
		{EC61D2C4-7EAB-474F-9C4F-D93DE57A64F1}.Debug|x86.ActiveCfg = Debug|Any CPU
		{EC61D2C4-7EAB-474F-9C4F-D93DE57A64F1}.Debug|x86.Build.0 = Debug|Any CPU
		{EC61D2C4-7EAB-474F-9C4F-D93DE57A64F1}.Release|Any CPU.ActiveCfg = Release|Any CPU
		{EC61D2C4-7EAB-474F-9C4F-D93DE57A64F1}.Release|Any CPU.Build.0 = Release|Any CPU
		{EC61D2C4-7EAB-474F-9C4F-D93DE57A64F1}.Release|x64.ActiveCfg = Release|Any CPU
		{EC61D2C4-7EAB-474F-9C4F-D93DE57A64F1}.Release|x64.Build.0 = Release|Any CPU
		{EC61D2C4-7EAB-474F-9C4F-D93DE57A64F1}.Release|x86.ActiveCfg = Release|Any CPU
		{EC61D2C4-7EAB-474F-9C4F-D93DE57A64F1}.Release|x86.Build.0 = Release|Any CPU
		{0784CDC9-0F52-4B8B-9488-6589C11E94E2}.Debug|Any CPU.ActiveCfg = Debug|Any CPU
		{0784CDC9-0F52-4B8B-9488-6589C11E94E2}.Debug|Any CPU.Build.0 = Debug|Any CPU
		{0784CDC9-0F52-4B8B-9488-6589C11E94E2}.Debug|x64.ActiveCfg = Debug|Any CPU
		{0784CDC9-0F52-4B8B-9488-6589C11E94E2}.Debug|x64.Build.0 = Debug|Any CPU
		{0784CDC9-0F52-4B8B-9488-6589C11E94E2}.Debug|x86.ActiveCfg = Debug|Any CPU
		{0784CDC9-0F52-4B8B-9488-6589C11E94E2}.Debug|x86.Build.0 = Debug|Any CPU
		{0784CDC9-0F52-4B8B-9488-6589C11E94E2}.Release|Any CPU.ActiveCfg = Release|Any CPU
		{0784CDC9-0F52-4B8B-9488-6589C11E94E2}.Release|Any CPU.Build.0 = Release|Any CPU
		{0784CDC9-0F52-4B8B-9488-6589C11E94E2}.Release|x64.ActiveCfg = Release|Any CPU
		{0784CDC9-0F52-4B8B-9488-6589C11E94E2}.Release|x64.Build.0 = Release|Any CPU
		{0784CDC9-0F52-4B8B-9488-6589C11E94E2}.Release|x86.ActiveCfg = Release|Any CPU
		{0784CDC9-0F52-4B8B-9488-6589C11E94E2}.Release|x86.Build.0 = Release|Any CPU
		{A166674C-7FBA-43CC-BE79-70A2650647FF}.Debug|Any CPU.ActiveCfg = Debug|x86
		{A166674C-7FBA-43CC-BE79-70A2650647FF}.Debug|Any CPU.Build.0 = Debug|x86
		{A166674C-7FBA-43CC-BE79-70A2650647FF}.Debug|x64.ActiveCfg = Debug|x86
		{A166674C-7FBA-43CC-BE79-70A2650647FF}.Debug|x64.Build.0 = Debug|x86
		{A166674C-7FBA-43CC-BE79-70A2650647FF}.Debug|x86.ActiveCfg = Debug|x86
		{A166674C-7FBA-43CC-BE79-70A2650647FF}.Debug|x86.Build.0 = Debug|x86
		{A166674C-7FBA-43CC-BE79-70A2650647FF}.Release|Any CPU.ActiveCfg = Release|x86
		{A166674C-7FBA-43CC-BE79-70A2650647FF}.Release|Any CPU.Build.0 = Release|x86
		{A166674C-7FBA-43CC-BE79-70A2650647FF}.Release|x64.ActiveCfg = Release|x86
		{A166674C-7FBA-43CC-BE79-70A2650647FF}.Release|x64.Build.0 = Release|x86
		{A166674C-7FBA-43CC-BE79-70A2650647FF}.Release|x86.ActiveCfg = Release|x86
		{A166674C-7FBA-43CC-BE79-70A2650647FF}.Release|x86.Build.0 = Release|x86
		{77B5CB63-E14B-4253-881D-6BE9D7C57076}.Debug|Any CPU.ActiveCfg = Debug|x86
		{77B5CB63-E14B-4253-881D-6BE9D7C57076}.Debug|Any CPU.Build.0 = Debug|x86
		{77B5CB63-E14B-4253-881D-6BE9D7C57076}.Debug|x64.ActiveCfg = Debug|x86
		{77B5CB63-E14B-4253-881D-6BE9D7C57076}.Debug|x64.Build.0 = Debug|x86
		{77B5CB63-E14B-4253-881D-6BE9D7C57076}.Debug|x86.ActiveCfg = Debug|x86
		{77B5CB63-E14B-4253-881D-6BE9D7C57076}.Debug|x86.Build.0 = Debug|x86
		{77B5CB63-E14B-4253-881D-6BE9D7C57076}.Release|Any CPU.ActiveCfg = Release|x86
		{77B5CB63-E14B-4253-881D-6BE9D7C57076}.Release|Any CPU.Build.0 = Release|x86
		{77B5CB63-E14B-4253-881D-6BE9D7C57076}.Release|x64.ActiveCfg = Release|x86
		{77B5CB63-E14B-4253-881D-6BE9D7C57076}.Release|x64.Build.0 = Release|x86
		{77B5CB63-E14B-4253-881D-6BE9D7C57076}.Release|x86.ActiveCfg = Release|x86
		{77B5CB63-E14B-4253-881D-6BE9D7C57076}.Release|x86.Build.0 = Release|x86
		{ADBF1B2B-9598-4658-A5BD-C3864A7FD414}.Debug|Any CPU.ActiveCfg = Debug|Any CPU
		{ADBF1B2B-9598-4658-A5BD-C3864A7FD414}.Debug|Any CPU.Build.0 = Debug|Any CPU
		{ADBF1B2B-9598-4658-A5BD-C3864A7FD414}.Debug|x64.ActiveCfg = Debug|Any CPU
		{ADBF1B2B-9598-4658-A5BD-C3864A7FD414}.Debug|x64.Build.0 = Debug|Any CPU
		{ADBF1B2B-9598-4658-A5BD-C3864A7FD414}.Debug|x86.ActiveCfg = Debug|Any CPU
		{ADBF1B2B-9598-4658-A5BD-C3864A7FD414}.Debug|x86.Build.0 = Debug|Any CPU
		{ADBF1B2B-9598-4658-A5BD-C3864A7FD414}.Release|Any CPU.ActiveCfg = Release|Any CPU
		{ADBF1B2B-9598-4658-A5BD-C3864A7FD414}.Release|Any CPU.Build.0 = Release|Any CPU
		{ADBF1B2B-9598-4658-A5BD-C3864A7FD414}.Release|x64.ActiveCfg = Release|Any CPU
		{ADBF1B2B-9598-4658-A5BD-C3864A7FD414}.Release|x64.Build.0 = Release|Any CPU
		{ADBF1B2B-9598-4658-A5BD-C3864A7FD414}.Release|x86.ActiveCfg = Release|Any CPU
		{ADBF1B2B-9598-4658-A5BD-C3864A7FD414}.Release|x86.Build.0 = Release|Any CPU
		{5336FC79-934A-4C24-B85C-6418F6EF24BF}.Debug|Any CPU.ActiveCfg = Debug|Any CPU
		{5336FC79-934A-4C24-B85C-6418F6EF24BF}.Debug|Any CPU.Build.0 = Debug|Any CPU
		{5336FC79-934A-4C24-B85C-6418F6EF24BF}.Debug|x64.ActiveCfg = Debug|Any CPU
		{5336FC79-934A-4C24-B85C-6418F6EF24BF}.Debug|x64.Build.0 = Debug|Any CPU
		{5336FC79-934A-4C24-B85C-6418F6EF24BF}.Debug|x86.ActiveCfg = Debug|Any CPU
		{5336FC79-934A-4C24-B85C-6418F6EF24BF}.Debug|x86.Build.0 = Debug|Any CPU
		{5336FC79-934A-4C24-B85C-6418F6EF24BF}.Release|Any CPU.ActiveCfg = Release|Any CPU
		{5336FC79-934A-4C24-B85C-6418F6EF24BF}.Release|Any CPU.Build.0 = Release|Any CPU
		{5336FC79-934A-4C24-B85C-6418F6EF24BF}.Release|x64.ActiveCfg = Release|Any CPU
		{5336FC79-934A-4C24-B85C-6418F6EF24BF}.Release|x64.Build.0 = Release|Any CPU
		{5336FC79-934A-4C24-B85C-6418F6EF24BF}.Release|x86.ActiveCfg = Release|Any CPU
		{5336FC79-934A-4C24-B85C-6418F6EF24BF}.Release|x86.Build.0 = Release|Any CPU
	EndGlobalSection
	GlobalSection(SolutionProperties) = preSolution
		HideSolutionNode = FALSE
	EndGlobalSection
	GlobalSection(NestedProjects) = preSolution
		{90600F6F-A7B4-4B1D-A846-5DCF252670FE} = {F8C8BC27-EC4B-4793-B5BA-5B5B8245EC19}
		{BEB0537B-3D26-4BC1-81EC-7E93A846DFEA} = {79172E02-82FD-4DD6-94A3-79B1A0D95D87}
		{E63CE81A-3CF7-4EAC-9A8A-B68F46069B35} = {94D3C7D3-08C6-40A9-8983-AB98DDBE2C83}
		{C8907F98-D8F3-4D90-A293-E6D248D3970A} = {94D3C7D3-08C6-40A9-8983-AB98DDBE2C83}
		{410DD67C-DEE8-4FAF-BD48-6842A57A7267} = {94D3C7D3-08C6-40A9-8983-AB98DDBE2C83}
		{2330B1B7-943C-4B5F-B88D-60C24A37B298} = {94D3C7D3-08C6-40A9-8983-AB98DDBE2C83}
		{6494B97F-B93E-4A57-BA9E-29CDF1AC7F4E} = {79172E02-82FD-4DD6-94A3-79B1A0D95D87}
		{04009E2D-9E54-423F-B6F0-62E15F1C8AE8} = {90600F6F-A7B4-4B1D-A846-5DCF252670FE}
		{CC1FF81E-F694-4B1B-9E04-3DEB2DE00B6A} = {90600F6F-A7B4-4B1D-A846-5DCF252670FE}
		{0E9B62BC-442C-440A-86A8-B9F2ECE40209} = {90600F6F-A7B4-4B1D-A846-5DCF252670FE}
		{D69325FA-A62E-45F4-9E6C-E27C33552522} = {F8C8BC27-EC4B-4793-B5BA-5B5B8245EC19}
		{31C3B4A7-504B-4EFF-BACC-C8F2FFE5AF6F} = {F8C8BC27-EC4B-4793-B5BA-5B5B8245EC19}
		{7696262E-45FC-4F68-A65E-468CD988CBC2} = {F8C8BC27-EC4B-4793-B5BA-5B5B8245EC19}
		{49E5D7F0-76FD-4CF9-BFED-F67F510DE445} = {F8C8BC27-EC4B-4793-B5BA-5B5B8245EC19}
		{78147C43-DB7B-4571-BC7A-E7F0075B4B78} = {66A9F226-2487-49A7-8EC6-4ECC0D6DC0AD}
		{66A9F226-2487-49A7-8EC6-4ECC0D6DC0AD} = {F8C8BC27-EC4B-4793-B5BA-5B5B8245EC19}
		{A0FF3866-1835-4BE9-A22A-925B31A5F54D} = {F8C8BC27-EC4B-4793-B5BA-5B5B8245EC19}
		{34186C3B-C308-4CAE-B462-DB7B5F5E378C} = {F8C8BC27-EC4B-4793-B5BA-5B5B8245EC19}
		{37619116-CCE8-465A-8B1F-081CA53364BB} = {F8C8BC27-EC4B-4793-B5BA-5B5B8245EC19}
		{9079FF0B-C29D-4EF6-8ED7-9DF7E1BD1FF8} = {F8C8BC27-EC4B-4793-B5BA-5B5B8245EC19}
		{EC61D2C4-7EAB-474F-9C4F-D93DE57A64F1} = {F8C8BC27-EC4B-4793-B5BA-5B5B8245EC19}
		{0784CDC9-0F52-4B8B-9488-6589C11E94E2} = {F8C8BC27-EC4B-4793-B5BA-5B5B8245EC19}
		{A166674C-7FBA-43CC-BE79-70A2650647FF} = {F8C8BC27-EC4B-4793-B5BA-5B5B8245EC19}
		{77B5CB63-E14B-4253-881D-6BE9D7C57076} = {F8C8BC27-EC4B-4793-B5BA-5B5B8245EC19}
		{ADBF1B2B-9598-4658-A5BD-C3864A7FD414} = {F1FBD8C8-A63A-475C-8B70-163B992F1BD8}
		{5336FC79-934A-4C24-B85C-6418F6EF24BF} = {79172E02-82FD-4DD6-94A3-79B1A0D95D87}
	EndGlobalSection
	GlobalSection(ExtensibilityGlobals) = postSolution
		SolutionGuid = {BDF441C0-CD96-494C-ABD6-2B9C5B0D2FC6}
	EndGlobalSection
EndGlobal
