
Microsoft Visual Studio Solution File, Format Version 12.00
# Visual Studio Version 17
VisualStudioVersion = 17.7.33711.374
MinimumVisualStudioVersion = 10.0.40219.1
Project("{FAE04EC0-301F-11D3-BF4B-00C04F79EFBC}") = "EASYTools.HighlightTextBox", "EASYTool.HighlightTextBox\EASYTools.HighlightTextBox.csproj", "{D69325FA-A62E-45F4-9E6C-E27C33552522}"
EndProject
Project("{FAE04EC0-301F-11D3-BF4B-00C04F79EFBC}") = "EASYTools.Calendar", "EASYTools.Calendar\EASYTools.Calendar.csproj", "{31C3B4A7-504B-4EFF-BACC-C8F2FFE5AF6F}"
EndProject
Project("{FAE04EC0-301F-11D3-BF4B-00C04F79EFBC}") = "EASYTools.CrashReporter", "EASYTools.CrashReporter\EASYTools.CrashReporter.csproj", "{7696262E-45FC-4F68-A65E-468CD988CBC2}"
EndProject
Project("{9A19103F-16F7-4668-BE54-9A1E7A4F7556}") = "EASYTools.GetIPOwnerInfoTool", "EASYTools.GetIPOwnerInfoTool\EASYTools.GetIPOwnerInfoTool.csproj", "{B675F044-90E7-4DCE-A361-E0471E63394F}"
EndProject
Project("{FAE04EC0-301F-11D3-BF4B-00C04F79EFBC}") = "EASYTools.HTMLEditorNoImg", "EASYTools.HTMLEditorNoImg\EASYTools.HTMLEditorNoImg.csproj", "{78147C43-DB7B-4571-BC7A-E7F0075B4B78}"
EndProject
Project("{FAE04EC0-301F-11D3-BF4B-00C04F79EFBC}") = "EASYTools.HTMLFullEditor", "EASYTools.HTMLFullEditor\EASYTools.HTMLFullEditor\EASYTools.HTMLFullEditor.csproj", "{04009E2D-9E54-423F-B6F0-62E15F1C8AE8}"
EndProject
Project("{FAE04EC0-301F-11D3-BF4B-00C04F79EFBC}") = "EASYTools.HTMLFullEditor.Locale.Default", "EASYTools.HTMLFullEditor\EASYTools.HTMLFullEditor.Locale.Default\EASYTools.HTMLFullEditor.Locale.Default.csproj", "{CC1FF81E-F694-4B1B-9E04-3DEB2DE00B6A}"
EndProject
Project("{FAE04EC0-301F-11D3-BF4B-00C04F79EFBC}") = "EASYTools.HTMLFullEditor.Locale.Override", "EASYTools.HTMLFullEditor\EASYTools.HTMLFullEditor.Locale.Override\EASYTools.HTMLFullEditor.Locale.Override.csproj", "{0E9B62BC-442C-440A-86A8-B9F2ECE40209}"
EndProject
Project("{9A19103F-16F7-4668-BE54-9A1E7A4F7556}") = "EASYTools.ImageEffectLibrary", "EASYTools.ImageEffectLibrary\EASYTools.ImageEffectLibrary.csproj", "{69281D9E-BB26-477E-84D9-5CC0A3009B5E}"
EndProject
Project("{FAE04EC0-301F-11D3-BF4B-00C04F79EFBC}") = "EASYTools.MarkdownToFlow", "EASYTools.MarkdownToFlow\EASYTools.MarkdownToFlow.csproj", "{34186C3B-C308-4CAE-B462-DB7B5F5E378C}"
EndProject
Project("{FAE04EC0-301F-11D3-BF4B-00C04F79EFBC}") = "EASYTools.MarkdownToHtml", "EASYTools.MarkdownToHtml\EASYTools.MarkdownToHtml.csproj", "{37619116-CCE8-465A-8B1F-081CA53364BB}"
EndProject
Project("{9A19103F-16F7-4668-BE54-9A1E7A4F7556}") = "EASYTools.ReplaceInFilesTool", "EASYTools.ReplaceInFiles\EASYTools.ReplaceInFilesTool.csproj", "{72971B61-BC83-41CE-8F54-58AF50D8B3F5}"
EndProject
Project("{FAE04EC0-301F-11D3-BF4B-00C04F79EFBC}") = "EASYTools.SqlConnectionDialog", "EASYTools.SqlConnectionDialog\EASYTools.SqlConnectionDialog.csproj", "{EC61D2C4-7EAB-474F-9C4F-D93DE57A64F1}"
EndProject
Project("{FAE04EC0-301F-11D3-BF4B-00C04F79EFBC}") = "EASYTools.TouchKeyboard", "EASYTools.TouchKeyboard\EASYTools.TouchKeyboard.csproj", "{0784CDC9-0F52-4B8B-9488-6589C11E94E2}"
EndProject
Project("{FAE04EC0-301F-11D3-BF4B-00C04F79EFBC}") = "EASYTools.VNCClient", "EASYTools.VNCClient\EASYTools.VNCClient.csproj", "{A166674C-7FBA-43CC-BE79-70A2650647FF}"
EndProject
Project("{FAE04EC0-301F-11D3-BF4B-00C04F79EFBC}") = "EASYTools.VNCLib", "EASYTools.VNCLib\EASYTools.VNCLib.csproj", "{77B5CB63-E14B-4253-881D-6BE9D7C57076}"
EndProject
Global
	GlobalSection(SolutionConfigurationPlatforms) = preSolution
		Analysis|Any CPU = Analysis|Any CPU
		Analysis|x86 = Analysis|x86
		Debug|Any CPU = Debug|Any CPU
		Debug|x86 = Debug|x86
		Release|Any CPU = Release|Any CPU
		Release|x86 = Release|x86
	EndGlobalSection
	GlobalSection(ProjectConfigurationPlatforms) = postSolution
		{D69325FA-A62E-45F4-9E6C-E27C33552522}.Analysis|Any CPU.ActiveCfg = Debug|Any CPU
		{D69325FA-A62E-45F4-9E6C-E27C33552522}.Analysis|Any CPU.Build.0 = Debug|Any CPU
		{D69325FA-A62E-45F4-9E6C-E27C33552522}.Analysis|x86.ActiveCfg = Debug|Any CPU
		{D69325FA-A62E-45F4-9E6C-E27C33552522}.Analysis|x86.Build.0 = Debug|Any CPU
		{D69325FA-A62E-45F4-9E6C-E27C33552522}.Debug|Any CPU.ActiveCfg = Debug|Any CPU
		{D69325FA-A62E-45F4-9E6C-E27C33552522}.Debug|Any CPU.Build.0 = Debug|Any CPU
		{D69325FA-A62E-45F4-9E6C-E27C33552522}.Debug|x86.ActiveCfg = Debug|Any CPU
		{D69325FA-A62E-45F4-9E6C-E27C33552522}.Debug|x86.Build.0 = Debug|Any CPU
		{D69325FA-A62E-45F4-9E6C-E27C33552522}.Release|Any CPU.ActiveCfg = Release|Any CPU
		{D69325FA-A62E-45F4-9E6C-E27C33552522}.Release|Any CPU.Build.0 = Release|Any CPU
		{D69325FA-A62E-45F4-9E6C-E27C33552522}.Release|x86.ActiveCfg = Release|Any CPU
		{D69325FA-A62E-45F4-9E6C-E27C33552522}.Release|x86.Build.0 = Release|Any CPU
		{31C3B4A7-504B-4EFF-BACC-C8F2FFE5AF6F}.Analysis|Any CPU.ActiveCfg = Debug|Any CPU
		{31C3B4A7-504B-4EFF-BACC-C8F2FFE5AF6F}.Analysis|Any CPU.Build.0 = Debug|Any CPU
		{31C3B4A7-504B-4EFF-BACC-C8F2FFE5AF6F}.Analysis|x86.ActiveCfg = Debug|Any CPU
		{31C3B4A7-504B-4EFF-BACC-C8F2FFE5AF6F}.Analysis|x86.Build.0 = Debug|Any CPU
		{31C3B4A7-504B-4EFF-BACC-C8F2FFE5AF6F}.Debug|Any CPU.ActiveCfg = Debug|Any CPU
		{31C3B4A7-504B-4EFF-BACC-C8F2FFE5AF6F}.Debug|Any CPU.Build.0 = Debug|Any CPU
		{31C3B4A7-504B-4EFF-BACC-C8F2FFE5AF6F}.Debug|x86.ActiveCfg = Debug|Any CPU
		{31C3B4A7-504B-4EFF-BACC-C8F2FFE5AF6F}.Debug|x86.Build.0 = Debug|Any CPU
		{31C3B4A7-504B-4EFF-BACC-C8F2FFE5AF6F}.Release|Any CPU.ActiveCfg = Release|Any CPU
		{31C3B4A7-504B-4EFF-BACC-C8F2FFE5AF6F}.Release|Any CPU.Build.0 = Release|Any CPU
		{31C3B4A7-504B-4EFF-BACC-C8F2FFE5AF6F}.Release|x86.ActiveCfg = Release|Any CPU
		{31C3B4A7-504B-4EFF-BACC-C8F2FFE5AF6F}.Release|x86.Build.0 = Release|Any CPU
		{7696262E-45FC-4F68-A65E-468CD988CBC2}.Analysis|Any CPU.ActiveCfg = Debug|Any CPU
		{7696262E-45FC-4F68-A65E-468CD988CBC2}.Analysis|Any CPU.Build.0 = Debug|Any CPU
		{7696262E-45FC-4F68-A65E-468CD988CBC2}.Analysis|x86.ActiveCfg = Debug|Any CPU
		{7696262E-45FC-4F68-A65E-468CD988CBC2}.Analysis|x86.Build.0 = Debug|Any CPU
		{7696262E-45FC-4F68-A65E-468CD988CBC2}.Debug|Any CPU.ActiveCfg = Debug|Any CPU
		{7696262E-45FC-4F68-A65E-468CD988CBC2}.Debug|Any CPU.Build.0 = Debug|Any CPU
		{7696262E-45FC-4F68-A65E-468CD988CBC2}.Debug|x86.ActiveCfg = Debug|Any CPU
		{7696262E-45FC-4F68-A65E-468CD988CBC2}.Debug|x86.Build.0 = Debug|Any CPU
		{7696262E-45FC-4F68-A65E-468CD988CBC2}.Release|Any CPU.ActiveCfg = Release|Any CPU
		{7696262E-45FC-4F68-A65E-468CD988CBC2}.Release|Any CPU.Build.0 = Release|Any CPU
		{7696262E-45FC-4F68-A65E-468CD988CBC2}.Release|x86.ActiveCfg = Release|Any CPU
		{7696262E-45FC-4F68-A65E-468CD988CBC2}.Release|x86.Build.0 = Release|Any CPU
		{B675F044-90E7-4DCE-A361-E0471E63394F}.Analysis|Any CPU.ActiveCfg = Debug|Any CPU
		{B675F044-90E7-4DCE-A361-E0471E63394F}.Analysis|Any CPU.Build.0 = Debug|Any CPU
		{B675F044-90E7-4DCE-A361-E0471E63394F}.Analysis|x86.ActiveCfg = Debug|Any CPU
		{B675F044-90E7-4DCE-A361-E0471E63394F}.Analysis|x86.Build.0 = Debug|Any CPU
		{B675F044-90E7-4DCE-A361-E0471E63394F}.Debug|Any CPU.ActiveCfg = Debug|Any CPU
		{B675F044-90E7-4DCE-A361-E0471E63394F}.Debug|Any CPU.Build.0 = Debug|Any CPU
		{B675F044-90E7-4DCE-A361-E0471E63394F}.Debug|x86.ActiveCfg = Debug|Any CPU
		{B675F044-90E7-4DCE-A361-E0471E63394F}.Debug|x86.Build.0 = Debug|Any CPU
		{B675F044-90E7-4DCE-A361-E0471E63394F}.Release|Any CPU.ActiveCfg = Release|Any CPU
		{B675F044-90E7-4DCE-A361-E0471E63394F}.Release|Any CPU.Build.0 = Release|Any CPU
		{B675F044-90E7-4DCE-A361-E0471E63394F}.Release|x86.ActiveCfg = Release|Any CPU
		{B675F044-90E7-4DCE-A361-E0471E63394F}.Release|x86.Build.0 = Release|Any CPU
		{78147C43-DB7B-4571-BC7A-E7F0075B4B78}.Analysis|Any CPU.ActiveCfg = Debug|Any CPU
		{78147C43-DB7B-4571-BC7A-E7F0075B4B78}.Analysis|Any CPU.Build.0 = Debug|Any CPU
		{78147C43-DB7B-4571-BC7A-E7F0075B4B78}.Analysis|x86.ActiveCfg = Debug|Any CPU
		{78147C43-DB7B-4571-BC7A-E7F0075B4B78}.Analysis|x86.Build.0 = Debug|Any CPU
		{78147C43-DB7B-4571-BC7A-E7F0075B4B78}.Debug|Any CPU.ActiveCfg = Debug|Any CPU
		{78147C43-DB7B-4571-BC7A-E7F0075B4B78}.Debug|Any CPU.Build.0 = Debug|Any CPU
		{78147C43-DB7B-4571-BC7A-E7F0075B4B78}.Debug|x86.ActiveCfg = Debug|Any CPU
		{78147C43-DB7B-4571-BC7A-E7F0075B4B78}.Debug|x86.Build.0 = Debug|Any CPU
		{78147C43-DB7B-4571-BC7A-E7F0075B4B78}.Release|Any CPU.ActiveCfg = Release|Any CPU
		{78147C43-DB7B-4571-BC7A-E7F0075B4B78}.Release|Any CPU.Build.0 = Release|Any CPU
		{78147C43-DB7B-4571-BC7A-E7F0075B4B78}.Release|x86.ActiveCfg = Release|Any CPU
		{78147C43-DB7B-4571-BC7A-E7F0075B4B78}.Release|x86.Build.0 = Release|Any CPU
		{04009E2D-9E54-423F-B6F0-62E15F1C8AE8}.Analysis|Any CPU.ActiveCfg = Debug|Any CPU
		{04009E2D-9E54-423F-B6F0-62E15F1C8AE8}.Analysis|Any CPU.Build.0 = Debug|Any CPU
		{04009E2D-9E54-423F-B6F0-62E15F1C8AE8}.Analysis|x86.ActiveCfg = Debug|Any CPU
		{04009E2D-9E54-423F-B6F0-62E15F1C8AE8}.Analysis|x86.Build.0 = Debug|Any CPU
		{04009E2D-9E54-423F-B6F0-62E15F1C8AE8}.Debug|Any CPU.ActiveCfg = Debug|Any CPU
		{04009E2D-9E54-423F-B6F0-62E15F1C8AE8}.Debug|Any CPU.Build.0 = Debug|Any CPU
		{04009E2D-9E54-423F-B6F0-62E15F1C8AE8}.Debug|x86.ActiveCfg = Debug|Any CPU
		{04009E2D-9E54-423F-B6F0-62E15F1C8AE8}.Debug|x86.Build.0 = Debug|Any CPU
		{04009E2D-9E54-423F-B6F0-62E15F1C8AE8}.Release|Any CPU.ActiveCfg = Release|Any CPU
		{04009E2D-9E54-423F-B6F0-62E15F1C8AE8}.Release|Any CPU.Build.0 = Release|Any CPU
		{04009E2D-9E54-423F-B6F0-62E15F1C8AE8}.Release|x86.ActiveCfg = Release|Any CPU
		{04009E2D-9E54-423F-B6F0-62E15F1C8AE8}.Release|x86.Build.0 = Release|Any CPU
		{CC1FF81E-F694-4B1B-9E04-3DEB2DE00B6A}.Analysis|Any CPU.ActiveCfg = Debug|Any CPU
		{CC1FF81E-F694-4B1B-9E04-3DEB2DE00B6A}.Analysis|Any CPU.Build.0 = Debug|Any CPU
		{CC1FF81E-F694-4B1B-9E04-3DEB2DE00B6A}.Analysis|x86.ActiveCfg = Debug|Any CPU
		{CC1FF81E-F694-4B1B-9E04-3DEB2DE00B6A}.Analysis|x86.Build.0 = Debug|Any CPU
		{CC1FF81E-F694-4B1B-9E04-3DEB2DE00B6A}.Debug|Any CPU.ActiveCfg = Debug|Any CPU
		{CC1FF81E-F694-4B1B-9E04-3DEB2DE00B6A}.Debug|Any CPU.Build.0 = Debug|Any CPU
		{CC1FF81E-F694-4B1B-9E04-3DEB2DE00B6A}.Debug|x86.ActiveCfg = Debug|Any CPU
		{CC1FF81E-F694-4B1B-9E04-3DEB2DE00B6A}.Debug|x86.Build.0 = Debug|Any CPU
		{CC1FF81E-F694-4B1B-9E04-3DEB2DE00B6A}.Release|Any CPU.ActiveCfg = Release|Any CPU
		{CC1FF81E-F694-4B1B-9E04-3DEB2DE00B6A}.Release|Any CPU.Build.0 = Release|Any CPU
		{CC1FF81E-F694-4B1B-9E04-3DEB2DE00B6A}.Release|x86.ActiveCfg = Release|Any CPU
		{CC1FF81E-F694-4B1B-9E04-3DEB2DE00B6A}.Release|x86.Build.0 = Release|Any CPU
		{0E9B62BC-442C-440A-86A8-B9F2ECE40209}.Analysis|Any CPU.ActiveCfg = Debug|Any CPU
		{0E9B62BC-442C-440A-86A8-B9F2ECE40209}.Analysis|Any CPU.Build.0 = Debug|Any CPU
		{0E9B62BC-442C-440A-86A8-B9F2ECE40209}.Analysis|x86.ActiveCfg = Debug|Any CPU
		{0E9B62BC-442C-440A-86A8-B9F2ECE40209}.Analysis|x86.Build.0 = Debug|Any CPU
		{0E9B62BC-442C-440A-86A8-B9F2ECE40209}.Debug|Any CPU.ActiveCfg = Debug|Any CPU
		{0E9B62BC-442C-440A-86A8-B9F2ECE40209}.Debug|Any CPU.Build.0 = Debug|Any CPU
		{0E9B62BC-442C-440A-86A8-B9F2ECE40209}.Debug|x86.ActiveCfg = Debug|Any CPU
		{0E9B62BC-442C-440A-86A8-B9F2ECE40209}.Debug|x86.Build.0 = Debug|Any CPU
		{0E9B62BC-442C-440A-86A8-B9F2ECE40209}.Release|Any CPU.ActiveCfg = Release|Any CPU
		{0E9B62BC-442C-440A-86A8-B9F2ECE40209}.Release|Any CPU.Build.0 = Release|Any CPU
		{0E9B62BC-442C-440A-86A8-B9F2ECE40209}.Release|x86.ActiveCfg = Release|Any CPU
		{0E9B62BC-442C-440A-86A8-B9F2ECE40209}.Release|x86.Build.0 = Release|Any CPU
		{69281D9E-BB26-477E-84D9-5CC0A3009B5E}.Analysis|Any CPU.ActiveCfg = Debug|Any CPU
		{69281D9E-BB26-477E-84D9-5CC0A3009B5E}.Analysis|Any CPU.Build.0 = Debug|Any CPU
		{69281D9E-BB26-477E-84D9-5CC0A3009B5E}.Analysis|x86.ActiveCfg = Debug|Any CPU
		{69281D9E-BB26-477E-84D9-5CC0A3009B5E}.Analysis|x86.Build.0 = Debug|Any CPU
		{69281D9E-BB26-477E-84D9-5CC0A3009B5E}.Debug|Any CPU.ActiveCfg = Debug|Any CPU
		{69281D9E-BB26-477E-84D9-5CC0A3009B5E}.Debug|Any CPU.Build.0 = Debug|Any CPU
		{69281D9E-BB26-477E-84D9-5CC0A3009B5E}.Debug|x86.ActiveCfg = Debug|Any CPU
		{69281D9E-BB26-477E-84D9-5CC0A3009B5E}.Debug|x86.Build.0 = Debug|Any CPU
		{69281D9E-BB26-477E-84D9-5CC0A3009B5E}.Release|Any CPU.ActiveCfg = Release|Any CPU
		{69281D9E-BB26-477E-84D9-5CC0A3009B5E}.Release|Any CPU.Build.0 = Release|Any CPU
		{69281D9E-BB26-477E-84D9-5CC0A3009B5E}.Release|x86.ActiveCfg = Release|Any CPU
		{69281D9E-BB26-477E-84D9-5CC0A3009B5E}.Release|x86.Build.0 = Release|Any CPU
		{34186C3B-C308-4CAE-B462-DB7B5F5E378C}.Analysis|Any CPU.ActiveCfg = Analysis|Any CPU
		{34186C3B-C308-4CAE-B462-DB7B5F5E378C}.Analysis|Any CPU.Build.0 = Analysis|Any CPU
		{34186C3B-C308-4CAE-B462-DB7B5F5E378C}.Analysis|x86.ActiveCfg = Analysis|Any CPU
		{34186C3B-C308-4CAE-B462-DB7B5F5E378C}.Analysis|x86.Build.0 = Analysis|Any CPU
		{34186C3B-C308-4CAE-B462-DB7B5F5E378C}.Debug|Any CPU.ActiveCfg = Debug|Any CPU
		{34186C3B-C308-4CAE-B462-DB7B5F5E378C}.Debug|Any CPU.Build.0 = Debug|Any CPU
		{34186C3B-C308-4CAE-B462-DB7B5F5E378C}.Debug|x86.ActiveCfg = Debug|Any CPU
		{34186C3B-C308-4CAE-B462-DB7B5F5E378C}.Debug|x86.Build.0 = Debug|Any CPU
		{34186C3B-C308-4CAE-B462-DB7B5F5E378C}.Release|Any CPU.ActiveCfg = Release|Any CPU
		{34186C3B-C308-4CAE-B462-DB7B5F5E378C}.Release|Any CPU.Build.0 = Release|Any CPU
		{34186C3B-C308-4CAE-B462-DB7B5F5E378C}.Release|x86.ActiveCfg = Release|Any CPU
		{34186C3B-C308-4CAE-B462-DB7B5F5E378C}.Release|x86.Build.0 = Release|Any CPU
		{37619116-CCE8-465A-8B1F-081CA53364BB}.Analysis|Any CPU.ActiveCfg = Debug|Any CPU
		{37619116-CCE8-465A-8B1F-081CA53364BB}.Analysis|Any CPU.Build.0 = Debug|Any CPU
		{37619116-CCE8-465A-8B1F-081CA53364BB}.Analysis|x86.ActiveCfg = Debug|Any CPU
		{37619116-CCE8-465A-8B1F-081CA53364BB}.Analysis|x86.Build.0 = Debug|Any CPU
		{37619116-CCE8-465A-8B1F-081CA53364BB}.Debug|Any CPU.ActiveCfg = Debug|Any CPU
		{37619116-CCE8-465A-8B1F-081CA53364BB}.Debug|Any CPU.Build.0 = Debug|Any CPU
		{37619116-CCE8-465A-8B1F-081CA53364BB}.Debug|x86.ActiveCfg = Debug|Any CPU
		{37619116-CCE8-465A-8B1F-081CA53364BB}.Debug|x86.Build.0 = Debug|Any CPU
		{37619116-CCE8-465A-8B1F-081CA53364BB}.Release|Any CPU.ActiveCfg = Release|Any CPU
		{37619116-CCE8-465A-8B1F-081CA53364BB}.Release|Any CPU.Build.0 = Release|Any CPU
		{37619116-CCE8-465A-8B1F-081CA53364BB}.Release|x86.ActiveCfg = Release|Any CPU
		{37619116-CCE8-465A-8B1F-081CA53364BB}.Release|x86.Build.0 = Release|Any CPU
		{72971B61-BC83-41CE-8F54-58AF50D8B3F5}.Analysis|Any CPU.ActiveCfg = Debug|Any CPU
		{72971B61-BC83-41CE-8F54-58AF50D8B3F5}.Analysis|Any CPU.Build.0 = Debug|Any CPU
		{72971B61-BC83-41CE-8F54-58AF50D8B3F5}.Analysis|x86.ActiveCfg = Debug|Any CPU
		{72971B61-BC83-41CE-8F54-58AF50D8B3F5}.Analysis|x86.Build.0 = Debug|Any CPU
		{72971B61-BC83-41CE-8F54-58AF50D8B3F5}.Debug|Any CPU.ActiveCfg = Debug|Any CPU
		{72971B61-BC83-41CE-8F54-58AF50D8B3F5}.Debug|Any CPU.Build.0 = Debug|Any CPU
		{72971B61-BC83-41CE-8F54-58AF50D8B3F5}.Debug|x86.ActiveCfg = Debug|Any CPU
		{72971B61-BC83-41CE-8F54-58AF50D8B3F5}.Debug|x86.Build.0 = Debug|Any CPU
		{72971B61-BC83-41CE-8F54-58AF50D8B3F5}.Release|Any CPU.ActiveCfg = Release|Any CPU
		{72971B61-BC83-41CE-8F54-58AF50D8B3F5}.Release|Any CPU.Build.0 = Release|Any CPU
		{72971B61-BC83-41CE-8F54-58AF50D8B3F5}.Release|x86.ActiveCfg = Release|Any CPU
		{72971B61-BC83-41CE-8F54-58AF50D8B3F5}.Release|x86.Build.0 = Release|Any CPU
		{EC61D2C4-7EAB-474F-9C4F-D93DE57A64F1}.Analysis|Any CPU.ActiveCfg = Debug|Any CPU
		{EC61D2C4-7EAB-474F-9C4F-D93DE57A64F1}.Analysis|Any CPU.Build.0 = Debug|Any CPU
		{EC61D2C4-7EAB-474F-9C4F-D93DE57A64F1}.Analysis|x86.ActiveCfg = Debug|Any CPU
		{EC61D2C4-7EAB-474F-9C4F-D93DE57A64F1}.Analysis|x86.Build.0 = Debug|Any CPU
		{EC61D2C4-7EAB-474F-9C4F-D93DE57A64F1}.Debug|Any CPU.ActiveCfg = Debug|Any CPU
		{EC61D2C4-7EAB-474F-9C4F-D93DE57A64F1}.Debug|Any CPU.Build.0 = Debug|Any CPU
		{EC61D2C4-7EAB-474F-9C4F-D93DE57A64F1}.Debug|x86.ActiveCfg = Debug|Any CPU
		{EC61D2C4-7EAB-474F-9C4F-D93DE57A64F1}.Debug|x86.Build.0 = Debug|Any CPU
		{EC61D2C4-7EAB-474F-9C4F-D93DE57A64F1}.Release|Any CPU.ActiveCfg = Release|Any CPU
		{EC61D2C4-7EAB-474F-9C4F-D93DE57A64F1}.Release|Any CPU.Build.0 = Release|Any CPU
		{EC61D2C4-7EAB-474F-9C4F-D93DE57A64F1}.Release|x86.ActiveCfg = Release|Any CPU
		{EC61D2C4-7EAB-474F-9C4F-D93DE57A64F1}.Release|x86.Build.0 = Release|Any CPU
		{0784CDC9-0F52-4B8B-9488-6589C11E94E2}.Analysis|Any CPU.ActiveCfg = Debug|Any CPU
		{0784CDC9-0F52-4B8B-9488-6589C11E94E2}.Analysis|Any CPU.Build.0 = Debug|Any CPU
		{0784CDC9-0F52-4B8B-9488-6589C11E94E2}.Analysis|x86.ActiveCfg = Debug|Any CPU
		{0784CDC9-0F52-4B8B-9488-6589C11E94E2}.Analysis|x86.Build.0 = Debug|Any CPU
		{0784CDC9-0F52-4B8B-9488-6589C11E94E2}.Debug|Any CPU.ActiveCfg = Debug|Any CPU
		{0784CDC9-0F52-4B8B-9488-6589C11E94E2}.Debug|Any CPU.Build.0 = Debug|Any CPU
		{0784CDC9-0F52-4B8B-9488-6589C11E94E2}.Debug|x86.ActiveCfg = Debug|Any CPU
		{0784CDC9-0F52-4B8B-9488-6589C11E94E2}.Debug|x86.Build.0 = Debug|Any CPU
		{0784CDC9-0F52-4B8B-9488-6589C11E94E2}.Release|Any CPU.ActiveCfg = Release|Any CPU
		{0784CDC9-0F52-4B8B-9488-6589C11E94E2}.Release|Any CPU.Build.0 = Release|Any CPU
		{0784CDC9-0F52-4B8B-9488-6589C11E94E2}.Release|x86.ActiveCfg = Release|Any CPU
		{0784CDC9-0F52-4B8B-9488-6589C11E94E2}.Release|x86.Build.0 = Release|Any CPU
		{A166674C-7FBA-43CC-BE79-70A2650647FF}.Analysis|Any CPU.ActiveCfg = Debug|x86
		{A166674C-7FBA-43CC-BE79-70A2650647FF}.Analysis|Any CPU.Build.0 = Debug|x86
		{A166674C-7FBA-43CC-BE79-70A2650647FF}.Analysis|x86.ActiveCfg = Debug|x86
		{A166674C-7FBA-43CC-BE79-70A2650647FF}.Analysis|x86.Build.0 = Debug|x86
		{A166674C-7FBA-43CC-BE79-70A2650647FF}.Debug|Any CPU.ActiveCfg = Debug|x86
		{A166674C-7FBA-43CC-BE79-70A2650647FF}.Debug|Any CPU.Build.0 = Debug|x86
		{A166674C-7FBA-43CC-BE79-70A2650647FF}.Debug|x86.ActiveCfg = Debug|x86
		{A166674C-7FBA-43CC-BE79-70A2650647FF}.Debug|x86.Build.0 = Debug|x86
		{A166674C-7FBA-43CC-BE79-70A2650647FF}.Release|Any CPU.ActiveCfg = Release|x86
		{A166674C-7FBA-43CC-BE79-70A2650647FF}.Release|Any CPU.Build.0 = Release|x86
		{A166674C-7FBA-43CC-BE79-70A2650647FF}.Release|x86.ActiveCfg = Release|x86
		{A166674C-7FBA-43CC-BE79-70A2650647FF}.Release|x86.Build.0 = Release|x86
		{77B5CB63-E14B-4253-881D-6BE9D7C57076}.Analysis|Any CPU.ActiveCfg = Debug|x86
		{77B5CB63-E14B-4253-881D-6BE9D7C57076}.Analysis|Any CPU.Build.0 = Debug|x86
		{77B5CB63-E14B-4253-881D-6BE9D7C57076}.Analysis|x86.ActiveCfg = Debug|x86
		{77B5CB63-E14B-4253-881D-6BE9D7C57076}.Analysis|x86.Build.0 = Debug|x86
		{77B5CB63-E14B-4253-881D-6BE9D7C57076}.Debug|Any CPU.ActiveCfg = Debug|x86
		{77B5CB63-E14B-4253-881D-6BE9D7C57076}.Debug|Any CPU.Build.0 = Debug|x86
		{77B5CB63-E14B-4253-881D-6BE9D7C57076}.Debug|x86.ActiveCfg = Debug|x86
		{77B5CB63-E14B-4253-881D-6BE9D7C57076}.Debug|x86.Build.0 = Debug|x86
		{77B5CB63-E14B-4253-881D-6BE9D7C57076}.Release|Any CPU.ActiveCfg = Release|x86
		{77B5CB63-E14B-4253-881D-6BE9D7C57076}.Release|Any CPU.Build.0 = Release|x86
		{77B5CB63-E14B-4253-881D-6BE9D7C57076}.Release|x86.ActiveCfg = Release|x86
		{77B5CB63-E14B-4253-881D-6BE9D7C57076}.Release|x86.Build.0 = Release|x86
	EndGlobalSection
	GlobalSection(SolutionProperties) = preSolution
		HideSolutionNode = FALSE
	EndGlobalSection
	GlobalSection(ExtensibilityGlobals) = postSolution
		SolutionGuid = {F5BCDBCF-5AC0-469B-B83B-B6E8041C9C10}
	EndGlobalSection
EndGlobal
