
Microsoft Visual Studio Solution File, Format Version 12.00
# Visual Studio Version 17
VisualStudioVersion = 17.10.34607.79
MinimumVisualStudioVersion = 10.0.40219.1
Project("{9A19103F-16F7-4668-BE54-9A1E7A4F7556}") = "ERS.WebApp.Community", "src\Presentation\ERS.WebApp.Community\ERS.WebApp.Community.csproj", "{24B4C9C1-BA6B-4001-99F5-4DBA8A68292F}"
EndProject
Project("{9A19103F-16F7-4668-BE54-9A1E7A4F7556}") = "ERS.Core", "src\ERS.Core\ERS.Core.csproj", "{66ADB500-B987-4708-B4C9-BDAD03CD6111}"
EndProject
Project("{9A19103F-16F7-4668-BE54-9A1E7A4F7556}") = "ERS.Infrastructure", "src\ERS.Infrastructure\ERS.Infrastructure.csproj", "{45FB7C1B-6C78-4B13-86EC-93D0E7510C70}"
EndProject
Project("{9A19103F-16F7-4668-BE54-9A1E7A4F7556}") = "WebExtensions", "src\Extensions\WebExtensions.csproj", "{6E29010E-E80C-4631-B70D-EAD0A993F8CC}"
EndProject
Project("{9A19103F-16F7-4668-BE54-9A1E7A4F7556}") = "ERS.RazorUI", "src\Presentation\ERS.RazorUI\ERS.RazorUI.csproj", "{CC140AA7-E2C5-48DB-ADF3-9642A9A8CA19}"
EndProject
Project("{54A90642-561A-4BB1-A94E-469ADEE60C69}") = "Scripts", "src\Presentation\Scripts\Scripts.esproj", "{800F1225-64AA-41B4-9AB1-35F7E19C28EC}"
EndProject
Global
	GlobalSection(SolutionConfigurationPlatforms) = preSolution
		Debug|Any CPU = Debug|Any CPU
		Release|Any CPU = Release|Any CPU
	EndGlobalSection
	GlobalSection(ProjectConfigurationPlatforms) = postSolution
		{24B4C9C1-BA6B-4001-99F5-4DBA8A68292F}.Debug|Any CPU.ActiveCfg = Debug|Any CPU
		{24B4C9C1-BA6B-4001-99F5-4DBA8A68292F}.Debug|Any CPU.Build.0 = Debug|Any CPU
		{24B4C9C1-BA6B-4001-99F5-4DBA8A68292F}.Release|Any CPU.ActiveCfg = Release|Any CPU
		{24B4C9C1-BA6B-4001-99F5-4DBA8A68292F}.Release|Any CPU.Build.0 = Release|Any CPU
		{66ADB500-B987-4708-B4C9-BDAD03CD6111}.Debug|Any CPU.ActiveCfg = Debug|Any CPU
		{66ADB500-B987-4708-B4C9-BDAD03CD6111}.Debug|Any CPU.Build.0 = Debug|Any CPU
		{66ADB500-B987-4708-B4C9-BDAD03CD6111}.Release|Any CPU.ActiveCfg = Release|Any CPU
		{66ADB500-B987-4708-B4C9-BDAD03CD6111}.Release|Any CPU.Build.0 = Release|Any CPU
		{45FB7C1B-6C78-4B13-86EC-93D0E7510C70}.Debug|Any CPU.ActiveCfg = Debug|Any CPU
		{45FB7C1B-6C78-4B13-86EC-93D0E7510C70}.Debug|Any CPU.Build.0 = Debug|Any CPU
		{45FB7C1B-6C78-4B13-86EC-93D0E7510C70}.Release|Any CPU.ActiveCfg = Release|Any CPU
		{45FB7C1B-6C78-4B13-86EC-93D0E7510C70}.Release|Any CPU.Build.0 = Release|Any CPU
		{6E29010E-E80C-4631-B70D-EAD0A993F8CC}.Debug|Any CPU.ActiveCfg = Debug|Any CPU
		{6E29010E-E80C-4631-B70D-EAD0A993F8CC}.Debug|Any CPU.Build.0 = Debug|Any CPU
		{6E29010E-E80C-4631-B70D-EAD0A993F8CC}.Release|Any CPU.ActiveCfg = Release|Any CPU
		{6E29010E-E80C-4631-B70D-EAD0A993F8CC}.Release|Any CPU.Build.0 = Release|Any CPU
		{CC140AA7-E2C5-48DB-ADF3-9642A9A8CA19}.Debug|Any CPU.ActiveCfg = Debug|Any CPU
		{CC140AA7-E2C5-48DB-ADF3-9642A9A8CA19}.Debug|Any CPU.Build.0 = Debug|Any CPU
		{CC140AA7-E2C5-48DB-ADF3-9642A9A8CA19}.Release|Any CPU.ActiveCfg = Release|Any CPU
		{CC140AA7-E2C5-48DB-ADF3-9642A9A8CA19}.Release|Any CPU.Build.0 = Release|Any CPU
		{800F1225-64AA-41B4-9AB1-35F7E19C28EC}.Debug|Any CPU.ActiveCfg = Debug|Any CPU
		{800F1225-64AA-41B4-9AB1-35F7E19C28EC}.Debug|Any CPU.Build.0 = Debug|Any CPU
		{800F1225-64AA-41B4-9AB1-35F7E19C28EC}.Debug|Any CPU.Deploy.0 = Debug|Any CPU
		{800F1225-64AA-41B4-9AB1-35F7E19C28EC}.Release|Any CPU.ActiveCfg = Release|Any CPU
		{800F1225-64AA-41B4-9AB1-35F7E19C28EC}.Release|Any CPU.Build.0 = Release|Any CPU
		{800F1225-64AA-41B4-9AB1-35F7E19C28EC}.Release|Any CPU.Deploy.0 = Release|Any CPU
	EndGlobalSection
	GlobalSection(SolutionProperties) = preSolution
		HideSolutionNode = FALSE
	EndGlobalSection
	GlobalSection(ExtensibilityGlobals) = postSolution
		SolutionGuid = {52FF2CAA-D4FA-4C0C-88B6-5BF70A930269}
	EndGlobalSection
EndGlobal
